{
  "version": 4,
  "terraform_version": "1.11.4",
  "serial": 12,
  "lineage": "b3edec51-b292-4fd6-7668-8690f5e13661",
  "outputs": {},
  "resources": [
    {
      "mode": "data",
      "type": "terraform_remote_state",
      "name": "foundation",
      "provider": "provider[\"terraform.io/builtin/terraform\"]",
      "instances": [
        {
          "schema_version": 0,
          "attributes": {
            "backend": "s3",
            "config": {
              "value": {
                "bucket": "ohio-01-terraform-state-production",
                "key": "providers/aws/regions/us-east-2/layers/01-foundation/production/terraform.tfstate",
                "region": "us-east-2"
              },
              "type": [
                "object",
                {
                  "bucket": "string",
                  "key": "string",
                  "region": "string"
                }
              ]
            },
            "defaults": null,
            "outputs": {
              "value": {
                "availability_zones": [
                  "us-east-2a",
                  "us-east-2b"
                ],
                "nat_gateway_ids": [
                  "nat-06d4f72f600fb91c2",
                  "nat-0807c9e96bfbe88e2"
                ],
                "nat_gateway_public_ips": [
                  "3.20.248.232",
                  "3.131.16.251"
                ],
                "platform_subnet_cidr_blocks": [
                  "172.16.4.0/22",
                  "172.16.8.0/22"
                ],
                "platform_subnet_ids": [
                  "subnet-01d2d9d5ce0bb403a",
                  "subnet-021244de83e13eeee"
                ],
                "security_notice": "# PHASE 1 FOUNDATION INFRASTRUCTURE DEPLOYED #\n    \n# SUCCESSFULLY CREATED:\n- VPC with dual NAT gateways for HA\n- Complete client subnet isolation \n- VPC endpoints for cost optimization\n- VPC flow logs for security monitoring\n- Deletion protection on all critical resources\n- Site-to-Site VPN for on-premises connectivity\n    \n# CLIENT ISOLATION VERIFIED:\n- ETA: 6 isolated subnets (Compute, Database, EKS)\n- ETB : 6 isolated subnets (Compute, Database, EKS)\n- Dedicated security groups per client per layer\n- Network ACLs for additional security\n    \n# NEXT PHASE: Platform Layer (EKS Cluster)\n- Use platform subnets: subnet-01d2d9d5ce0bb403a, subnet-021244de83e13eeee\n- Configure with VPC ID: vpc-0f10db6f0b03865bf\n- Enable IP optimization from day 1\n    \n!!!! CRITICAL: All resources have deletion protection enabled !!!\n",
                "vpc_cidr_block": "172.16.0.0/16",
                "vpc_endpoints": {
                  "ecr_api": "vpce-02f03d85dbcc9f646",
                  "ecr_dkr": "vpce-086513033e34072b0",
                  "s3": "vpce-09b91d83648c173c5"
                },
                "vpc_id": "vpc-0f10db6f0b03865bf"
              },
              "type": [
                "object",
                {
                  "availability_zones": [
                    "list",
                    "string"
                  ],
                  "nat_gateway_ids": [
                    "tuple",
                    [
                      "string",
                      "string"
                    ]
                  ],
                  "nat_gateway_public_ips": [
                    "tuple",
                    [
                      "string",
                      "string"
                    ]
                  ],
                  "platform_subnet_cidr_blocks": [
                    "tuple",
                    [
                      "string",
                      "string"
                    ]
                  ],
                  "platform_subnet_ids": [
                    "tuple",
                    [
                      "string",
                      "string"
                    ]
                  ],
                  "security_notice": "string",
                  "vpc_cidr_block": "string",
                  "vpc_endpoints": [
                    "object",
                    {
                      "ecr_api": "string",
                      "ecr_dkr": "string",
                      "s3": "string"
                    }
                  ],
                  "vpc_id": "string"
                }
              ]
            },
            "workspace": null
          },
          "sensitive_attributes": []
        }
      ]
    },
    {
      "mode": "data",
      "type": "terraform_remote_state",
      "name": "platform",
      "provider": "provider[\"terraform.io/builtin/terraform\"]",
      "instances": [
        {
          "schema_version": 0,
          "attributes": {
            "backend": "s3",
            "config": {
              "value": {
                "bucket": "ohio-01-terraform-state-production",
                "key": "providers/aws/regions/us-east-2/layers/02-platform/production/terraform.tfstate",
                "region": "us-east-2"
              },
              "type": [
                "object",
                {
                  "bucket": "string",
                  "key": "string",
                  "region": "string"
                }
              ]
            },
            "defaults": null,
            "outputs": {
              "value": {
                "cluster_arn": "arn:aws:eks:us-east-2:630649313435:cluster/ohio-01-eks",
                "cluster_certificate_authority_data": "LS0tLS1CRUdJTiBDRVJUSUZJQ0FURS0tLS0tCk1JSURCVENDQWUyZ0F3SUJBZ0lJUGF6YnNiRVRCc1F3RFFZSktvWklodmNOQVFFTEJRQXdGVEVUTUJFR0ExVUUKQXhNS2EzVmlaWEp1WlhSbGN6QWVGdzB5TlRFd01UVXhNREl4TURkYUZ3MHpOVEV3TVRNeE1ESTJNRGRhTUJVeApFekFSQmdOVkJBTVRDbXQxWW1WeWJtVjBaWE13Z2dFaU1BMEdDU3FHU0liM0RRRUJBUVVBQTRJQkR3QXdnZ0VLCkFvSUJBUURJSW5wQklqa3JlekgzZjNicEZoTGI4c2ZvS2gvUWZkbVBRc1VLWVhGOXlaR3ZtNnF2V3F4SXczOFcKNzN2VVJQOTlwK0ZKZWkzNW9rZWVBUVJpZ1B3VjVFV21QT1pEVDR3Ym9ZTi83UGpXVW8rbjVBYmlVQllVb21FdApvSEFRWFRaSkdGN2xtcmdXUC9FdHprOG9XUStDMlRjVFNZaWxwMnVlSXZTMjRGSDZvQy9NaDgzTlc5eDhOZDVECkdPcVhFQU15ZnZQSU1Fc2VFcFFoQkhQV0tkQkQ2NjRtNE0yU2ZpWTJ3bHVHa0g0MlY3ZHBTOTZaU2VCdDk4Qk8KdnA4elI0aWVONWs4Ryt1Z0pYVXdTK3U1Q2M4N0NsbkMzSlhxdmpIK2R6YjRhRDlwbEw4bjBTa2ltMzdBWEVFVgpLbTFTNjh5Q2VOVVYyZmdLUlRCM2xUcC90ZEgvQWdNQkFBR2pXVEJYTUE0R0ExVWREd0VCL3dRRUF3SUNwREFQCkJnTlZIUk1CQWY4RUJUQURBUUgvTUIwR0ExVWREZ1FXQkJSZlpIdTd5M3hxQlZSTVU1SXJQTDNqeVFmcVZqQVYKQmdOVkhSRUVEakFNZ2dwcmRXSmxjbTVsZEdWek1BMEdDU3FHU0liM0RRRUJDd1VBQTRJQkFRQWwzWThIc0JaWQoya3hoZ21UcUtxMGxuaHZYK1lSQ2M3dldRN1pXRm12c0tTeG9aenN0WDNhNHh6U2l5WGtEblluaERJQnQrTlpZCkF2TE1JbFRGNjN3MWxtc1o3WEhNREo1aTVJQ3g1eFdDNWtBazI1aHEzMDJzV0VRWGE4U2dTYW1JMmtpcHY0MW4KaVE3c1Zxa2xIam5qSXNBdGxCN2xnRXo5My94TGxoTE8xTDNaOFN2MENIamwveFI0b0hoN3dQV09aUWdwOVYyMQo2Q0I2T0xmdXNySWtzbEJRR25JbXhJekpzcU4yN2cyaGhWbUNEUHVXZFpwMW9KUS9YT2tYa1hLWTg3OVhTZDhICkM3MnJabkk0dGlBUVRsaTVrUDZYUzh2L2g0ak4xdnk2RjIzQTVhaysxVElzd1p5dnZodUQ1MkxWS2hvQUJYM3UKRW5PdUY2TnpHMndaCi0tLS0tRU5EIENFUlRJRklDQVRFLS0tLS0K",
                "cluster_endpoint": "https://CFA9F8E82C13268C9DB96A8AFC2E1321.gr7.us-east-2.eks.amazonaws.com",
                "cluster_name": "ohio-01-eks",
                "cluster_oidc_issuer_url": "https://oidc.eks.us-east-2.amazonaws.com/id/CFA9F8E82C13268C9DB96A8AFC2E1321",
                "cluster_security_group_id": "sg-0409b9df4aa207f28",
                "cluster_version": "1.31",
                "eks_managed_node_groups": {
                  "est_test_a": {
                    "autoscaling_group_schedule_arns": {},
                    "iam_role_arn": "arn:aws:iam::630649313435:role/ohio-01-eks-ETA-nodes-20251015101940154100000007",
                    "iam_role_name": "ohio-01-eks-ETA-nodes-20251015101940154100000007",
                    "iam_role_unique_id": "AROAZFVNA3CNX5YAWMQUG",
                    "launch_template_arn": "arn:aws:ec2:us-east-2:630649313435:launch-template/lt-08a0ab0df7d87c921",
                    "launch_template_id": "lt-08a0ab0df7d87c921",
                    "launch_template_latest_version": 1,
                    "launch_template_name": "est_test_a-20251015103015536900000015",
                    "node_group_arn": "arn:aws:eks:us-east-2:630649313435:nodegroup/ohio-01-eks/ohio-01-eks-ETA-20251015103023173200000019/16ccf3b5-e1bd-35b1-02a7-0a643485194b",
                    "node_group_autoscaling_group_names": [
                      "eks-ohio-01-eks-ETA-20251015103023173200000019-16ccf3b5-e1bd-35b1-02a7-0a643485194b"
                    ],
                    "node_group_id": "ohio-01-eks:ohio-01-eks-ETA-20251015103023173200000019",
                    "node_group_labels": {
                      "Architecture": "Multi-Client",
                      "Client": "est-test-a",
                      "Environment": "production",
                      "ManagedBy": "Terraform",
                      "NodeGroup": "est_test_a",
                      "Project": "ohio-01-eks"
                    },
                    "node_group_resources": [
                      {
                        "autoscaling_groups": [
                          {
                            "name": "eks-ohio-01-eks-ETA-20251015103023173200000019-16ccf3b5-e1bd-35b1-02a7-0a643485194b"
                          }
                        ],
                        "remote_access_security_group_id": ""
                      }
                    ],
                    "node_group_status": "ACTIVE",
                    "node_group_taints": [],
                    "platform": "linux"
                  },
                  "system": {
                    "autoscaling_group_schedule_arns": {},
                    "iam_role_arn": "arn:aws:iam::630649313435:role/ohio-01-eks-system-ng-nodes-20251015101940152900000006",
                    "iam_role_name": "ohio-01-eks-system-ng-nodes-20251015101940152900000006",
                    "iam_role_unique_id": "AROAZFVNA3CNYOBF5GVBX",
                    "launch_template_arn": "arn:aws:ec2:us-east-2:630649313435:launch-template/lt-032b021181affa858",
                    "launch_template_id": "lt-032b021181affa858",
                    "launch_template_latest_version": 1,
                    "launch_template_name": "system-20251015103015550900000017",
                    "node_group_arn": "arn:aws:eks:us-east-2:630649313435:nodegroup/ohio-01-eks/ohio-01-eks-system-ng-2025101510302317360000001b/9accf3b5-e1c2-ef0f-86fd-5ada16e85066",
                    "node_group_autoscaling_group_names": [
                      "eks-ohio-01-eks-system-ng-2025101510302317360000001b-9accf3b5-e1c2-ef0f-86fd-5ada16e85066"
                    ],
                    "node_group_id": "ohio-01-eks:ohio-01-eks-system-ng-2025101510302317360000001b",
                    "node_group_labels": {
                      "Architecture": "Multi-Client",
                      "Client": "system",
                      "Environment": "production",
                      "ManagedBy": "Terraform",
                      "NodeGroup": "system",
                      "Project": "ohio-01-eks",
                      "client-workload": "false",
                      "dedicated": "shared-services",
                      "node-purpose": "shared-services",
                      "system-workload": "true",
                      "workload-type": "system",
                      "workload/istio-system": "true",
                      "workload/observability": "true",
                      "workload/shared-services": "true"
                    },
                    "node_group_resources": [
                      {
                        "autoscaling_groups": [
                          {
                            "name": "eks-ohio-01-eks-system-ng-2025101510302317360000001b-9accf3b5-e1c2-ef0f-86fd-5ada16e85066"
                          }
                        ],
                        "remote_access_security_group_id": ""
                      }
                    ],
                    "node_group_status": "ACTIVE",
                    "node_group_taints": [],
                    "platform": "linux"
                  }
                },
                "node_security_group_id": "sg-00ea7718d40ed54e9",
                "oidc_provider_arn": "arn:aws:iam::630649313435:oidc-provider/oidc.eks.us-east-2.amazonaws.com/id/CFA9F8E82C13268C9DB96A8AFC2E1321",
                "platform_summary": {
                  "addons_enabled": {
                    "coredns": true,
                    "ebs_csi_driver": true,
                    "kube_proxy": true,
                    "pod_identity_agent": true,
                    "vpc_cni": true
                  },
                  "cluster_name": "ohio-01-eks",
                  "cluster_region": "us-east-2",
                  "cluster_version": "1.31",
                  "endpoint_access": {
                    "private": true,
                    "public": true
                  },
                  "environment": "production",
                  "infrastructure_standards": {
                    "backup_configured": "applied",
                    "monitoring_enabled": "applied",
                    "naming_convention": "applied",
                    "security_hardening": "applied",
                    "tagging_standards": "applied"
                  },
                  "irsa_enabled": true,
                  "logging_enabled": true,
                  "node_groups_enabled": {
                    "est_test_a": {
                      "capacity": "1-3",
                      "client": "est-test-a",
                      "desired": 2,
                      "instance_types": [
                        "m5.large",
                        "m5a.large",
                        "t3.xlarge",
                        "c5.large"
                      ]
                    },
                    "system": {
                      "capacity": "1-5",
                      "client": "system",
                      "desired": 3,
                      "instance_types": [
                        "m5.large",
                        "m5a.large",
                        "t3.large"
                      ]
                    }
                  },
                  "platform_subnets": 2,
                  "vpc_id": "vpc-0f10db6f0b03865bf"
                },
                "security_notice": {
                  "actions_required": [
                    "Configure kubectl access using: aws eks update-kubeconfig --region us-east-2 --name ohio-01-eks",
                    "Verify node groups are healthy: kubectl get nodes",
                    "Review security groups and NACLs for compliance",
                    "Configure additional monitoring and alerting as needed"
                  ],
                  "documentation": "https://docs.aws.amazon.com/eks/latest/userguide/",
                  "message": "EKS Cluster deployed with security best practices"
                },
                "ssm_parameter_names": {
                  "cluster_arn": "/ohio-01-eks/production/us-east-2/platform/cluster-arn",
                  "cluster_certificate_authority_data": "/ohio-01-EKS/production/us-east-2/platform/cluster-certificate-authority-data",
                  "cluster_endpoint": "/ohio-01-EKS/production/us-east-2/platform/cluster-endpoint",
                  "cluster_name": "/ohio-01-EKS/production/us-east-2/platform/cluster-name",
                  "cluster_oidc_issuer_arn": "/ohio-01-EKS/production/us-east-2/platform/cluster-oidc-issuer-arn",
                  "cluster_security_group_id": "/ohio-01-eks/production/us-east-2/platform/cluster-security-group-id",
                  "cluster_version": "/ohio-01-eks/production/us-east-2/platform/cluster-version",
                  "node_security_group_id": "/ohio-01-eks/production/us-east-2/platform/node-security-group-id"
                }
              },
              "type": [
                "object",
                {
                  "cluster_arn": "string",
                  "cluster_certificate_authority_data": "string",
                  "cluster_endpoint": "string",
                  "cluster_name": "string",
                  "cluster_oidc_issuer_url": "string",
                  "cluster_security_group_id": "string",
                  "cluster_version": "string",
                  "eks_managed_node_groups": [
                    "object",
                    {
                      "est_test_a": [
                        "object",
                        {
                          "autoscaling_group_schedule_arns": [
                            "object",
                            {}
                          ],
                          "iam_role_arn": "string",
                          "iam_role_name": "string",
                          "iam_role_unique_id": "string",
                          "launch_template_arn": "string",
                          "launch_template_id": "string",
                          "launch_template_latest_version": "number",
                          "launch_template_name": "string",
                          "node_group_arn": "string",
                          "node_group_autoscaling_group_names": [
                            "tuple",
                            [
                              "string"
                            ]
                          ],
                          "node_group_id": "string",
                          "node_group_labels": [
                            "map",
                            "string"
                          ],
                          "node_group_resources": [
                            "list",
                            [
                              "object",
                              {
                                "autoscaling_groups": [
                                  "list",
                                  [
                                    "object",
                                    {
                                      "name": "string"
                                    }
                                  ]
                                ],
                                "remote_access_security_group_id": "string"
                              }
                            ]
                          ],
                          "node_group_status": "string",
                          "node_group_taints": [
                            "set",
                            [
                              "object",
                              {
                                "effect": "string",
                                "key": "string",
                                "value": "string"
                              }
                            ]
                          ],
                          "platform": "string"
                        }
                      ],
                      "system": [
                        "object",
                        {
                          "autoscaling_group_schedule_arns": [
                            "object",
                            {}
                          ],
                          "iam_role_arn": "string",
                          "iam_role_name": "string",
                          "iam_role_unique_id": "string",
                          "launch_template_arn": "string",
                          "launch_template_id": "string",
                          "launch_template_latest_version": "number",
                          "launch_template_name": "string",
                          "node_group_arn": "string",
                          "node_group_autoscaling_group_names": [
                            "tuple",
                            [
                              "string"
                            ]
                          ],
                          "node_group_id": "string",
                          "node_group_labels": [
                            "map",
                            "string"
                          ],
                          "node_group_resources": [
                            "list",
                            [
                              "object",
                              {
                                "autoscaling_groups": [
                                  "list",
                                  [
                                    "object",
                                    {
                                      "name": "string"
                                    }
                                  ]
                                ],
                                "remote_access_security_group_id": "string"
                              }
                            ]
                          ],
                          "node_group_status": "string",
                          "node_group_taints": [
                            "set",
                            [
                              "object",
                              {
                                "effect": "string",
                                "key": "string",
                                "value": "string"
                              }
                            ]
                          ],
                          "platform": "string"
                        }
                      ]
                    }
                  ],
                  "node_security_group_id": "string",
                  "oidc_provider_arn": "string",
                  "platform_summary": [
                    "object",
                    {
                      "addons_enabled": [
                        "object",
                        {
                          "coredns": "bool",
                          "ebs_csi_driver": "bool",
                          "kube_proxy": "bool",
                          "pod_identity_agent": "bool",
                          "vpc_cni": "bool"
                        }
                      ],
                      "cluster_name": "string",
                      "cluster_region": "string",
                      "cluster_version": "string",
                      "endpoint_access": [
                        "object",
                        {
                          "private": "bool",
                          "public": "bool"
                        }
                      ],
                      "environment": "string",
                      "infrastructure_standards": [
                        "object",
                        {
                          "backup_configured": "string",
                          "monitoring_enabled": "string",
                          "naming_convention": "string",
                          "security_hardening": "string",
                          "tagging_standards": "string"
                        }
                      ],
                      "irsa_enabled": "bool",
                      "logging_enabled": "bool",
                      "node_groups_enabled": [
                        "object",
                        {
                          "est_test_a": [
                            "object",
                            {
                              "capacity": "string",
                              "client": "string",
                              "desired": "number",
                              "instance_types": [
                                "list",
                                "string"
                              ]
                            }
                          ],
                          "system": [
                            "object",
                            {
                              "capacity": "string",
                              "client": "string",
                              "desired": "number",
                              "instance_types": [
                                "list",
                                "string"
                              ]
                            }
                          ]
                        }
                      ],
                      "platform_subnets": "number",
                      "vpc_id": "string"
                    }
                  ],
                  "security_notice": [
                    "object",
                    {
                      "actions_required": [
                        "tuple",
                        [
                          "string",
                          "string",
                          "string",
                          "string"
                        ]
                      ],
                      "documentation": "string",
                      "message": "string"
                    }
                  ],
                  "ssm_parameter_names": [
                    "object",
                    {
                      "cluster_arn": "string",
                      "cluster_certificate_authority_data": "string",
                      "cluster_endpoint": "string",
                      "cluster_name": "string",
                      "cluster_oidc_issuer_arn": "string",
                      "cluster_security_group_id": "string",
                      "cluster_version": "string",
                      "node_security_group_id": "string"
                    }
                  ]
                }
              ]
            },
            "workspace": null
          },
          "sensitive_attributes": []
        }
      ]
    },
    {
      "module": "module.istio_service_mesh[0]",
      "mode": "managed",
      "type": "helm_release",
      "name": "istio_base",
      "provider": "provider[\"registry.terraform.io/hashicorp/helm\"]",
      "instances": [
        {
          "schema_version": 1,
          "attributes": {
            "atomic": false,
            "chart": "base",
            "cleanup_on_fail": false,
            "create_namespace": false,
            "dependency_update": false,
            "description": null,
            "devel": null,
            "disable_crd_hooks": false,
            "disable_openapi_validation": false,
            "disable_webhooks": false,
            "force_update": false,
            "id": "istio-base",
            "keyring": null,
            "lint": false,
            "manifest": null,
            "max_history": 0,
            "metadata": [
              {
                "app_version": "1.27.2",
                "chart": "base",
                "first_deployed": 1760524847,
                "last_deployed": 1760524847,
                "name": "istio-base",
                "namespace": "istio-system",
                "notes": "Istio base successfully installed!\n\nTo learn more about the release, try:\n  $ helm status istio-base -n istio-system\n  $ helm get all istio-base -n istio-system\n",
                "revision": 1,
                "values": "{\"global\":{\"meshID\":\"mesh-us-east-2\",\"network\":\"us-east-2-network\"}}",
                "version": "1.27.2"
              }
            ],
            "name": "istio-base",
            "namespace": "istio-system",
            "pass_credentials": false,
            "postrender": [],
            "recreate_pods": false,
            "render_subchart_notes": true,
            "replace": false,
            "repository": "https://istio-release.storage.googleapis.com/charts",
            "repository_ca_file": null,
            "repository_cert_file": null,
            "repository_key_file": null,
            "repository_password": null,
            "repository_username": null,
            "reset_values": false,
            "reuse_values": false,
            "set": [
              {
                "name": "global.meshID",
                "type": "",
                "value": "mesh-us-east-2"
              },
              {
                "name": "global.network",
                "type": "",
                "value": "us-east-2-network"
              }
            ],
            "set_list": [],
            "set_sensitive": [],
            "skip_crds": false,
            "status": "deployed",
            "timeout": 600,
            "upgrade_install": null,
            "values": null,
            "verify": false,
            "version": "1.27.2",
            "wait": true,
            "wait_for_jobs": false
          },
          "sensitive_attributes": [
            [
              {
                "type": "get_attr",
                "value": "repository_password"
              }
            ]
          ],
          "private": "eyJzY2hlbWFfdmVyc2lvbiI6IjEifQ==",
          "dependencies": [
            "data.terraform_remote_state.foundation",
            "data.terraform_remote_state.platform",
            "module.istio_service_mesh.kubernetes_namespace.istio_system",
            "module.shared_services.data.aws_caller_identity.current",
            "module.shared_services.helm_release.metrics_server",
            "module.shared_services.module.aws_load_balancer_controller.aws_iam_policy.aws_load_balancer_controller",
            "module.shared_services.module.aws_load_balancer_controller.aws_iam_role.aws_load_balancer_controller",
            "module.shared_services.module.aws_load_balancer_controller.aws_iam_role_policy_attachment.aws_load_balancer_controller",
            "module.shared_services.module.aws_load_balancer_controller.data.aws_iam_policy_document.aws_load_balancer_controller",
            "module.shared_services.module.aws_load_balancer_controller.helm_release.aws_load_balancer_controller",
            "module.shared_services.module.aws_load_balancer_controller.kubernetes_service_account.aws_load_balancer_controller",
            "module.shared_services.module.cluster_autoscaler.aws_iam_policy.cluster_autoscaler",
            "module.shared_services.module.cluster_autoscaler.aws_iam_role.cluster_autoscaler",
            "module.shared_services.module.cluster_autoscaler.aws_iam_role_policy_attachment.cluster_autoscaler",
            "module.shared_services.module.cluster_autoscaler.data.aws_caller_identity.current",
            "module.shared_services.module.cluster_autoscaler.helm_release.cluster_autoscaler",
            "module.shared_services.module.cluster_autoscaler.kubernetes_service_account.cluster_autoscaler",
            "module.shared_services.module.cluster_autoscaler.null_resource.fix_service_account_annotation",
            "module.shared_services.module.external_dns.aws_iam_policy.external_dns",
            "module.shared_services.module.external_dns.aws_iam_role.external_dns",
            "module.shared_services.module.external_dns.aws_iam_role_policy_attachment.external_dns",
            "module.shared_services.module.external_dns.helm_release.external_dns",
            "module.shared_services.module.external_dns.kubernetes_service_account.external_dns"
          ]
        }
      ]
    },
    {
      "module": "module.istio_service_mesh[0]",
      "mode": "managed",
      "type": "helm_release",
      "name": "istio_cni",
      "provider": "provider[\"registry.terraform.io/hashicorp/helm\"]",
      "instances": [
        {
          "index_key": 0,
          "schema_version": 1,
          "attributes": {
            "atomic": false,
            "chart": "cni",
            "cleanup_on_fail": false,
            "create_namespace": false,
            "dependency_update": false,
            "description": null,
            "devel": null,
            "disable_crd_hooks": false,
            "disable_openapi_validation": false,
            "disable_webhooks": false,
            "force_update": false,
            "id": "istio-cni",
            "keyring": null,
            "lint": false,
            "manifest": null,
            "max_history": 0,
            "metadata": [
              {
                "app_version": "1.27.2",
                "chart": "cni",
                "first_deployed": 1760524982,
                "last_deployed": 1760524982,
                "name": "istio-cni",
                "namespace": "istio-system",
                "notes": "\"istio-cni\" successfully installed!\n\nTo learn more about the release, try:\n  $ helm status istio-cni -n istio-system\n  $ helm get all istio-cni -n istio-system\n",
                "revision": 1,
                "values": "{\"cni\":{\"ambient\":{\"enabled\":true},\"istioOwnedCNIConfig\":true,\"istioOwnedCNIConfigFilename\":\"02-istio-cni.conflist\",\"logging\":{\"level\":\"info\"},\"nodeSelector\":{},\"resources\":{\"limits\":{\"cpu\":\"1000m\",\"memory\":\"1Gi\"},\"requests\":{\"cpu\":\"100m\",\"memory\":\"100Mi\"}},\"tolerations\":[{\"effect\":\"\",\"key\":\"CriticalAddonsOnly\",\"operator\":\"Exists\",\"value\":\"\"},{\"effect\":\"NoSchedule\",\"key\":\"workload-type\",\"operator\":\"Equal\",\"value\":\"system\"},{\"effect\":\"NoSchedule\",\"key\":\"dedicated\",\"operator\":\"Equal\",\"value\":\"shared-services\"}]},\"global\":{\"meshID\":\"mesh-us-east-2\",\"network\":\"us-east-2-network\"}}",
                "version": "1.27.2"
              }
            ],
            "name": "istio-cni",
            "namespace": "istio-system",
            "pass_credentials": false,
            "postrender": [],
            "recreate_pods": false,
            "render_subchart_notes": true,
            "replace": false,
            "repository": "https://istio-release.storage.googleapis.com/charts",
            "repository_ca_file": null,
            "repository_cert_file": null,
            "repository_key_file": null,
            "repository_password": null,
            "repository_username": null,
            "reset_values": false,
            "reuse_values": false,
            "set": [],
            "set_list": [],
            "set_sensitive": [],
            "skip_crds": false,
            "status": "deployed",
            "timeout": 600,
            "upgrade_install": null,
            "values": [
              "\"cni\":\n  \"ambient\":\n    \"enabled\": true\n  \"istioOwnedCNIConfig\": true\n  \"istioOwnedCNIConfigFilename\": \"02-istio-cni.conflist\"\n  \"logging\":\n    \"level\": \"info\"\n  \"nodeSelector\": {}\n  \"resources\":\n    \"limits\":\n      \"cpu\": \"1000m\"\n      \"memory\": \"1Gi\"\n    \"requests\":\n      \"cpu\": \"100m\"\n      \"memory\": \"100Mi\"\n  \"tolerations\":\n  - \"effect\": \"\"\n    \"key\": \"CriticalAddonsOnly\"\n    \"operator\": \"Exists\"\n    \"value\": \"\"\n  - \"effect\": \"NoSchedule\"\n    \"key\": \"workload-type\"\n    \"operator\": \"Equal\"\n    \"value\": \"system\"\n  - \"effect\": \"NoSchedule\"\n    \"key\": \"dedicated\"\n    \"operator\": \"Equal\"\n    \"value\": \"shared-services\"\n\"global\":\n  \"meshID\": \"mesh-us-east-2\"\n  \"network\": \"us-east-2-network\"\n"
            ],
            "verify": false,
            "version": "1.27.2",
            "wait": true,
            "wait_for_jobs": false
          },
          "sensitive_attributes": [
            [
              {
                "type": "get_attr",
                "value": "repository_password"
              }
            ]
          ],
          "private": "eyJzY2hlbWFfdmVyc2lvbiI6IjEifQ==",
          "dependencies": [
            "data.terraform_remote_state.foundation",
            "data.terraform_remote_state.platform",
            "module.istio_service_mesh.helm_release.istio_base",
            "module.istio_service_mesh.helm_release.istiod",
            "module.istio_service_mesh.kubernetes_namespace.istio_system",
            "module.shared_services.data.aws_caller_identity.current",
            "module.shared_services.helm_release.metrics_server",
            "module.shared_services.module.aws_load_balancer_controller.aws_iam_policy.aws_load_balancer_controller",
            "module.shared_services.module.aws_load_balancer_controller.aws_iam_role.aws_load_balancer_controller",
            "module.shared_services.module.aws_load_balancer_controller.aws_iam_role_policy_attachment.aws_load_balancer_controller",
            "module.shared_services.module.aws_load_balancer_controller.data.aws_iam_policy_document.aws_load_balancer_controller",
            "module.shared_services.module.aws_load_balancer_controller.helm_release.aws_load_balancer_controller",
            "module.shared_services.module.aws_load_balancer_controller.kubernetes_service_account.aws_load_balancer_controller",
            "module.shared_services.module.cluster_autoscaler.aws_iam_policy.cluster_autoscaler",
            "module.shared_services.module.cluster_autoscaler.aws_iam_role.cluster_autoscaler",
            "module.shared_services.module.cluster_autoscaler.aws_iam_role_policy_attachment.cluster_autoscaler",
            "module.shared_services.module.cluster_autoscaler.data.aws_caller_identity.current",
            "module.shared_services.module.cluster_autoscaler.helm_release.cluster_autoscaler",
            "module.shared_services.module.cluster_autoscaler.kubernetes_service_account.cluster_autoscaler",
            "module.shared_services.module.cluster_autoscaler.null_resource.fix_service_account_annotation",
            "module.shared_services.module.external_dns.aws_iam_policy.external_dns",
            "module.shared_services.module.external_dns.aws_iam_role.external_dns",
            "module.shared_services.module.external_dns.aws_iam_role_policy_attachment.external_dns",
            "module.shared_services.module.external_dns.helm_release.external_dns",
            "module.shared_services.module.external_dns.kubernetes_service_account.external_dns"
          ]
        }
      ]
    },
    {
      "module": "module.istio_service_mesh[0]",
      "mode": "managed",
      "type": "helm_release",
      "name": "istiod",
      "provider": "provider[\"registry.terraform.io/hashicorp/helm\"]",
      "instances": [
        {
          "schema_version": 1,
          "attributes": {
            "atomic": false,
            "chart": "istiod",
            "cleanup_on_fail": false,
            "create_namespace": false,
            "dependency_update": false,
            "description": null,
            "devel": null,
            "disable_crd_hooks": false,
            "disable_openapi_validation": false,
            "disable_webhooks": false,
            "force_update": false,
            "id": "istiod",
            "keyring": null,
            "lint": false,
            "manifest": null,
            "max_history": 0,
            "metadata": [
              {
                "app_version": "1.27.2",
                "chart": "istiod",
                "first_deployed": 1760524908,
                "last_deployed": 1760524908,
                "name": "istiod",
                "namespace": "istio-system",
                "notes": "\"istiod\" successfully installed!\n\nTo learn more about the release, try:\n  $ helm status istiod -n istio-system\n  $ helm get all istiod -n istio-system\n\nNext steps:\n  * Deploy a Gateway: https://istio.io/latest/docs/setup/additional-setup/gateway/\n  * Try out our tasks to get started on common configurations:\n    * https://istio.io/latest/docs/tasks/traffic-management\n    * https://istio.io/latest/docs/tasks/security/\n    * https://istio.io/latest/docs/tasks/policy-enforcement/\n  * Review the list of actively supported releases, CVE publications and our hardening guide:\n    * https://istio.io/latest/docs/releases/supported-releases/\n    * https://istio.io/latest/news/security/\n    * https://istio.io/latest/docs/ops/best-practices/security/\n\nFor further documentation see https://istio.io website",
                "revision": 1,
                "values": "{\"global\":{\"meshConfig\":{\"defaultConfig\":{\"tracing\":{\"custom_tags\":{\"cluster_name\":\"ohio-01-eks\",\"region\":\"us-east-2\"},\"sampling\":0.01},\"waypoint\":{\"resources\":{\"requests\":{\"cpu\":\"100m\",\"memory\":\"128Mi\"}}}},\"extensionProviders\":[{\"envoyOtelAls\":{\"port\":4317,\"service\":\"tempo.istio-system.svc.cluster.local\"},\"name\":\"tempo\"},{\"name\":\"prometheus\",\"prometheus\":{\"configOverride\":{\"metric_relabeling_configs\":[{\"regex\":\"(istio_.*)\",\"source_labels\":[\"__name__\"],\"target_label\":\"__tmp_istio_name\"}]}}}],\"trustDomain\":\"cluster.local\"},\"meshID\":\"mesh-us-east-2\",\"network\":\"us-east-2-network\"},\"istiodRemote\":{\"enabled\":false},\"pilot\":{\"autoscaleEnabled\":true,\"autoscaleMax\":5,\"autoscaleMin\":2,\"env\":{\"DISABLE_WEBHOOK_AUTO_CONFIG\":true,\"ENABLE_AMBIENT\":true,\"EXTERNAL_ISTIOD\":false,\"PILOT_ENABLE_AMBIENT\":true,\"PILOT_ENABLE_VALIDATION\":false,\"VALIDATION\":false,\"WEBHOOK_CERT_CHECK\":false},\"resources\":{\"limits\":{\"cpu\":\"1000m\",\"memory\":\"4Gi\"},\"requests\":{\"cpu\":\"500m\",\"memory\":\"2Gi\"}},\"rollingMaxSurge\":\"100%\",\"rollingMaxUnavailable\":\"25%\"},\"telemetry\":{\"v2\":{\"enabled\":true}}}",
                "version": "1.27.2"
              }
            ],
            "name": "istiod",
            "namespace": "istio-system",
            "pass_credentials": false,
            "postrender": [],
            "recreate_pods": false,
            "render_subchart_notes": true,
            "replace": false,
            "repository": "https://istio-release.storage.googleapis.com/charts",
            "repository_ca_file": null,
            "repository_cert_file": null,
            "repository_key_file": null,
            "repository_password": null,
            "repository_username": null,
            "reset_values": false,
            "reuse_values": false,
            "set": [],
            "set_list": [],
            "set_sensitive": [],
            "skip_crds": false,
            "status": "deployed",
            "timeout": 600,
            "upgrade_install": null,
            "values": [
              "\"global\":\n  \"meshConfig\":\n    \"defaultConfig\":\n      \"tracing\":\n        \"custom_tags\":\n          \"cluster_name\": \"ohio-01-eks\"\n          \"region\": \"us-east-2\"\n        \"sampling\": 0.01\n      \"waypoint\":\n        \"resources\":\n          \"requests\":\n            \"cpu\": \"100m\"\n            \"memory\": \"128Mi\"\n    \"extensionProviders\":\n    - \"envoyOtelAls\":\n        \"port\": 4317\n        \"service\": \"tempo.istio-system.svc.cluster.local\"\n      \"name\": \"tempo\"\n    - \"name\": \"prometheus\"\n      \"prometheus\":\n        \"configOverride\":\n          \"metric_relabeling_configs\":\n          - \"regex\": \"(istio_.*)\"\n            \"source_labels\":\n            - \"__name__\"\n            \"target_label\": \"__tmp_istio_name\"\n    \"trustDomain\": \"cluster.local\"\n  \"meshID\": \"mesh-us-east-2\"\n  \"network\": \"us-east-2-network\"\n\"istiodRemote\":\n  \"enabled\": false\n\"pilot\":\n  \"autoscaleEnabled\": true\n  \"autoscaleMax\": 5\n  \"autoscaleMin\": 2\n  \"env\":\n    \"DISABLE_WEBHOOK_AUTO_CONFIG\": true\n    \"ENABLE_AMBIENT\": true\n    \"EXTERNAL_ISTIOD\": false\n    \"PILOT_ENABLE_AMBIENT\": true\n    \"PILOT_ENABLE_VALIDATION\": false\n    \"VALIDATION\": false\n    \"WEBHOOK_CERT_CHECK\": false\n  \"resources\":\n    \"limits\":\n      \"cpu\": \"1000m\"\n      \"memory\": \"4Gi\"\n    \"requests\":\n      \"cpu\": \"500m\"\n      \"memory\": \"2Gi\"\n  \"rollingMaxSurge\": \"100%\"\n  \"rollingMaxUnavailable\": \"25%\"\n\"telemetry\":\n  \"v2\":\n    \"enabled\": true\n"
            ],
            "verify": false,
            "version": "1.27.2",
            "wait": true,
            "wait_for_jobs": false
          },
          "sensitive_attributes": [
            [
              {
                "type": "get_attr",
                "value": "repository_password"
              }
            ]
          ],
          "private": "eyJzY2hlbWFfdmVyc2lvbiI6IjEifQ==",
          "dependencies": [
            "data.terraform_remote_state.foundation",
            "data.terraform_remote_state.platform",
            "module.istio_service_mesh.helm_release.istio_base",
            "module.istio_service_mesh.kubernetes_namespace.istio_system",
            "module.shared_services.data.aws_caller_identity.current",
            "module.shared_services.helm_release.metrics_server",
            "module.shared_services.module.aws_load_balancer_controller.aws_iam_policy.aws_load_balancer_controller",
            "module.shared_services.module.aws_load_balancer_controller.aws_iam_role.aws_load_balancer_controller",
            "module.shared_services.module.aws_load_balancer_controller.aws_iam_role_policy_attachment.aws_load_balancer_controller",
            "module.shared_services.module.aws_load_balancer_controller.data.aws_iam_policy_document.aws_load_balancer_controller",
            "module.shared_services.module.aws_load_balancer_controller.helm_release.aws_load_balancer_controller",
            "module.shared_services.module.aws_load_balancer_controller.kubernetes_service_account.aws_load_balancer_controller",
            "module.shared_services.module.cluster_autoscaler.aws_iam_policy.cluster_autoscaler",
            "module.shared_services.module.cluster_autoscaler.aws_iam_role.cluster_autoscaler",
            "module.shared_services.module.cluster_autoscaler.aws_iam_role_policy_attachment.cluster_autoscaler",
            "module.shared_services.module.cluster_autoscaler.data.aws_caller_identity.current",
            "module.shared_services.module.cluster_autoscaler.helm_release.cluster_autoscaler",
            "module.shared_services.module.cluster_autoscaler.kubernetes_service_account.cluster_autoscaler",
            "module.shared_services.module.cluster_autoscaler.null_resource.fix_service_account_annotation",
            "module.shared_services.module.external_dns.aws_iam_policy.external_dns",
            "module.shared_services.module.external_dns.aws_iam_role.external_dns",
            "module.shared_services.module.external_dns.aws_iam_role_policy_attachment.external_dns",
            "module.shared_services.module.external_dns.helm_release.external_dns",
            "module.shared_services.module.external_dns.kubernetes_service_account.external_dns"
          ]
        }
      ]
    },
    {
      "module": "module.istio_service_mesh[0]",
      "mode": "managed",
      "type": "kubernetes_namespace",
      "name": "istio_system",
      "provider": "provider[\"registry.terraform.io/hashicorp/kubernetes\"]",
      "instances": [
        {
          "schema_version": 0,
          "attributes": {
            "id": "istio-system",
            "metadata": [
              {
                "annotations": {},
                "generate_name": "",
                "generation": 0,
                "labels": {
                  "Architecture": "Multi-Client",
                  "BackupRequired": "true",
                  "Component": "ServiceMesh",
                  "CriticalInfra": "true",
                  "DeploymentPhase": "Phase-2",
                  "Environment": "production",
                  "IstioVersion": "1.27.2",
                  "Layer": "SharedServices",
                  "ManagedBy": "Terraform",
                  "Project": "ohio-01-eks",
                  "Region": "us-east-2",
                  "SecurityLevel": "High",
                  "istio-injection": "disabled",
                  "name": "istio-system"
                },
                "name": "istio-system",
                "resource_version": "4322",
                "uid": "f4bc4929-351d-4910-891d-1dda26d06da3"
              }
            ],
            "timeouts": null,
            "wait_for_default_service_account": false
          },
          "sensitive_attributes": [],
          "private": "eyJlMmJmYjczMC1lY2FhLTExZTYtOGY4OC0zNDM2M2JjN2M0YzAiOnsiZGVsZXRlIjozMDAwMDAwMDAwMDB9fQ==",
          "dependencies": [
            "data.terraform_remote_state.foundation",
            "data.terraform_remote_state.platform",
            "module.shared_services.data.aws_caller_identity.current",
            "module.shared_services.helm_release.metrics_server",
            "module.shared_services.module.aws_load_balancer_controller.aws_iam_policy.aws_load_balancer_controller",
            "module.shared_services.module.aws_load_balancer_controller.aws_iam_role.aws_load_balancer_controller",
            "module.shared_services.module.aws_load_balancer_controller.aws_iam_role_policy_attachment.aws_load_balancer_controller",
            "module.shared_services.module.aws_load_balancer_controller.data.aws_iam_policy_document.aws_load_balancer_controller",
            "module.shared_services.module.aws_load_balancer_controller.helm_release.aws_load_balancer_controller",
            "module.shared_services.module.aws_load_balancer_controller.kubernetes_service_account.aws_load_balancer_controller",
            "module.shared_services.module.cluster_autoscaler.aws_iam_policy.cluster_autoscaler",
            "module.shared_services.module.cluster_autoscaler.aws_iam_role.cluster_autoscaler",
            "module.shared_services.module.cluster_autoscaler.aws_iam_role_policy_attachment.cluster_autoscaler",
            "module.shared_services.module.cluster_autoscaler.data.aws_caller_identity.current",
            "module.shared_services.module.cluster_autoscaler.helm_release.cluster_autoscaler",
            "module.shared_services.module.cluster_autoscaler.kubernetes_service_account.cluster_autoscaler",
            "module.shared_services.module.cluster_autoscaler.null_resource.fix_service_account_annotation",
            "module.shared_services.module.external_dns.aws_iam_policy.external_dns",
            "module.shared_services.module.external_dns.aws_iam_role.external_dns",
            "module.shared_services.module.external_dns.aws_iam_role_policy_attachment.external_dns",
            "module.shared_services.module.external_dns.helm_release.external_dns",
            "module.shared_services.module.external_dns.kubernetes_service_account.external_dns"
          ]
        }
      ]
    },
    {
      "module": "module.shared_services",
      "mode": "data",
      "type": "aws_caller_identity",
      "name": "current",
      "provider": "provider[\"registry.terraform.io/hashicorp/aws\"]",
      "instances": [
        {
          "schema_version": 0,
          "attributes": {
            "account_id": "630649313435",
            "arn": "arn:aws:iam::630649313435:user/djuma",
            "id": "630649313435",
            "user_id": "AIDAZFVNA3CNVLDQ6L44J"
          },
          "sensitive_attributes": []
        }
      ]
    },
    {
      "module": "module.shared_services",
      "mode": "managed",
      "type": "helm_release",
      "name": "metrics_server",
      "provider": "provider[\"registry.terraform.io/hashicorp/helm\"]",
      "instances": [
        {
          "index_key": 0,
          "schema_version": 1,
          "attributes": {
            "atomic": false,
            "chart": "metrics-server",
            "cleanup_on_fail": false,
            "create_namespace": false,
            "dependency_update": false,
            "description": null,
            "devel": null,
            "disable_crd_hooks": false,
            "disable_openapi_validation": false,
            "disable_webhooks": false,
            "force_update": false,
            "id": "metrics-server",
            "keyring": null,
            "lint": false,
            "manifest": null,
            "max_history": 0,
            "metadata": [
              {
                "app_version": "0.7.1",
                "chart": "metrics-server",
                "first_deployed": 1760524749,
                "last_deployed": 1760524749,
                "name": "metrics-server",
                "namespace": "kube-system",
                "notes": "***********************************************************************\n* Metrics Server                                                      *\n***********************************************************************\n  Chart version: 3.12.1\n  App version:   0.7.1\n  Image tag:     registry.k8s.io/metrics-server/metrics-server:v0.7.1\n***********************************************************************\n",
                "revision": 1,
                "values": "{\"affinity\":{\"nodeAffinity\":{\"requiredDuringSchedulingIgnoredDuringExecution\":{\"nodeSelectorTerms\":[{\"matchExpressions\":[{\"key\":\"kubernetes.io/arch\",\"operator\":\"In\",\"values\":[\"amd64\"]}]}]}}},\"args\":[\"--cert-dir=/tmp\",\"--secure-port=10250\",\"--kubelet-preferred-address-types=InternalIP,ExternalIP,Hostname\",\"--kubelet-use-node-status-port\",\"--metric-resolution=15s\",\"--kubelet-insecure-tls\"],\"containerPort\":10250,\"hostNetwork\":{\"enabled\":false},\"metrics\":{\"enabled\":true},\"nodeSelector\":{\"workload-type\":\"system\"},\"resources\":{\"requests\":{\"cpu\":\"100m\",\"memory\":\"200Mi\"}},\"serviceMonitor\":{\"enabled\":false},\"tolerations\":[{\"effect\":\"NoSchedule\",\"key\":\"workload-type\",\"operator\":\"Equal\",\"value\":\"system\"},{\"effect\":\"NoSchedule\",\"key\":\"dedicated\",\"operator\":\"Equal\",\"value\":\"shared-services\"}]}",
                "version": "3.12.1"
              }
            ],
            "name": "metrics-server",
            "namespace": "kube-system",
            "pass_credentials": false,
            "postrender": [],
            "recreate_pods": false,
            "render_subchart_notes": true,
            "replace": false,
            "repository": "https://kubernetes-sigs.github.io/metrics-server/",
            "repository_ca_file": null,
            "repository_cert_file": null,
            "repository_key_file": null,
            "repository_password": null,
            "repository_username": null,
            "reset_values": false,
            "reuse_values": false,
            "set": [
              {
                "name": "affinity.nodeAffinity.requiredDuringSchedulingIgnoredDuringExecution.nodeSelectorTerms[0].matchExpressions[0].key",
                "type": "",
                "value": "kubernetes.io/arch"
              },
              {
                "name": "affinity.nodeAffinity.requiredDuringSchedulingIgnoredDuringExecution.nodeSelectorTerms[0].matchExpressions[0].operator",
                "type": "",
                "value": "In"
              },
              {
                "name": "affinity.nodeAffinity.requiredDuringSchedulingIgnoredDuringExecution.nodeSelectorTerms[0].matchExpressions[0].values[0]",
                "type": "",
                "value": "amd64"
              },
              {
                "name": "args",
                "type": "",
                "value": "{--cert-dir=/tmp,--secure-port=10250,--kubelet-preferred-address-types=InternalIP\\,ExternalIP\\,Hostname,--kubelet-use-node-status-port,--metric-resolution=15s,--kubelet-insecure-tls}"
              },
              {
                "name": "containerPort",
                "type": "",
                "value": "10250"
              },
              {
                "name": "hostNetwork.enabled",
                "type": "",
                "value": "false"
              },
              {
                "name": "metrics.enabled",
                "type": "",
                "value": "true"
              },
              {
                "name": "nodeSelector.workload-type",
                "type": "",
                "value": "system"
              },
              {
                "name": "resources.requests.cpu",
                "type": "",
                "value": "100m"
              },
              {
                "name": "resources.requests.memory",
                "type": "",
                "value": "200Mi"
              },
              {
                "name": "serviceMonitor.enabled",
                "type": "",
                "value": "false"
              },
              {
                "name": "tolerations[0].effect",
                "type": "",
                "value": "NoSchedule"
              },
              {
                "name": "tolerations[0].key",
                "type": "",
                "value": "workload-type"
              },
              {
                "name": "tolerations[0].operator",
                "type": "",
                "value": "Equal"
              },
              {
                "name": "tolerations[0].value",
                "type": "",
                "value": "system"
              },
              {
                "name": "tolerations[1].effect",
                "type": "",
                "value": "NoSchedule"
              },
              {
                "name": "tolerations[1].key",
                "type": "",
                "value": "dedicated"
              },
              {
                "name": "tolerations[1].operator",
                "type": "",
                "value": "Equal"
              },
              {
                "name": "tolerations[1].value",
                "type": "",
                "value": "shared-services"
              }
            ],
            "set_list": [],
            "set_sensitive": [],
            "skip_crds": false,
            "status": "deployed",
            "timeout": 300,
            "upgrade_install": null,
            "values": null,
            "verify": false,
            "version": "3.12.1",
            "wait": true,
            "wait_for_jobs": false
          },
          "sensitive_attributes": [
            [
              {
                "type": "get_attr",
                "value": "repository_password"
              }
            ]
          ],
          "private": "eyJzY2hlbWFfdmVyc2lvbiI6IjEifQ==",
          "dependencies": [
            "data.terraform_remote_state.platform"
          ]
        }
      ]
    },
    {
      "module": "module.shared_services.module.aws_load_balancer_controller[0]",
      "mode": "data",
      "type": "aws_iam_policy_document",
      "name": "aws_load_balancer_controller",
      "provider": "provider[\"registry.terraform.io/hashicorp/aws\"]",
      "instances": [
        {
          "schema_version": 0,
          "attributes": {
            "id": "2639123634",
            "json": "{\n  \"Version\": \"2012-10-17\",\n  \"Statement\": [\n    {\n      \"Effect\": \"Allow\",\n      \"Action\": \"iam:CreateServiceLinkedRole\",\n      \"Resource\": \"*\",\n      \"Condition\": {\n        \"StringEquals\": {\n          \"iam:AWSServiceName\": \"elasticloadbalancing.amazonaws.com\"\n        }\n      }\n    },\n    {\n      \"Effect\": \"Allow\",\n      \"Action\": [\n        \"elasticloadbalancing:DescribeTargetHealth\",\n        \"elasticloadbalancing:DescribeTargetGroups\",\n        \"elasticloadbalancing:DescribeTargetGroupAttributes\",\n        \"elasticloadbalancing:DescribeTags\",\n        \"elasticloadbalancing:DescribeSSLPolicies\",\n        \"elasticloadbalancing:DescribeRules\",\n        \"elasticloadbalancing:DescribeLoadBalancers\",\n        \"elasticloadbalancing:DescribeLoadBalancerAttributes\",\n        \"elasticloadbalancing:DescribeListeners\",\n        \"elasticloadbalancing:DescribeListenerCertificates\",\n        \"ec2:GetIpamPoolCidrs\",\n        \"ec2:GetCoipPoolUsage\",\n        \"ec2:DescribeVpcs\",\n        \"ec2:DescribeVpcPeeringConnections\",\n        \"ec2:DescribeTags\",\n        \"ec2:DescribeSubnets\",\n        \"ec2:DescribeSecurityGroups\",\n        \"ec2:DescribeNetworkInterfaces\",\n        \"ec2:DescribeInternetGateways\",\n        \"ec2:DescribeInstances\",\n        \"ec2:DescribeCoipPools\",\n        \"ec2:DescribeAvailabilityZones\",\n        \"ec2:DescribeAddresses\",\n        \"ec2:DescribeAccountAttributes\"\n      ],\n      \"Resource\": \"*\"\n    },\n    {\n      \"Effect\": \"Allow\",\n      \"Action\": [\n        \"wafv2:GetWebACLForResource\",\n        \"wafv2:GetWebACL\",\n        \"wafv2:DisassociateWebACL\",\n        \"wafv2:AssociateWebACL\",\n        \"waf-regional:GetWebACLForResource\",\n        \"waf-regional:GetWebACL\",\n        \"waf-regional:DisassociateWebACL\",\n        \"waf-regional:AssociateWebACL\",\n        \"shield:GetSubscriptionState\",\n        \"shield:DescribeSubscription\",\n        \"shield:DescribeProtection\",\n        \"iam:ListServerCertificates\",\n        \"iam:GetServerCertificate\",\n        \"cognito-idp:DescribeUserPoolClient\",\n        \"acm:ListCertificates\",\n        \"acm:DescribeCertificate\"\n      ],\n      \"Resource\": \"*\"\n    },\n    {\n      \"Effect\": \"Allow\",\n      \"Action\": \"ec2:CreateTags\",\n      \"Resource\": \"arn:aws:ec2:*:*:security-group/*\",\n      \"Condition\": {\n        \"Null\": {\n          \"aws:RequestTag/elbv2.k8s.aws/cluster\": \"false\"\n        },\n        \"StringEquals\": {\n          \"ec2:CreateAction\": \"CreateSecurityGroup\"\n        }\n      }\n    },\n    {\n      \"Effect\": \"Allow\",\n      \"Action\": [\n        \"elasticloadbalancing:CreateTargetGroup\",\n        \"elasticloadbalancing:CreateLoadBalancer\"\n      ],\n      \"Resource\": \"*\",\n      \"Condition\": {\n        \"Null\": {\n          \"aws:RequestTag/elbv2.k8s.aws/cluster\": \"false\"\n        }\n      }\n    },\n    {\n      \"Effect\": \"Allow\",\n      \"Action\": [\n        \"elasticloadbalancing:DeleteRule\",\n        \"elasticloadbalancing:DeleteListener\",\n        \"elasticloadbalancing:CreateRule\",\n        \"elasticloadbalancing:CreateListener\"\n      ],\n      \"Resource\": \"*\"\n    },\n    {\n      \"Effect\": \"Allow\",\n      \"Action\": [\n        \"elasticloadbalancing:RemoveTags\",\n        \"elasticloadbalancing:AddTags\"\n      ],\n      \"Resource\": [\n        \"arn:aws:elasticloadbalancing:*:*:targetgroup/*/*\",\n        \"arn:aws:elasticloadbalancing:*:*:loadbalancer/net/*/*\",\n        \"arn:aws:elasticloadbalancing:*:*:loadbalancer/app/*/*\"\n      ],\n      \"Condition\": {\n        \"Null\": {\n          \"aws:RequestTag/elbv2.k8s.aws/cluster\": \"true\",\n          \"aws:ResourceTag/elbv2.k8s.aws/cluster\": \"false\"\n        }\n      }\n    },\n    {\n      \"Effect\": \"Allow\",\n      \"Action\": [\n        \"elasticloadbalancing:SetSubnets\",\n        \"elasticloadbalancing:SetSecurityGroups\",\n        \"elasticloadbalancing:SetIpAddressType\",\n        \"elasticloadbalancing:ModifyTargetGroupAttributes\",\n        \"elasticloadbalancing:ModifyTargetGroup\",\n        \"elasticloadbalancing:ModifyLoadBalancerAttributes\",\n        \"elasticloadbalancing:DeleteTargetGroup\",\n        \"elasticloadbalancing:DeleteLoadBalancer\"\n      ],\n      \"Resource\": \"*\",\n      \"Condition\": {\n        \"Null\": {\n          \"aws:ResourceTag/elbv2.k8s.aws/cluster\": \"false\"\n        }\n      }\n    },\n    {\n      \"Effect\": \"Allow\",\n      \"Action\": [\n        \"elasticloadbalancing:RegisterTargets\",\n        \"elasticloadbalancing:DeregisterTargets\"\n      ],\n      \"Resource\": \"arn:aws:elasticloadbalancing:*:*:targetgroup/*/*\"\n    },\n    {\n      \"Effect\": \"Allow\",\n      \"Action\": [\n        \"elasticloadbalancing:SetWebAcl\",\n        \"elasticloadbalancing:RemoveListenerCertificates\",\n        \"elasticloadbalancing:ModifyRule\",\n        \"elasticloadbalancing:ModifyListener\",\n        \"elasticloadbalancing:AddListenerCertificates\"\n      ],\n      \"Resource\": \"*\"\n    }\n  ]\n}",
            "minified_json": "{\"Version\":\"2012-10-17\",\"Statement\":[{\"Effect\":\"Allow\",\"Action\":\"iam:CreateServiceLinkedRole\",\"Resource\":\"*\",\"Condition\":{\"StringEquals\":{\"iam:AWSServiceName\":\"elasticloadbalancing.amazonaws.com\"}}},{\"Effect\":\"Allow\",\"Action\":[\"elasticloadbalancing:DescribeTargetHealth\",\"elasticloadbalancing:DescribeTargetGroups\",\"elasticloadbalancing:DescribeTargetGroupAttributes\",\"elasticloadbalancing:DescribeTags\",\"elasticloadbalancing:DescribeSSLPolicies\",\"elasticloadbalancing:DescribeRules\",\"elasticloadbalancing:DescribeLoadBalancers\",\"elasticloadbalancing:DescribeLoadBalancerAttributes\",\"elasticloadbalancing:DescribeListeners\",\"elasticloadbalancing:DescribeListenerCertificates\",\"ec2:GetIpamPoolCidrs\",\"ec2:GetCoipPoolUsage\",\"ec2:DescribeVpcs\",\"ec2:DescribeVpcPeeringConnections\",\"ec2:DescribeTags\",\"ec2:DescribeSubnets\",\"ec2:DescribeSecurityGroups\",\"ec2:DescribeNetworkInterfaces\",\"ec2:DescribeInternetGateways\",\"ec2:DescribeInstances\",\"ec2:DescribeCoipPools\",\"ec2:DescribeAvailabilityZones\",\"ec2:DescribeAddresses\",\"ec2:DescribeAccountAttributes\"],\"Resource\":\"*\"},{\"Effect\":\"Allow\",\"Action\":[\"wafv2:GetWebACLForResource\",\"wafv2:GetWebACL\",\"wafv2:DisassociateWebACL\",\"wafv2:AssociateWebACL\",\"waf-regional:GetWebACLForResource\",\"waf-regional:GetWebACL\",\"waf-regional:DisassociateWebACL\",\"waf-regional:AssociateWebACL\",\"shield:GetSubscriptionState\",\"shield:DescribeSubscription\",\"shield:DescribeProtection\",\"iam:ListServerCertificates\",\"iam:GetServerCertificate\",\"cognito-idp:DescribeUserPoolClient\",\"acm:ListCertificates\",\"acm:DescribeCertificate\"],\"Resource\":\"*\"},{\"Effect\":\"Allow\",\"Action\":\"ec2:CreateTags\",\"Resource\":\"arn:aws:ec2:*:*:security-group/*\",\"Condition\":{\"Null\":{\"aws:RequestTag/elbv2.k8s.aws/cluster\":\"false\"},\"StringEquals\":{\"ec2:CreateAction\":\"CreateSecurityGroup\"}}},{\"Effect\":\"Allow\",\"Action\":[\"elasticloadbalancing:CreateTargetGroup\",\"elasticloadbalancing:CreateLoadBalancer\"],\"Resource\":\"*\",\"Condition\":{\"Null\":{\"aws:RequestTag/elbv2.k8s.aws/cluster\":\"false\"}}},{\"Effect\":\"Allow\",\"Action\":[\"elasticloadbalancing:DeleteRule\",\"elasticloadbalancing:DeleteListener\",\"elasticloadbalancing:CreateRule\",\"elasticloadbalancing:CreateListener\"],\"Resource\":\"*\"},{\"Effect\":\"Allow\",\"Action\":[\"elasticloadbalancing:RemoveTags\",\"elasticloadbalancing:AddTags\"],\"Resource\":[\"arn:aws:elasticloadbalancing:*:*:targetgroup/*/*\",\"arn:aws:elasticloadbalancing:*:*:loadbalancer/net/*/*\",\"arn:aws:elasticloadbalancing:*:*:loadbalancer/app/*/*\"],\"Condition\":{\"Null\":{\"aws:RequestTag/elbv2.k8s.aws/cluster\":\"true\",\"aws:ResourceTag/elbv2.k8s.aws/cluster\":\"false\"}}},{\"Effect\":\"Allow\",\"Action\":[\"elasticloadbalancing:SetSubnets\",\"elasticloadbalancing:SetSecurityGroups\",\"elasticloadbalancing:SetIpAddressType\",\"elasticloadbalancing:ModifyTargetGroupAttributes\",\"elasticloadbalancing:ModifyTargetGroup\",\"elasticloadbalancing:ModifyLoadBalancerAttributes\",\"elasticloadbalancing:DeleteTargetGroup\",\"elasticloadbalancing:DeleteLoadBalancer\"],\"Resource\":\"*\",\"Condition\":{\"Null\":{\"aws:ResourceTag/elbv2.k8s.aws/cluster\":\"false\"}}},{\"Effect\":\"Allow\",\"Action\":[\"elasticloadbalancing:RegisterTargets\",\"elasticloadbalancing:DeregisterTargets\"],\"Resource\":\"arn:aws:elasticloadbalancing:*:*:targetgroup/*/*\"},{\"Effect\":\"Allow\",\"Action\":[\"elasticloadbalancing:SetWebAcl\",\"elasticloadbalancing:RemoveListenerCertificates\",\"elasticloadbalancing:ModifyRule\",\"elasticloadbalancing:ModifyListener\",\"elasticloadbalancing:AddListenerCertificates\"],\"Resource\":\"*\"}]}",
            "override_json": null,
            "override_policy_documents": null,
            "policy_id": null,
            "source_json": null,
            "source_policy_documents": null,
            "statement": [
              {
                "actions": [
                  "iam:CreateServiceLinkedRole"
                ],
                "condition": [
                  {
                    "test": "StringEquals",
                    "values": [
                      "elasticloadbalancing.amazonaws.com"
                    ],
                    "variable": "iam:AWSServiceName"
                  }
                ],
                "effect": "Allow",
                "not_actions": [],
                "not_principals": [],
                "not_resources": [],
                "principals": [],
                "resources": [
                  "*"
                ],
                "sid": ""
              },
              {
                "actions": [
                  "ec2:DescribeAccountAttributes",
                  "ec2:DescribeAddresses",
                  "ec2:DescribeAvailabilityZones",
                  "ec2:DescribeCoipPools",
                  "ec2:DescribeInstances",
                  "ec2:DescribeInternetGateways",
                  "ec2:DescribeNetworkInterfaces",
                  "ec2:DescribeSecurityGroups",
                  "ec2:DescribeSubnets",
                  "ec2:DescribeTags",
                  "ec2:DescribeVpcPeeringConnections",
                  "ec2:DescribeVpcs",
                  "ec2:GetCoipPoolUsage",
                  "ec2:GetIpamPoolCidrs",
                  "elasticloadbalancing:DescribeListenerCertificates",
                  "elasticloadbalancing:DescribeListeners",
                  "elasticloadbalancing:DescribeLoadBalancerAttributes",
                  "elasticloadbalancing:DescribeLoadBalancers",
                  "elasticloadbalancing:DescribeRules",
                  "elasticloadbalancing:DescribeSSLPolicies",
                  "elasticloadbalancing:DescribeTags",
                  "elasticloadbalancing:DescribeTargetGroupAttributes",
                  "elasticloadbalancing:DescribeTargetGroups",
                  "elasticloadbalancing:DescribeTargetHealth"
                ],
                "condition": [],
                "effect": "Allow",
                "not_actions": [],
                "not_principals": [],
                "not_resources": [],
                "principals": [],
                "resources": [
                  "*"
                ],
                "sid": ""
              },
              {
                "actions": [
                  "acm:DescribeCertificate",
                  "acm:ListCertificates",
                  "cognito-idp:DescribeUserPoolClient",
                  "iam:GetServerCertificate",
                  "iam:ListServerCertificates",
                  "shield:DescribeProtection",
                  "shield:DescribeSubscription",
                  "shield:GetSubscriptionState",
                  "waf-regional:AssociateWebACL",
                  "waf-regional:DisassociateWebACL",
                  "waf-regional:GetWebACL",
                  "waf-regional:GetWebACLForResource",
                  "wafv2:AssociateWebACL",
                  "wafv2:DisassociateWebACL",
                  "wafv2:GetWebACL",
                  "wafv2:GetWebACLForResource"
                ],
                "condition": [],
                "effect": "Allow",
                "not_actions": [],
                "not_principals": [],
                "not_resources": [],
                "principals": [],
                "resources": [
                  "*"
                ],
                "sid": ""
              },
              {
                "actions": [
                  "ec2:CreateTags"
                ],
                "condition": [
                  {
                    "test": "Null",
                    "values": [
                      "false"
                    ],
                    "variable": "aws:RequestTag/elbv2.k8s.aws/cluster"
                  },
                  {
                    "test": "StringEquals",
                    "values": [
                      "CreateSecurityGroup"
                    ],
                    "variable": "ec2:CreateAction"
                  }
                ],
                "effect": "Allow",
                "not_actions": [],
                "not_principals": [],
                "not_resources": [],
                "principals": [],
                "resources": [
                  "arn:aws:ec2:*:*:security-group/*"
                ],
                "sid": ""
              },
              {
                "actions": [
                  "elasticloadbalancing:CreateLoadBalancer",
                  "elasticloadbalancing:CreateTargetGroup"
                ],
                "condition": [
                  {
                    "test": "Null",
                    "values": [
                      "false"
                    ],
                    "variable": "aws:RequestTag/elbv2.k8s.aws/cluster"
                  }
                ],
                "effect": "Allow",
                "not_actions": [],
                "not_principals": [],
                "not_resources": [],
                "principals": [],
                "resources": [
                  "*"
                ],
                "sid": ""
              },
              {
                "actions": [
                  "elasticloadbalancing:CreateListener",
                  "elasticloadbalancing:CreateRule",
                  "elasticloadbalancing:DeleteListener",
                  "elasticloadbalancing:DeleteRule"
                ],
                "condition": [],
                "effect": "Allow",
                "not_actions": [],
                "not_principals": [],
                "not_resources": [],
                "principals": [],
                "resources": [
                  "*"
                ],
                "sid": ""
              },
              {
                "actions": [
                  "elasticloadbalancing:AddTags",
                  "elasticloadbalancing:RemoveTags"
                ],
                "condition": [
                  {
                    "test": "Null",
                    "values": [
                      "false"
                    ],
                    "variable": "aws:ResourceTag/elbv2.k8s.aws/cluster"
                  },
                  {
                    "test": "Null",
                    "values": [
                      "true"
                    ],
                    "variable": "aws:RequestTag/elbv2.k8s.aws/cluster"
                  }
                ],
                "effect": "Allow",
                "not_actions": [],
                "not_principals": [],
                "not_resources": [],
                "principals": [],
                "resources": [
                  "arn:aws:elasticloadbalancing:*:*:loadbalancer/app/*/*",
                  "arn:aws:elasticloadbalancing:*:*:loadbalancer/net/*/*",
                  "arn:aws:elasticloadbalancing:*:*:targetgroup/*/*"
                ],
                "sid": ""
              },
              {
                "actions": [
                  "elasticloadbalancing:DeleteLoadBalancer",
                  "elasticloadbalancing:DeleteTargetGroup",
                  "elasticloadbalancing:ModifyLoadBalancerAttributes",
                  "elasticloadbalancing:ModifyTargetGroup",
                  "elasticloadbalancing:ModifyTargetGroupAttributes",
                  "elasticloadbalancing:SetIpAddressType",
                  "elasticloadbalancing:SetSecurityGroups",
                  "elasticloadbalancing:SetSubnets"
                ],
                "condition": [
                  {
                    "test": "Null",
                    "values": [
                      "false"
                    ],
                    "variable": "aws:ResourceTag/elbv2.k8s.aws/cluster"
                  }
                ],
                "effect": "Allow",
                "not_actions": [],
                "not_principals": [],
                "not_resources": [],
                "principals": [],
                "resources": [
                  "*"
                ],
                "sid": ""
              },
              {
                "actions": [
                  "elasticloadbalancing:DeregisterTargets",
                  "elasticloadbalancing:RegisterTargets"
                ],
                "condition": [],
                "effect": "Allow",
                "not_actions": [],
                "not_principals": [],
                "not_resources": [],
                "principals": [],
                "resources": [
                  "arn:aws:elasticloadbalancing:*:*:targetgroup/*/*"
                ],
                "sid": ""
              },
              {
                "actions": [
                  "elasticloadbalancing:AddListenerCertificates",
                  "elasticloadbalancing:ModifyListener",
                  "elasticloadbalancing:ModifyRule",
                  "elasticloadbalancing:RemoveListenerCertificates",
                  "elasticloadbalancing:SetWebAcl"
                ],
                "condition": [],
                "effect": "Allow",
                "not_actions": [],
                "not_principals": [],
                "not_resources": [],
                "principals": [],
                "resources": [
                  "*"
                ],
                "sid": ""
              }
            ],
            "version": "2012-10-17"
          },
          "sensitive_attributes": []
        }
      ]
    },
    {
      "module": "module.shared_services.module.aws_load_balancer_controller[0]",
      "mode": "managed",
      "type": "aws_iam_policy",
      "name": "aws_load_balancer_controller",
      "provider": "provider[\"registry.terraform.io/hashicorp/aws\"]",
      "instances": [
        {
          "index_key": 0,
          "schema_version": 0,
          "attributes": {
            "arn": "arn:aws:iam::630649313435:policy/ohio-01-eks-AWSLoadBalancerControllerPolicy",
            "attachment_count": 1,
            "description": "Policy for AWS Load Balancer Controller",
            "id": "arn:aws:iam::630649313435:policy/ohio-01-eks-AWSLoadBalancerControllerPolicy",
            "name": "ohio-01-eks-AWSLoadBalancerControllerPolicy",
            "name_prefix": "",
            "path": "/",
            "policy": "{\"Statement\":[{\"Action\":\"iam:CreateServiceLinkedRole\",\"Condition\":{\"StringEquals\":{\"iam:AWSServiceName\":\"elasticloadbalancing.amazonaws.com\"}},\"Effect\":\"Allow\",\"Resource\":\"*\"},{\"Action\":[\"elasticloadbalancing:DescribeTargetHealth\",\"elasticloadbalancing:DescribeTargetGroups\",\"elasticloadbalancing:DescribeTargetGroupAttributes\",\"elasticloadbalancing:DescribeTags\",\"elasticloadbalancing:DescribeSSLPolicies\",\"elasticloadbalancing:DescribeRules\",\"elasticloadbalancing:DescribeLoadBalancers\",\"elasticloadbalancing:DescribeLoadBalancerAttributes\",\"elasticloadbalancing:DescribeListeners\",\"elasticloadbalancing:DescribeListenerCertificates\",\"ec2:GetIpamPoolCidrs\",\"ec2:GetCoipPoolUsage\",\"ec2:DescribeVpcs\",\"ec2:DescribeVpcPeeringConnections\",\"ec2:DescribeTags\",\"ec2:DescribeSubnets\",\"ec2:DescribeSecurityGroups\",\"ec2:DescribeNetworkInterfaces\",\"ec2:DescribeInternetGateways\",\"ec2:DescribeInstances\",\"ec2:DescribeCoipPools\",\"ec2:DescribeAvailabilityZones\",\"ec2:DescribeAddresses\",\"ec2:DescribeAccountAttributes\"],\"Effect\":\"Allow\",\"Resource\":\"*\"},{\"Action\":[\"wafv2:GetWebACLForResource\",\"wafv2:GetWebACL\",\"wafv2:DisassociateWebACL\",\"wafv2:AssociateWebACL\",\"waf-regional:GetWebACLForResource\",\"waf-regional:GetWebACL\",\"waf-regional:DisassociateWebACL\",\"waf-regional:AssociateWebACL\",\"shield:GetSubscriptionState\",\"shield:DescribeSubscription\",\"shield:DescribeProtection\",\"iam:ListServerCertificates\",\"iam:GetServerCertificate\",\"cognito-idp:DescribeUserPoolClient\",\"acm:ListCertificates\",\"acm:DescribeCertificate\"],\"Effect\":\"Allow\",\"Resource\":\"*\"},{\"Action\":\"ec2:CreateTags\",\"Condition\":{\"Null\":{\"aws:RequestTag/elbv2.k8s.aws/cluster\":\"false\"},\"StringEquals\":{\"ec2:CreateAction\":\"CreateSecurityGroup\"}},\"Effect\":\"Allow\",\"Resource\":\"arn:aws:ec2:*:*:security-group/*\"},{\"Action\":[\"elasticloadbalancing:CreateTargetGroup\",\"elasticloadbalancing:CreateLoadBalancer\"],\"Condition\":{\"Null\":{\"aws:RequestTag/elbv2.k8s.aws/cluster\":\"false\"}},\"Effect\":\"Allow\",\"Resource\":\"*\"},{\"Action\":[\"elasticloadbalancing:DeleteRule\",\"elasticloadbalancing:DeleteListener\",\"elasticloadbalancing:CreateRule\",\"elasticloadbalancing:CreateListener\"],\"Effect\":\"Allow\",\"Resource\":\"*\"},{\"Action\":[\"elasticloadbalancing:RemoveTags\",\"elasticloadbalancing:AddTags\"],\"Condition\":{\"Null\":{\"aws:RequestTag/elbv2.k8s.aws/cluster\":\"true\",\"aws:ResourceTag/elbv2.k8s.aws/cluster\":\"false\"}},\"Effect\":\"Allow\",\"Resource\":[\"arn:aws:elasticloadbalancing:*:*:targetgroup/*/*\",\"arn:aws:elasticloadbalancing:*:*:loadbalancer/net/*/*\",\"arn:aws:elasticloadbalancing:*:*:loadbalancer/app/*/*\"]},{\"Action\":[\"elasticloadbalancing:SetSubnets\",\"elasticloadbalancing:SetSecurityGroups\",\"elasticloadbalancing:SetIpAddressType\",\"elasticloadbalancing:ModifyTargetGroupAttributes\",\"elasticloadbalancing:ModifyTargetGroup\",\"elasticloadbalancing:ModifyLoadBalancerAttributes\",\"elasticloadbalancing:DeleteTargetGroup\",\"elasticloadbalancing:DeleteLoadBalancer\"],\"Condition\":{\"Null\":{\"aws:ResourceTag/elbv2.k8s.aws/cluster\":\"false\"}},\"Effect\":\"Allow\",\"Resource\":\"*\"},{\"Action\":[\"elasticloadbalancing:RegisterTargets\",\"elasticloadbalancing:DeregisterTargets\"],\"Effect\":\"Allow\",\"Resource\":\"arn:aws:elasticloadbalancing:*:*:targetgroup/*/*\"},{\"Action\":[\"elasticloadbalancing:SetWebAcl\",\"elasticloadbalancing:RemoveListenerCertificates\",\"elasticloadbalancing:ModifyRule\",\"elasticloadbalancing:ModifyListener\",\"elasticloadbalancing:AddListenerCertificates\"],\"Effect\":\"Allow\",\"Resource\":\"*\"}],\"Version\":\"2012-10-17\"}",
            "policy_id": "ANPAZFVNA3CNZ4PNV5HEC",
            "tags": {
              "Architecture": "Multi-Client",
              "BackupRequired": "true",
              "Company": "CPTWN",
              "CriticalInfra": "true",
              "DeploymentPhase": "Phase-2",
              "Environment": "production",
              "Layer": "SharedServices",
              "ManagedBy": "Terraform",
              "Name": "ohio-01-eks-AWSLoadBalancerControllerPolicy",
              "Project": "ohio-01-eks",
              "Purpose": "AWS Load Balancer Controller IAM Policy",
              "Region": "us-east-2",
              "SecurityLevel": "High"
            },
            "tags_all": {
              "Architecture": "Multi-Client",
              "BackupRequired": "true",
              "Company": "CPTWN",
              "CriticalInfra": "true",
              "DeploymentPhase": "Phase-2",
              "Environment": "production",
              "Layer": "SharedServices",
              "ManagedBy": "Terraform",
              "Name": "ohio-01-eks-AWSLoadBalancerControllerPolicy",
              "Project": "ohio-01-eks",
              "Purpose": "AWS Load Balancer Controller IAM Policy",
              "Region": "us-east-2",
              "SecurityLevel": "High"
            }
          },
          "sensitive_attributes": [],
          "private": "bnVsbA==",
          "dependencies": [
            "data.terraform_remote_state.platform",
            "module.shared_services.module.aws_load_balancer_controller.data.aws_iam_policy_document.aws_load_balancer_controller"
          ]
        }
      ]
    },
    {
      "module": "module.shared_services.module.aws_load_balancer_controller[0]",
      "mode": "managed",
      "type": "aws_iam_role",
      "name": "aws_load_balancer_controller",
      "provider": "provider[\"registry.terraform.io/hashicorp/aws\"]",
      "instances": [
        {
          "index_key": 0,
          "schema_version": 0,
          "attributes": {
            "arn": "arn:aws:iam::630649313435:role/ohio-01-eks-aws-load-balancer-controller-role",
            "assume_role_policy": "{\"Statement\":[{\"Action\":\"sts:AssumeRoleWithWebIdentity\",\"Condition\":{\"StringEquals\":{\"oidc.eks.us-east-2.amazonaws.com/id/CFA9F8E82C13268C9DB96A8AFC2E1321:aud\":\"sts.amazonaws.com\",\"oidc.eks.us-east-2.amazonaws.com/id/CFA9F8E82C13268C9DB96A8AFC2E1321:sub\":\"system:serviceaccount:kube-system:ohio-01-eks-aws-load-balancer-controller-sa\"}},\"Effect\":\"Allow\",\"Principal\":{\"Federated\":\"arn:aws:iam::630649313435:oidc-provider/oidc.eks.us-east-2.amazonaws.com/id/CFA9F8E82C13268C9DB96A8AFC2E1321\"}}],\"Version\":\"2012-10-17\"}",
            "create_date": "2025-10-15T10:38:52Z",
            "description": "",
            "force_detach_policies": false,
            "id": "ohio-01-eks-aws-load-balancer-controller-role",
            "inline_policy": [],
            "managed_policy_arns": [
              "arn:aws:iam::630649313435:policy/ohio-01-eks-AWSLoadBalancerControllerPolicy"
            ],
            "max_session_duration": 3600,
            "name": "ohio-01-eks-aws-load-balancer-controller-role",
            "name_prefix": "",
            "path": "/",
            "permissions_boundary": "",
            "tags": {
              "Architecture": "Multi-Client",
              "BackupRequired": "true",
              "Company": "CPTWN",
              "CriticalInfra": "true",
              "DeploymentPhase": "Phase-2",
              "Environment": "production",
              "Layer": "SharedServices",
              "ManagedBy": "Terraform",
              "Name": "ohio-01-eks-aws-load-balancer-controller-role",
              "Project": "ohio-01-eks",
              "Purpose": "AWS Load Balancer Controller IRSA Role",
              "Region": "us-east-2",
              "SecurityLevel": "High"
            },
            "tags_all": {
              "Architecture": "Multi-Client",
              "BackupRequired": "true",
              "Company": "CPTWN",
              "CriticalInfra": "true",
              "DeploymentPhase": "Phase-2",
              "Environment": "production",
              "Layer": "SharedServices",
              "ManagedBy": "Terraform",
              "Name": "ohio-01-eks-aws-load-balancer-controller-role",
              "Project": "ohio-01-eks",
              "Purpose": "AWS Load Balancer Controller IRSA Role",
              "Region": "us-east-2",
              "SecurityLevel": "High"
            },
            "unique_id": "AROAZFVNA3CN6POLJXDPN"
          },
          "sensitive_attributes": [],
          "private": "bnVsbA==",
          "dependencies": [
            "data.terraform_remote_state.platform"
          ]
        }
      ]
    },
    {
      "module": "module.shared_services.module.aws_load_balancer_controller[0]",
      "mode": "managed",
      "type": "aws_iam_role_policy_attachment",
      "name": "aws_load_balancer_controller",
      "provider": "provider[\"registry.terraform.io/hashicorp/aws\"]",
      "instances": [
        {
          "index_key": 0,
          "schema_version": 0,
          "attributes": {
            "id": "ohio-01-eks-aws-load-balancer-controller-role-20251015103854978800000002",
            "policy_arn": "arn:aws:iam::630649313435:policy/ohio-01-eks-AWSLoadBalancerControllerPolicy",
            "role": "ohio-01-eks-aws-load-balancer-controller-role"
          },
          "sensitive_attributes": [],
          "private": "bnVsbA==",
          "dependencies": [
            "data.terraform_remote_state.platform",
            "module.shared_services.module.aws_load_balancer_controller.aws_iam_policy.aws_load_balancer_controller",
            "module.shared_services.module.aws_load_balancer_controller.aws_iam_role.aws_load_balancer_controller",
            "module.shared_services.module.aws_load_balancer_controller.data.aws_iam_policy_document.aws_load_balancer_controller"
          ]
        }
      ]
    },
    {
      "module": "module.shared_services.module.aws_load_balancer_controller[0]",
      "mode": "managed",
      "type": "helm_release",
      "name": "aws_load_balancer_controller",
      "provider": "provider[\"registry.terraform.io/hashicorp/helm\"]",
      "instances": [
        {
          "schema_version": 1,
          "attributes": {
            "atomic": false,
            "chart": "aws-load-balancer-controller",
            "cleanup_on_fail": false,
            "create_namespace": false,
            "dependency_update": false,
            "description": null,
            "devel": null,
            "disable_crd_hooks": false,
            "disable_openapi_validation": false,
            "disable_webhooks": false,
            "force_update": false,
            "id": "aws-load-balancer-controller",
            "keyring": null,
            "lint": false,
            "manifest": null,
            "max_history": 0,
            "metadata": [
              {
                "app_version": "v2.9.0",
                "chart": "aws-load-balancer-controller",
                "first_deployed": 1760524772,
                "last_deployed": 1760524772,
                "name": "aws-load-balancer-controller",
                "namespace": "kube-system",
                "notes": "AWS Load Balancer controller installed!\n",
                "revision": 1,
                "values": "{\"clusterName\":\"ohio-01-eks\",\"nodeSelector\":{\"workload-type\":\"system\"},\"region\":\"us-east-2\",\"resources\":{\"limits\":{\"cpu\":\"200m\",\"memory\":\"256Mi\"},\"requests\":{\"cpu\":\"100m\",\"memory\":\"128Mi\"}},\"serviceAccount\":{\"create\":false,\"name\":\"ohio-01-eks-aws-load-balancer-controller-sa\"},\"tolerations\":[{\"effect\":\"NoSchedule\",\"key\":\"workload-type\",\"operator\":\"Equal\",\"value\":\"system\"},{\"effect\":\"NoSchedule\",\"key\":\"dedicated\",\"operator\":\"Equal\",\"value\":\"shared-services\"}],\"vpcId\":\"vpc-0f10db6f0b03865bf\"}",
                "version": "1.9.0"
              }
            ],
            "name": "aws-load-balancer-controller",
            "namespace": "kube-system",
            "pass_credentials": false,
            "postrender": [],
            "recreate_pods": false,
            "render_subchart_notes": true,
            "replace": false,
            "repository": "https://aws.github.io/eks-charts",
            "repository_ca_file": null,
            "repository_cert_file": null,
            "repository_key_file": null,
            "repository_password": null,
            "repository_username": null,
            "reset_values": false,
            "reuse_values": false,
            "set": [
              {
                "name": "clusterName",
                "type": "",
                "value": "ohio-01-eks"
              },
              {
                "name": "nodeSelector.workload-type",
                "type": "",
                "value": "system"
              },
              {
                "name": "region",
                "type": "",
                "value": "us-east-2"
              },
              {
                "name": "resources.limits.cpu",
                "type": "",
                "value": "200m"
              },
              {
                "name": "resources.limits.memory",
                "type": "",
                "value": "256Mi"
              },
              {
                "name": "resources.requests.cpu",
                "type": "",
                "value": "100m"
              },
              {
                "name": "resources.requests.memory",
                "type": "",
                "value": "128Mi"
              },
              {
                "name": "serviceAccount.create",
                "type": "",
                "value": "false"
              },
              {
                "name": "serviceAccount.name",
                "type": "",
                "value": "ohio-01-eks-aws-load-balancer-controller-sa"
              },
              {
                "name": "tolerations[0].effect",
                "type": "",
                "value": "NoSchedule"
              },
              {
                "name": "tolerations[0].key",
                "type": "",
                "value": "workload-type"
              },
              {
                "name": "tolerations[0].operator",
                "type": "",
                "value": "Equal"
              },
              {
                "name": "tolerations[0].value",
                "type": "",
                "value": "system"
              },
              {
                "name": "tolerations[1].effect",
                "type": "",
                "value": "NoSchedule"
              },
              {
                "name": "tolerations[1].key",
                "type": "",
                "value": "dedicated"
              },
              {
                "name": "tolerations[1].operator",
                "type": "",
                "value": "Equal"
              },
              {
                "name": "tolerations[1].value",
                "type": "",
                "value": "shared-services"
              },
              {
                "name": "vpcId",
                "type": "",
                "value": "vpc-0f10db6f0b03865bf"
              }
            ],
            "set_list": [],
            "set_sensitive": [],
            "skip_crds": false,
            "status": "deployed",
            "timeout": 300,
            "upgrade_install": null,
            "values": null,
            "verify": false,
            "version": "1.9.0",
            "wait": true,
            "wait_for_jobs": false
          },
          "sensitive_attributes": [
            [
              {
                "type": "get_attr",
                "value": "repository_password"
              }
            ]
          ],
          "private": "eyJzY2hlbWFfdmVyc2lvbiI6IjEifQ==",
          "dependencies": [
            "data.terraform_remote_state.foundation",
            "data.terraform_remote_state.platform",
            "module.shared_services.module.aws_load_balancer_controller.aws_iam_role.aws_load_balancer_controller",
            "module.shared_services.module.aws_load_balancer_controller.kubernetes_service_account.aws_load_balancer_controller"
          ]
        }
      ]
    },
    {
      "module": "module.shared_services.module.aws_load_balancer_controller[0]",
      "mode": "managed",
      "type": "kubernetes_service_account",
      "name": "aws_load_balancer_controller",
      "provider": "provider[\"registry.terraform.io/hashicorp/kubernetes\"]",
      "instances": [
        {
          "schema_version": 0,
          "attributes": {
            "automount_service_account_token": true,
            "default_secret_name": "",
            "id": "kube-system/ohio-01-eks-aws-load-balancer-controller-sa",
            "image_pull_secret": [],
            "metadata": [
              {
                "annotations": {
                  "eks.amazonaws.com/role-arn": "arn:aws:iam::630649313435:role/ohio-01-eks-aws-load-balancer-controller-role"
                },
                "generate_name": "",
                "generation": 0,
                "labels": {
                  "app.kubernetes.io/component": "controller",
                  "app.kubernetes.io/managed-by": "terraform",
                  "app.kubernetes.io/name": "aws-load-balancer-controller",
                  "app.kubernetes.io/part-of": "ohio-01-eks"
                },
                "name": "ohio-01-eks-aws-load-balancer-controller-sa",
                "namespace": "kube-system",
                "resource_version": "3744",
                "uid": "7e7fc9d8-a1f7-47a3-947a-1ecb3fd2edfe"
              }
            ],
            "secret": [],
            "timeouts": null
          },
          "sensitive_attributes": [],
          "private": "eyJlMmJmYjczMC1lY2FhLTExZTYtOGY4OC0zNDM2M2JjN2M0YzAiOnsiY3JlYXRlIjozMDAwMDAwMDAwMH19",
          "dependencies": [
            "data.terraform_remote_state.platform",
            "module.shared_services.module.aws_load_balancer_controller.aws_iam_role.aws_load_balancer_controller"
          ]
        }
      ]
    },
    {
      "module": "module.shared_services.module.cluster_autoscaler[0]",
      "mode": "data",
      "type": "aws_caller_identity",
      "name": "current",
      "provider": "provider[\"registry.terraform.io/hashicorp/aws\"]",
      "instances": [
        {
          "schema_version": 0,
          "attributes": {
            "account_id": "630649313435",
            "arn": "arn:aws:iam::630649313435:user/djuma",
            "id": "630649313435",
            "user_id": "AIDAZFVNA3CNVLDQ6L44J"
          },
          "sensitive_attributes": []
        }
      ]
    },
    {
      "module": "module.shared_services.module.cluster_autoscaler[0]",
      "mode": "managed",
      "type": "aws_iam_policy",
      "name": "cluster_autoscaler",
      "provider": "provider[\"registry.terraform.io/hashicorp/aws\"]",
      "instances": [
        {
          "index_key": 0,
          "schema_version": 0,
          "attributes": {
            "arn": "arn:aws:iam::630649313435:policy/ohio-01-eks-cluster-autoscaler-policy",
            "attachment_count": 1,
            "description": "Policy for cluster autoscaler to manage ASG scaling",
            "id": "arn:aws:iam::630649313435:policy/ohio-01-eks-cluster-autoscaler-policy",
            "name": "ohio-01-eks-cluster-autoscaler-policy",
            "name_prefix": "",
            "path": "/",
            "policy": "{\"Statement\":[{\"Action\":[\"autoscaling:DescribeAutoScalingGroups\",\"autoscaling:DescribeAutoScalingInstances\",\"autoscaling:DescribeLaunchConfigurations\",\"autoscaling:DescribeScalingActivities\",\"autoscaling:DescribeTags\",\"ec2:DescribeImages\",\"ec2:DescribeInstanceTypes\",\"ec2:DescribeLaunchTemplateVersions\",\"ec2:GetInstanceTypesFromInstanceRequirements\",\"eks:DescribeNodegroup\"],\"Effect\":\"Allow\",\"Resource\":\"*\"},{\"Action\":[\"autoscaling:SetDesiredCapacity\",\"autoscaling:TerminateInstanceInAutoScalingGroup\"],\"Condition\":{\"StringEquals\":{\"autoscaling:ResourceTag/kubernetes.io/cluster/ohio-01-eks\":\"owned\"}},\"Effect\":\"Allow\",\"Resource\":\"*\"}],\"Version\":\"2012-10-17\"}",
            "policy_id": "ANPAZFVNA3CNZLXCRYQBT",
            "tags": {
              "Architecture": "Multi-Client",
              "BackupRequired": "true",
              "Company": "CPTWN",
              "CriticalInfra": "true",
              "DeploymentPhase": "Phase-2",
              "Environment": "production",
              "Layer": "SharedServices",
              "ManagedBy": "Terraform",
              "Name": "ohio-01-eks-cluster-autoscaler-policy",
              "Project": "ohio-01-eks",
              "Purpose": "Cluster Autoscaler IAM Policy",
              "Region": "us-east-2",
              "SecurityLevel": "High"
            },
            "tags_all": {
              "Architecture": "Multi-Client",
              "BackupRequired": "true",
              "Company": "CPTWN",
              "CriticalInfra": "true",
              "DeploymentPhase": "Phase-2",
              "Environment": "production",
              "Layer": "SharedServices",
              "ManagedBy": "Terraform",
              "Name": "ohio-01-eks-cluster-autoscaler-policy",
              "Project": "ohio-01-eks",
              "Purpose": "Cluster Autoscaler IAM Policy",
              "Region": "us-east-2",
              "SecurityLevel": "High"
            }
          },
          "sensitive_attributes": [],
          "private": "bnVsbA==",
          "dependencies": [
            "data.terraform_remote_state.platform"
          ]
        }
      ]
    },
    {
      "module": "module.shared_services.module.cluster_autoscaler[0]",
      "mode": "managed",
      "type": "aws_iam_role",
      "name": "cluster_autoscaler",
      "provider": "provider[\"registry.terraform.io/hashicorp/aws\"]",
      "instances": [
        {
          "index_key": 0,
          "schema_version": 0,
          "attributes": {
            "arn": "arn:aws:iam::630649313435:role/ohio-01-eks-cluster-autoscaler-role",
            "assume_role_policy": "{\"Statement\":[{\"Action\":\"sts:AssumeRoleWithWebIdentity\",\"Condition\":{\"StringEquals\":{\"oidc.eks.us-east-2.amazonaws.com/id/CFA9F8E82C13268C9DB96A8AFC2E1321:aud\":\"sts.amazonaws.com\",\"oidc.eks.us-east-2.amazonaws.com/id/CFA9F8E82C13268C9DB96A8AFC2E1321:sub\":[\"system:serviceaccount:kube-system:ohio-01-eks-cluster-autoscaler-sa\",\"system:serviceaccount:kube-system:cluster-autoscaler-aws-cluster-autoscaler\"]}},\"Effect\":\"Allow\",\"Principal\":{\"Federated\":\"arn:aws:iam::630649313435:oidc-provider/oidc.eks.us-east-2.amazonaws.com/id/CFA9F8E82C13268C9DB96A8AFC2E1321\"}}],\"Version\":\"2012-10-17\"}",
            "create_date": "2025-10-15T10:38:52Z",
            "description": "",
            "force_detach_policies": false,
            "id": "ohio-01-eks-cluster-autoscaler-role",
            "inline_policy": [],
            "managed_policy_arns": [
              "arn:aws:iam::630649313435:policy/ohio-01-eks-cluster-autoscaler-policy"
            ],
            "max_session_duration": 3600,
            "name": "ohio-01-eks-cluster-autoscaler-role",
            "name_prefix": "",
            "path": "/",
            "permissions_boundary": "",
            "tags": {
              "Architecture": "Multi-Client",
              "BackupRequired": "true",
              "Company": "CPTWN",
              "CriticalInfra": "true",
              "DeploymentPhase": "Phase-2",
              "Environment": "production",
              "Layer": "SharedServices",
              "ManagedBy": "Terraform",
              "Name": "ohio-01-eks-cluster-autoscaler-role",
              "Project": "ohio-01-eks",
              "Purpose": "Cluster Autoscaler IRSA Role",
              "Region": "us-east-2",
              "SecurityLevel": "High"
            },
            "tags_all": {
              "Architecture": "Multi-Client",
              "BackupRequired": "true",
              "Company": "CPTWN",
              "CriticalInfra": "true",
              "DeploymentPhase": "Phase-2",
              "Environment": "production",
              "Layer": "SharedServices",
              "ManagedBy": "Terraform",
              "Name": "ohio-01-eks-cluster-autoscaler-role",
              "Project": "ohio-01-eks",
              "Purpose": "Cluster Autoscaler IRSA Role",
              "Region": "us-east-2",
              "SecurityLevel": "High"
            },
            "unique_id": "AROAZFVNA3CNR6SOGNYIU"
          },
          "sensitive_attributes": [],
          "private": "bnVsbA==",
          "dependencies": [
            "data.terraform_remote_state.platform"
          ]
        }
      ]
    },
    {
      "module": "module.shared_services.module.cluster_autoscaler[0]",
      "mode": "managed",
      "type": "aws_iam_role_policy_attachment",
      "name": "cluster_autoscaler",
      "provider": "provider[\"registry.terraform.io/hashicorp/aws\"]",
      "instances": [
        {
          "index_key": 0,
          "schema_version": 0,
          "attributes": {
            "id": "ohio-01-eks-cluster-autoscaler-role-20251015103854054200000001",
            "policy_arn": "arn:aws:iam::630649313435:policy/ohio-01-eks-cluster-autoscaler-policy",
            "role": "ohio-01-eks-cluster-autoscaler-role"
          },
          "sensitive_attributes": [],
          "private": "bnVsbA==",
          "dependencies": [
            "data.terraform_remote_state.platform",
            "module.shared_services.module.cluster_autoscaler.aws_iam_policy.cluster_autoscaler",
            "module.shared_services.module.cluster_autoscaler.aws_iam_role.cluster_autoscaler"
          ]
        }
      ]
    },
    {
      "module": "module.shared_services.module.cluster_autoscaler[0]",
      "mode": "managed",
      "type": "helm_release",
      "name": "cluster_autoscaler",
      "provider": "provider[\"registry.terraform.io/hashicorp/helm\"]",
      "instances": [
        {
          "schema_version": 1,
          "attributes": {
            "atomic": false,
            "chart": "cluster-autoscaler",
            "cleanup_on_fail": false,
            "create_namespace": false,
            "dependency_update": false,
            "description": null,
            "devel": null,
            "disable_crd_hooks": false,
            "disable_openapi_validation": false,
            "disable_webhooks": false,
            "force_update": false,
            "id": "cluster-autoscaler",
            "keyring": null,
            "lint": false,
            "manifest": null,
            "max_history": 0,
            "metadata": [
              {
                "app_version": "1.31.0",
                "chart": "cluster-autoscaler",
                "first_deployed": 1760526221,
                "last_deployed": 1760526221,
                "name": "cluster-autoscaler",
                "namespace": "kube-system",
                "notes": "\n\nTo verify that cluster-autoscaler has started, run:\n\n  kubectl --namespace=kube-system get pods -l \"app.kubernetes.io/name=aws-cluster-autoscaler,app.kubernetes.io/instance=cluster-autoscaler\"",
                "revision": 1,
                "values": "{\"autoDiscovery\":{\"clusterName\":\"ohio-01-eks\"},\"awsRegion\":\"us-east-2\",\"extraArgs\":{\"balance-similar-node-groups\":true,\"logtostderr\":true,\"max-node-provision-time\":\"15m\",\"scale-down-delay-after-add\":\"10m\",\"scale-down-enabled\":true,\"scale-down-unneeded-time\":\"10m\",\"scale-down-utilization-threshold\":\"0.5\",\"skip-nodes-with-local-storage\":false,\"skip-nodes-with-system-pods\":false,\"stderrthreshold\":\"info\",\"v\":4},\"nodeSelector\":{\"kubernetes.io/os\":\"linux\",\"workload-type\":\"system\"},\"podDisruptionBudget\":{\"enabled\":true,\"maxUnavailable\":0},\"priorityClassName\":\"system-cluster-critical\",\"replicaCount\":1,\"resources\":{\"limits\":{\"cpu\":\"300m\",\"memory\":\"500Mi\"},\"requests\":{\"cpu\":\"100m\",\"memory\":\"300Mi\"}},\"securityContext\":{\"runAsNonRoot\":true,\"runAsUser\":65534},\"serviceAccount\":{\"annotations\":{\"eks.amazonaws.com/role-arn\":\"arn:aws:iam::630649313435:role/ohio-01-eks-cluster-autoscaler-role\"},\"create\":false,\"name\":\"ohio-01-eks-cluster-autoscaler-sa\"},\"tolerations\":[{\"effect\":\"NoSchedule\",\"key\":\"CriticalAddonsOnly\",\"operator\":\"Exists\"},{\"effect\":\"NoSchedule\",\"key\":\"workload-type\",\"operator\":\"Equal\",\"value\":\"system\"},{\"effect\":\"NoSchedule\",\"key\":\"dedicated\",\"operator\":\"Equal\",\"value\":\"shared-services\"}]}",
                "version": "9.43.0"
              }
            ],
            "name": "cluster-autoscaler",
            "namespace": "kube-system",
            "pass_credentials": false,
            "postrender": [],
            "recreate_pods": false,
            "render_subchart_notes": true,
            "replace": false,
            "repository": "https://kubernetes.github.io/autoscaler",
            "repository_ca_file": null,
            "repository_cert_file": null,
            "repository_key_file": null,
            "repository_password": null,
            "repository_username": null,
            "reset_values": false,
            "reuse_values": false,
            "set": [
              {
                "name": "autoDiscovery.clusterName",
                "type": "",
                "value": "ohio-01-eks"
              },
              {
                "name": "awsRegion",
                "type": "",
                "value": "us-east-2"
              },
              {
                "name": "extraArgs.balance-similar-node-groups",
                "type": "",
                "value": "true"
              },
              {
                "name": "extraArgs.logtostderr",
                "type": "",
                "value": "true"
              },
              {
                "name": "extraArgs.max-node-provision-time",
                "type": "",
                "value": "15m"
              },
              {
                "name": "extraArgs.scale-down-delay-after-add",
                "type": "",
                "value": "10m"
              },
              {
                "name": "extraArgs.scale-down-enabled",
                "type": "",
                "value": "true"
              },
              {
                "name": "extraArgs.scale-down-unneeded-time",
                "type": "",
                "value": "10m"
              },
              {
                "name": "extraArgs.scale-down-utilization-threshold",
                "type": "",
                "value": "0.5"
              },
              {
                "name": "extraArgs.skip-nodes-with-local-storage",
                "type": "",
                "value": "false"
              },
              {
                "name": "extraArgs.skip-nodes-with-system-pods",
                "type": "",
                "value": "false"
              },
              {
                "name": "extraArgs.stderrthreshold",
                "type": "",
                "value": "info"
              },
              {
                "name": "extraArgs.v",
                "type": "",
                "value": "4"
              },
              {
                "name": "nodeSelector.kubernetes\\.io/os",
                "type": "",
                "value": "linux"
              },
              {
                "name": "nodeSelector.workload-type",
                "type": "",
                "value": "system"
              },
              {
                "name": "podDisruptionBudget.enabled",
                "type": "",
                "value": "true"
              },
              {
                "name": "podDisruptionBudget.maxUnavailable",
                "type": "",
                "value": "0"
              },
              {
                "name": "priorityClassName",
                "type": "",
                "value": "system-cluster-critical"
              },
              {
                "name": "replicaCount",
                "type": "",
                "value": "1"
              },
              {
                "name": "resources.limits.cpu",
                "type": "",
                "value": "300m"
              },
              {
                "name": "resources.limits.memory",
                "type": "",
                "value": "500Mi"
              },
              {
                "name": "resources.requests.cpu",
                "type": "",
                "value": "100m"
              },
              {
                "name": "resources.requests.memory",
                "type": "",
                "value": "300Mi"
              },
              {
                "name": "securityContext.runAsNonRoot",
                "type": "",
                "value": "true"
              },
              {
                "name": "securityContext.runAsUser",
                "type": "",
                "value": "65534"
              },
              {
                "name": "tolerations[0].effect",
                "type": "",
                "value": "NoSchedule"
              },
              {
                "name": "tolerations[0].key",
                "type": "",
                "value": "CriticalAddonsOnly"
              },
              {
                "name": "tolerations[0].operator",
                "type": "",
                "value": "Exists"
              },
              {
                "name": "tolerations[1].effect",
                "type": "",
                "value": "NoSchedule"
              },
              {
                "name": "tolerations[1].key",
                "type": "",
                "value": "workload-type"
              },
              {
                "name": "tolerations[1].operator",
                "type": "",
                "value": "Equal"
              },
              {
                "name": "tolerations[1].value",
                "type": "",
                "value": "system"
              },
              {
                "name": "tolerations[2].effect",
                "type": "",
                "value": "NoSchedule"
              },
              {
                "name": "tolerations[2].key",
                "type": "",
                "value": "dedicated"
              },
              {
                "name": "tolerations[2].operator",
                "type": "",
                "value": "Equal"
              },
              {
                "name": "tolerations[2].value",
                "type": "",
                "value": "shared-services"
              }
            ],
            "set_list": [],
            "set_sensitive": [],
            "skip_crds": false,
            "status": "deployed",
            "timeout": 600,
            "upgrade_install": null,
            "values": [
              "\"serviceAccount\":\n  \"annotations\":\n    \"eks.amazonaws.com/role-arn\": \"arn:aws:iam::630649313435:role/ohio-01-eks-cluster-autoscaler-role\"\n  \"create\": false\n  \"name\": \"ohio-01-eks-cluster-autoscaler-sa\"\n"
            ],
            "verify": false,
            "version": "9.43.0",
            "wait": true,
            "wait_for_jobs": false
          },
          "sensitive_attributes": [
            [
              {
                "type": "get_attr",
                "value": "repository_password"
              }
            ]
          ],
          "private": "eyJzY2hlbWFfdmVyc2lvbiI6IjEifQ==",
          "dependencies": [
            "data.terraform_remote_state.platform",
            "module.shared_services.module.cluster_autoscaler.aws_iam_policy.cluster_autoscaler",
            "module.shared_services.module.cluster_autoscaler.aws_iam_role.cluster_autoscaler",
            "module.shared_services.module.cluster_autoscaler.aws_iam_role_policy_attachment.cluster_autoscaler",
            "module.shared_services.module.cluster_autoscaler.kubernetes_service_account.cluster_autoscaler"
          ]
        }
      ]
    },
    {
      "module": "module.shared_services.module.cluster_autoscaler[0]",
      "mode": "managed",
      "type": "kubernetes_service_account",
      "name": "cluster_autoscaler",
      "provider": "provider[\"registry.terraform.io/hashicorp/kubernetes\"]",
      "instances": [
        {
          "schema_version": 0,
          "attributes": {
            "automount_service_account_token": true,
            "default_secret_name": "",
            "id": "kube-system/ohio-01-eks-cluster-autoscaler-sa",
            "image_pull_secret": [],
            "metadata": [
              {
                "annotations": {
                  "eks.amazonaws.com/role-arn": "arn:aws:iam::630649313435:role/ohio-01-eks-cluster-autoscaler-role"
                },
                "generate_name": "",
                "generation": 0,
                "labels": {
                  "app.kubernetes.io/component": "controller",
                  "app.kubernetes.io/managed-by": "terraform",
                  "app.kubernetes.io/name": "cluster-autoscaler",
                  "app.kubernetes.io/part-of": "ohio-01-eks"
                },
                "name": "ohio-01-eks-cluster-autoscaler-sa",
                "namespace": "kube-system",
                "resource_version": "3745",
                "uid": "9c218089-3bac-45f2-930d-e91a393bd707"
              }
            ],
            "secret": [],
            "timeouts": null
          },
          "sensitive_attributes": [],
          "private": "eyJlMmJmYjczMC1lY2FhLTExZTYtOGY4OC0zNDM2M2JjN2M0YzAiOnsiY3JlYXRlIjozMDAwMDAwMDAwMH19",
          "dependencies": [
            "data.terraform_remote_state.platform",
            "module.shared_services.module.cluster_autoscaler.aws_iam_role.cluster_autoscaler"
          ]
        }
      ]
    },
    {
      "module": "module.shared_services.module.cluster_autoscaler[0]",
      "mode": "managed",
      "type": "null_resource",
      "name": "fix_service_account_annotation",
      "provider": "provider[\"registry.terraform.io/hashicorp/null\"]",
      "instances": [
        {
          "schema_version": 0,
          "attributes": {
            "id": "5900554530535929067",
            "triggers": {
              "helm_release_version": "9.43.0",
              "role_arn": "arn:aws:iam::630649313435:role/ohio-01-eks-cluster-autoscaler-role"
            }
          },
          "sensitive_attributes": [],
          "dependencies": [
            "data.terraform_remote_state.platform",
            "module.shared_services.module.cluster_autoscaler.aws_iam_policy.cluster_autoscaler",
            "module.shared_services.module.cluster_autoscaler.aws_iam_role.cluster_autoscaler",
            "module.shared_services.module.cluster_autoscaler.aws_iam_role_policy_attachment.cluster_autoscaler",
            "module.shared_services.module.cluster_autoscaler.helm_release.cluster_autoscaler",
            "module.shared_services.module.cluster_autoscaler.kubernetes_service_account.cluster_autoscaler"
          ]
        }
      ]
    }
  ],
  "check_results": [
    {
      "object_kind": "var",
      "config_addr": "module.shared_services.var.external_alb_controller_irsa_role_arn",
      "status": "unknown",
      "objects": null
    },
    {
      "object_kind": "var",
      "config_addr": "module.shared_services.var.external_cluster_autoscaler_irsa_role_arn",
      "status": "unknown",
      "objects": null
    },
    {
      "object_kind": "var",
      "config_addr": "module.shared_services.var.external_external_dns_irsa_role_arn",
      "status": "unknown",
      "objects": null
    },
    {
      "object_kind": "var",
      "config_addr": "module.shared_services.var.external_dns_policy",
      "status": "unknown",
      "objects": null
    },
    {
      "object_kind": "var",
      "config_addr": "module.istio_service_mesh.var.application_namespaces",
      "status": "unknown",
      "objects": null
    },
    {
      "object_kind": "var",
      "config_addr": "module.istio_service_mesh.var.tracing_sampling_rate",
      "status": "unknown",
      "objects": null
    }
  ]
}
