{
  "version": 4,
  "terraform_version": "1.11.4",
  "serial": 391,
  "lineage": "47b8b31a-d4ef-302e-e987-6a8280d83260",
  "outputs": {
    "backend_infrastructure": {
      "value": {
        "dynamodb_table": "terraform-locks-us-east",
        "iam_policy_arn": null,
        "region": "us-east-2",
        "s3_bucket_arn": "arn:aws:s3:::ohio-01-terraform-state-production",
        "s3_bucket_name": "ohio-01-terraform-state-production"
      },
      "type": [
        "object",
        {
          "dynamodb_table": "string",
          "iam_policy_arn": "dynamic",
          "region": "string",
          "s3_bucket_arn": "string",
          "s3_bucket_name": "string"
        }
      ]
    },
    "observability_infrastructure": {
      "value": {
        "audit_logs_bucket_arn": "arn:aws:s3:::ohio-01-us-east-2-audit-logs-production",
        "audit_logs_bucket_name": "ohio-01-us-east-2-audit-logs-production",
        "logs_bucket_arn": "arn:aws:s3:::ohio-01-us-east-2-logs-production",
        "logs_bucket_name": "ohio-01-us-east-2-logs-production",
        "metrics_bucket_arn": "arn:aws:s3:::ohio-01-us-east-2-metrics-production",
        "metrics_bucket_name": "ohio-01-us-east-2-metrics-production",
        "traces_bucket_arn": "arn:aws:s3:::ohio-01-us-east-2-traces-production",
        "traces_bucket_name": "ohio-01-us-east-2-traces-production"
      },
      "type": [
        "object",
        {
          "audit_logs_bucket_arn": "string",
          "audit_logs_bucket_name": "string",
          "logs_bucket_arn": "string",
          "logs_bucket_name": "string",
          "metrics_bucket_arn": "string",
          "metrics_bucket_name": "string",
          "traces_bucket_arn": "string",
          "traces_bucket_name": "string"
        }
      ]
    },
    "provisioning_summary": {
      "value": {
        "environment": "production",
        "project_name": "ohio-01",
        "region": "us-east-2",
        "timestamp": "2025-10-15T10:09:42Z"
      },
      "type": [
        "object",
        {
          "environment": "string",
          "project_name": "string",
          "region": "string",
          "timestamp": "string"
        }
      ]
    }
  },
  "resources": [
    {
      "module": "module.audit_logs_bucket",
      "mode": "data",
      "type": "aws_caller_identity",
      "name": "current",
      "provider": "provider[\"registry.terraform.io/hashicorp/aws\"]",
      "instances": [
        {
          "schema_version": 0,
          "attributes": {
            "account_id": "630649313435",
            "arn": "arn:aws:iam::630649313435:user/djuma",
            "id": "630649313435",
            "user_id": "AIDAZFVNA3CNVLDQ6L44J"
          },
          "sensitive_attributes": []
        }
      ]
    },
    {
      "module": "module.audit_logs_bucket",
      "mode": "managed",
      "type": "aws_s3_bucket",
      "name": "access_logs",
      "provider": "provider[\"registry.terraform.io/hashicorp/aws\"]",
      "instances": [
        {
          "index_key": 0,
          "schema_version": 0,
          "attributes": {
            "acceleration_status": "",
            "acl": null,
            "arn": "arn:aws:s3:::ohio-01-us-east-2-audit-logs-production-access-logs",
            "bucket": "ohio-01-us-east-2-audit-logs-production-access-logs",
            "bucket_domain_name": "ohio-01-us-east-2-audit-logs-production-access-logs.s3.amazonaws.com",
            "bucket_prefix": "",
            "bucket_regional_domain_name": "ohio-01-us-east-2-audit-logs-production-access-logs.s3.us-east-2.amazonaws.com",
            "cors_rule": [],
            "force_destroy": false,
            "grant": [
              {
                "id": "6d03faf6f2d48a4764f57d33e4b4e267679da662d586cdaca39397347692f68d",
                "permissions": [
                  "FULL_CONTROL"
                ],
                "type": "CanonicalUser",
                "uri": ""
              }
            ],
            "hosted_zone_id": "Z2O1EMRO9K5GLX",
            "id": "ohio-01-us-east-2-audit-logs-production-access-logs",
            "lifecycle_rule": [],
            "logging": [],
            "object_lock_configuration": [],
            "object_lock_enabled": false,
            "policy": "",
            "region": "us-east-2",
            "replication_configuration": [],
            "request_payer": "BucketOwner",
            "server_side_encryption_configuration": [
              {
                "rule": [
                  {
                    "apply_server_side_encryption_by_default": [
                      {
                        "kms_master_key_id": "",
                        "sse_algorithm": "AES256"
                      }
                    ],
                    "bucket_key_enabled": false
                  }
                ]
              }
            ],
            "tags": {
              "Architecture": "Multi-Client",
              "BackupRequired": "false",
              "BucketPurpose": "audit_logs",
              "Compliance": "SOC2-PCI-GDPR",
              "CreatedBy": "provision-s3-infrastructure.sh",
              "CriticalInfra": "false",
              "DataClassification": "Sensitive",
              "Environment": "production",
              "Layer": "Storage",
              "ManagedBy": "Terraform",
              "MonitoringEnabled": "true",
              "Project": "ohio-01",
              "Purpose": "AccessLogs",
              "Region": "us-east-2",
              "SecurityLevel": "High"
            },
            "tags_all": {
              "Architecture": "Multi-Client",
              "BackupRequired": "false",
              "BucketPurpose": "audit_logs",
              "Company": "Zam Ltd",
              "Compliance": "SOC2-PCI-GDPR",
              "CreatedBy": "provision-s3-infrastructure.sh",
              "CriticalInfra": "false",
              "DataClassification": "Sensitive",
              "Environment": "production",
              "Layer": "Storage",
              "ManagedBy": "Terraform",
              "MonitoringEnabled": "true",
              "Project": "ohio-01",
              "ProvisionedBy": "s3-provisioning-script",
              "Purpose": "AccessLogs",
              "Region": "us-east-2",
              "SecurityLevel": "High"
            },
            "timeouts": null,
            "versioning": [
              {
                "enabled": false,
                "mfa_delete": false
              }
            ],
            "website": [],
            "website_domain": null,
            "website_endpoint": null
          },
          "sensitive_attributes": [],
          "private": "eyJlMmJmYjczMC1lY2FhLTExZTYtOGY4OC0zNDM2M2JjN2M0YzAiOnsiY3JlYXRlIjoxMjAwMDAwMDAwMDAwLCJkZWxldGUiOjM2MDAwMDAwMDAwMDAsInJlYWQiOjEyMDAwMDAwMDAwMDAsInVwZGF0ZSI6MTIwMDAwMDAwMDAwMH19"
        }
      ]
    },
    {
      "module": "module.audit_logs_bucket",
      "mode": "managed",
      "type": "aws_s3_bucket",
      "name": "main",
      "provider": "provider[\"registry.terraform.io/hashicorp/aws\"]",
      "instances": [
        {
          "schema_version": 0,
          "attributes": {
            "acceleration_status": "",
            "acl": null,
            "arn": "arn:aws:s3:::ohio-01-us-east-2-audit-logs-production",
            "bucket": "ohio-01-us-east-2-audit-logs-production",
            "bucket_domain_name": "ohio-01-us-east-2-audit-logs-production.s3.amazonaws.com",
            "bucket_prefix": "",
            "bucket_regional_domain_name": "ohio-01-us-east-2-audit-logs-production.s3.us-east-2.amazonaws.com",
            "cors_rule": [],
            "force_destroy": false,
            "grant": [
              {
                "id": "6d03faf6f2d48a4764f57d33e4b4e267679da662d586cdaca39397347692f68d",
                "permissions": [
                  "FULL_CONTROL"
                ],
                "type": "CanonicalUser",
                "uri": ""
              }
            ],
            "hosted_zone_id": "Z2O1EMRO9K5GLX",
            "id": "ohio-01-us-east-2-audit-logs-production",
            "lifecycle_rule": [],
            "logging": [],
            "object_lock_configuration": [],
            "object_lock_enabled": false,
            "policy": "",
            "region": "us-east-2",
            "replication_configuration": [],
            "request_payer": "BucketOwner",
            "server_side_encryption_configuration": [
              {
                "rule": [
                  {
                    "apply_server_side_encryption_by_default": [
                      {
                        "kms_master_key_id": "",
                        "sse_algorithm": "AES256"
                      }
                    ],
                    "bucket_key_enabled": false
                  }
                ]
              }
            ],
            "tags": {
              "Architecture": "Multi-Client",
              "BackupRequired": "false",
              "BucketPurpose": "audit_logs",
              "Compliance": "SOC2-PCI-GDPR",
              "CreatedBy": "provision-s3-infrastructure.sh",
              "CriticalInfra": "false",
              "DataClassification": "Sensitive",
              "Environment": "production",
              "Layer": "Storage",
              "ManagedBy": "Terraform",
              "MonitoringEnabled": "true",
              "Project": "ohio-01",
              "Purpose": "Kubernetes-Audit-Logs-Storage",
              "Region": "us-east-2",
              "SecurityLevel": "High"
            },
            "tags_all": {
              "Architecture": "Multi-Client",
              "BackupRequired": "false",
              "BucketPurpose": "audit_logs",
              "Company": "Zam Ltd",
              "Compliance": "SOC2-PCI-GDPR",
              "CreatedBy": "provision-s3-infrastructure.sh",
              "CriticalInfra": "false",
              "DataClassification": "Sensitive",
              "Environment": "production",
              "Layer": "Storage",
              "ManagedBy": "Terraform",
              "MonitoringEnabled": "true",
              "Project": "ohio-01",
              "ProvisionedBy": "s3-provisioning-script",
              "Purpose": "Kubernetes-Audit-Logs-Storage",
              "Region": "us-east-2",
              "SecurityLevel": "High"
            },
            "timeouts": null,
            "versioning": [
              {
                "enabled": false,
                "mfa_delete": false
              }
            ],
            "website": [],
            "website_domain": null,
            "website_endpoint": null
          },
          "sensitive_attributes": [],
          "private": "eyJlMmJmYjczMC1lY2FhLTExZTYtOGY4OC0zNDM2M2JjN2M0YzAiOnsiY3JlYXRlIjoxMjAwMDAwMDAwMDAwLCJkZWxldGUiOjM2MDAwMDAwMDAwMDAsInJlYWQiOjEyMDAwMDAwMDAwMDAsInVwZGF0ZSI6MTIwMDAwMDAwMDAwMH19"
        }
      ]
    },
    {
      "module": "module.audit_logs_bucket",
      "mode": "managed",
      "type": "aws_s3_bucket_analytics_configuration",
      "name": "main",
      "provider": "provider[\"registry.terraform.io/hashicorp/aws\"]",
      "instances": [
        {
          "index_key": 0,
          "schema_version": 0,
          "attributes": {
            "bucket": "ohio-01-us-east-2-audit-logs-production",
            "filter": [],
            "id": "ohio-01-us-east-2-audit-logs-production:audit_logs-analytics",
            "name": "audit_logs-analytics",
            "storage_class_analysis": [
              {
                "data_export": [
                  {
                    "destination": [
                      {
                        "s3_bucket_destination": [
                          {
                            "bucket_account_id": "630649313435",
                            "bucket_arn": "arn:aws:s3:::ohio-01-us-east-2-audit-logs-production",
                            "format": "CSV",
                            "prefix": "analytics-exports/audit_logs/"
                          }
                        ]
                      }
                    ],
                    "output_schema_version": "V_1"
                  }
                ]
              }
            ]
          },
          "sensitive_attributes": [],
          "private": "bnVsbA==",
          "dependencies": [
            "module.audit_logs_bucket.aws_s3_bucket.main",
            "module.audit_logs_bucket.data.aws_caller_identity.current"
          ]
        }
      ]
    },
    {
      "module": "module.audit_logs_bucket",
      "mode": "managed",
      "type": "aws_s3_bucket_intelligent_tiering_configuration",
      "name": "main",
      "provider": "provider[\"registry.terraform.io/hashicorp/aws\"]",
      "instances": [
        {
          "index_key": 0,
          "schema_version": 0,
          "attributes": {
            "bucket": "ohio-01-us-east-2-audit-logs-production",
            "filter": [],
            "id": "ohio-01-us-east-2-audit-logs-production:audit_logs-intelligent-tiering",
            "name": "audit_logs-intelligent-tiering",
            "status": "Enabled",
            "tiering": [
              {
                "access_tier": "ARCHIVE_ACCESS",
                "days": 90
              },
              {
                "access_tier": "DEEP_ARCHIVE_ACCESS",
                "days": 180
              }
            ]
          },
          "sensitive_attributes": [],
          "private": "bnVsbA==",
          "dependencies": [
            "module.audit_logs_bucket.aws_s3_bucket.main"
          ]
        }
      ]
    },
    {
      "module": "module.audit_logs_bucket",
      "mode": "managed",
      "type": "aws_s3_bucket_inventory",
      "name": "main",
      "provider": "provider[\"registry.terraform.io/hashicorp/aws\"]",
      "instances": [
        {
          "index_key": 0,
          "schema_version": 0,
          "attributes": {
            "bucket": "ohio-01-us-east-2-audit-logs-production",
            "destination": [
              {
                "bucket": [
                  {
                    "account_id": "",
                    "bucket_arn": "arn:aws:s3:::ohio-01-us-east-2-audit-logs-production",
                    "encryption": [],
                    "format": "CSV",
                    "prefix": "inventory-reports/audit_logs/"
                  }
                ]
              }
            ],
            "enabled": true,
            "filter": [],
            "id": "ohio-01-us-east-2-audit-logs-production:audit_logs-inventory",
            "included_object_versions": "Current",
            "name": "audit_logs-inventory",
            "optional_fields": [
              "ETag",
              "EncryptionStatus",
              "IsMultipartUploaded",
              "LastModifiedDate",
              "ReplicationStatus",
              "Size",
              "StorageClass"
            ],
            "schedule": [
              {
                "frequency": "Weekly"
              }
            ]
          },
          "sensitive_attributes": [],
          "private": "bnVsbA==",
          "dependencies": [
            "module.audit_logs_bucket.aws_s3_bucket.main"
          ]
        }
      ]
    },
    {
      "module": "module.audit_logs_bucket",
      "mode": "managed",
      "type": "aws_s3_bucket_lifecycle_configuration",
      "name": "main",
      "provider": "provider[\"registry.terraform.io/hashicorp/aws\"]",
      "instances": [
        {
          "index_key": 0,
          "schema_version": 1,
          "attributes": {
            "bucket": "ohio-01-us-east-2-audit-logs-production",
            "expected_bucket_owner": "",
            "id": "ohio-01-us-east-2-audit-logs-production",
            "rule": [
              {
                "abort_incomplete_multipart_upload": [
                  {
                    "days_after_initiation": 7
                  }
                ],
                "expiration": [
                  {
                    "date": null,
                    "days": 2555,
                    "expired_object_delete_marker": false
                  }
                ],
                "filter": [
                  {
                    "and": [],
                    "object_size_greater_than": null,
                    "object_size_less_than": null,
                    "prefix": "",
                    "tag": []
                  }
                ],
                "id": "audit_logs_main_lifecycle",
                "noncurrent_version_expiration": [
                  {
                    "newer_noncurrent_versions": null,
                    "noncurrent_days": 30
                  }
                ],
                "noncurrent_version_transition": [],
                "prefix": "",
                "status": "Enabled",
                "transition": [
                  {
                    "date": null,
                    "days": 30,
                    "storage_class": "STANDARD_IA"
                  },
                  {
                    "date": null,
                    "days": 90,
                    "storage_class": "GLACIER"
                  }
                ]
              }
            ],
            "timeouts": null,
            "transition_default_minimum_object_size": "all_storage_classes_128K"
          },
          "sensitive_attributes": [],
          "dependencies": [
            "module.audit_logs_bucket.aws_s3_bucket.main",
            "module.audit_logs_bucket.aws_s3_bucket_versioning.main"
          ]
        }
      ]
    },
    {
      "module": "module.audit_logs_bucket",
      "mode": "managed",
      "type": "aws_s3_bucket_logging",
      "name": "main",
      "provider": "provider[\"registry.terraform.io/hashicorp/aws\"]",
      "instances": [
        {
          "index_key": 0,
          "schema_version": 0,
          "attributes": {
            "bucket": "ohio-01-us-east-2-audit-logs-production",
            "expected_bucket_owner": "",
            "id": "ohio-01-us-east-2-audit-logs-production",
            "target_bucket": "ohio-01-us-east-2-audit-logs-production-access-logs",
            "target_grant": [],
            "target_object_key_format": [],
            "target_prefix": "access-logs/audit-logs-bucket/"
          },
          "sensitive_attributes": [],
          "private": "bnVsbA==",
          "dependencies": [
            "module.audit_logs_bucket.aws_s3_bucket.access_logs",
            "module.audit_logs_bucket.aws_s3_bucket.main"
          ]
        }
      ]
    },
    {
      "module": "module.audit_logs_bucket",
      "mode": "managed",
      "type": "aws_s3_bucket_metric",
      "name": "detailed_monitoring",
      "provider": "provider[\"registry.terraform.io/hashicorp/aws\"]",
      "instances": [
        {
          "index_key": 0,
          "schema_version": 0,
          "attributes": {
            "bucket": "ohio-01-us-east-2-audit-logs-production",
            "filter": [],
            "id": "ohio-01-us-east-2-audit-logs-production:bucket-metrics",
            "name": "bucket-metrics"
          },
          "sensitive_attributes": [],
          "private": "bnVsbA==",
          "dependencies": [
            "module.audit_logs_bucket.aws_s3_bucket.main"
          ]
        }
      ]
    },
    {
      "module": "module.audit_logs_bucket",
      "mode": "managed",
      "type": "aws_s3_bucket_notification",
      "name": "main",
      "provider": "provider[\"registry.terraform.io/hashicorp/aws\"]",
      "instances": [
        {
          "index_key": 0,
          "schema_version": 0,
          "attributes": {
            "bucket": "ohio-01-us-east-2-audit-logs-production",
            "eventbridge": true,
            "id": "ohio-01-us-east-2-audit-logs-production",
            "lambda_function": [],
            "queue": [],
            "topic": []
          },
          "sensitive_attributes": [],
          "private": "bnVsbA==",
          "dependencies": [
            "module.audit_logs_bucket.aws_s3_bucket.main"
          ]
        }
      ]
    },
    {
      "module": "module.audit_logs_bucket",
      "mode": "managed",
      "type": "aws_s3_bucket_ownership_controls",
      "name": "main",
      "provider": "provider[\"registry.terraform.io/hashicorp/aws\"]",
      "instances": [
        {
          "schema_version": 0,
          "attributes": {
            "bucket": "ohio-01-us-east-2-audit-logs-production",
            "id": "ohio-01-us-east-2-audit-logs-production",
            "rule": [
              {
                "object_ownership": "BucketOwnerEnforced"
              }
            ]
          },
          "sensitive_attributes": [],
          "private": "bnVsbA==",
          "dependencies": [
            "module.audit_logs_bucket.aws_s3_bucket.main",
            "module.audit_logs_bucket.aws_s3_bucket_public_access_block.main"
          ]
        }
      ]
    },
    {
      "module": "module.audit_logs_bucket",
      "mode": "managed",
      "type": "aws_s3_bucket_public_access_block",
      "name": "main",
      "provider": "provider[\"registry.terraform.io/hashicorp/aws\"]",
      "instances": [
        {
          "schema_version": 0,
          "attributes": {
            "block_public_acls": true,
            "block_public_policy": true,
            "bucket": "ohio-01-us-east-2-audit-logs-production",
            "id": "ohio-01-us-east-2-audit-logs-production",
            "ignore_public_acls": true,
            "restrict_public_buckets": true
          },
          "sensitive_attributes": [],
          "private": "bnVsbA==",
          "dependencies": [
            "module.audit_logs_bucket.aws_s3_bucket.main"
          ]
        }
      ]
    },
    {
      "module": "module.audit_logs_bucket",
      "mode": "managed",
      "type": "aws_s3_bucket_server_side_encryption_configuration",
      "name": "main",
      "provider": "provider[\"registry.terraform.io/hashicorp/aws\"]",
      "instances": [
        {
          "schema_version": 0,
          "attributes": {
            "bucket": "ohio-01-us-east-2-audit-logs-production",
            "expected_bucket_owner": "",
            "id": "ohio-01-us-east-2-audit-logs-production",
            "rule": [
              {
                "apply_server_side_encryption_by_default": [
                  {
                    "kms_master_key_id": "",
                    "sse_algorithm": "AES256"
                  }
                ],
                "bucket_key_enabled": false
              }
            ]
          },
          "sensitive_attributes": [],
          "private": "bnVsbA==",
          "dependencies": [
            "module.audit_logs_bucket.aws_s3_bucket.main"
          ]
        }
      ]
    },
    {
      "module": "module.audit_logs_bucket",
      "mode": "managed",
      "type": "aws_s3_bucket_versioning",
      "name": "main",
      "provider": "provider[\"registry.terraform.io/hashicorp/aws\"]",
      "instances": [
        {
          "schema_version": 0,
          "attributes": {
            "bucket": "ohio-01-us-east-2-audit-logs-production",
            "expected_bucket_owner": "",
            "id": "ohio-01-us-east-2-audit-logs-production",
            "mfa": null,
            "versioning_configuration": [
              {
                "mfa_delete": "Disabled",
                "status": "Enabled"
              }
            ]
          },
          "sensitive_attributes": [],
          "private": "bnVsbA==",
          "dependencies": [
            "module.audit_logs_bucket.aws_s3_bucket.main"
          ]
        }
      ]
    },
    {
      "module": "module.logs_bucket",
      "mode": "data",
      "type": "aws_caller_identity",
      "name": "current",
      "provider": "provider[\"registry.terraform.io/hashicorp/aws\"]",
      "instances": [
        {
          "schema_version": 0,
          "attributes": {
            "account_id": "630649313435",
            "arn": "arn:aws:iam::630649313435:user/djuma",
            "id": "630649313435",
            "user_id": "AIDAZFVNA3CNVLDQ6L44J"
          },
          "sensitive_attributes": []
        }
      ]
    },
    {
      "module": "module.logs_bucket",
      "mode": "managed",
      "type": "aws_s3_bucket",
      "name": "access_logs",
      "provider": "provider[\"registry.terraform.io/hashicorp/aws\"]",
      "instances": [
        {
          "index_key": 0,
          "schema_version": 0,
          "attributes": {
            "acceleration_status": "",
            "acl": null,
            "arn": "arn:aws:s3:::ohio-01-us-east-2-logs-production-access-logs",
            "bucket": "ohio-01-us-east-2-logs-production-access-logs",
            "bucket_domain_name": "ohio-01-us-east-2-logs-production-access-logs.s3.amazonaws.com",
            "bucket_prefix": "",
            "bucket_regional_domain_name": "ohio-01-us-east-2-logs-production-access-logs.s3.us-east-2.amazonaws.com",
            "cors_rule": [],
            "force_destroy": false,
            "grant": [
              {
                "id": "6d03faf6f2d48a4764f57d33e4b4e267679da662d586cdaca39397347692f68d",
                "permissions": [
                  "FULL_CONTROL"
                ],
                "type": "CanonicalUser",
                "uri": ""
              }
            ],
            "hosted_zone_id": "Z2O1EMRO9K5GLX",
            "id": "ohio-01-us-east-2-logs-production-access-logs",
            "lifecycle_rule": [],
            "logging": [],
            "object_lock_configuration": [],
            "object_lock_enabled": false,
            "policy": "",
            "region": "us-east-2",
            "replication_configuration": [],
            "request_payer": "BucketOwner",
            "server_side_encryption_configuration": [
              {
                "rule": [
                  {
                    "apply_server_side_encryption_by_default": [
                      {
                        "kms_master_key_id": "",
                        "sse_algorithm": "AES256"
                      }
                    ],
                    "bucket_key_enabled": false
                  }
                ]
              }
            ],
            "tags": {
              "Architecture": "Multi-Client",
              "BackupRequired": "false",
              "BucketPurpose": "logs",
              "CreatedBy": "provision-s3-infrastructure.sh",
              "CriticalInfra": "false",
              "Environment": "production",
              "Layer": "Storage",
              "ManagedBy": "Terraform",
              "MonitoringEnabled": "true",
              "Project": "ohio-01",
              "Purpose": "AccessLogs",
              "Region": "us-east-2",
              "SecurityLevel": "High"
            },
            "tags_all": {
              "Architecture": "Multi-Client",
              "BackupRequired": "false",
              "BucketPurpose": "logs",
              "Company": "Zam Ltd",
              "CreatedBy": "provision-s3-infrastructure.sh",
              "CriticalInfra": "false",
              "Environment": "production",
              "Layer": "Storage",
              "ManagedBy": "Terraform",
              "MonitoringEnabled": "true",
              "Project": "ohio-01",
              "ProvisionedBy": "s3-provisioning-script",
              "Purpose": "AccessLogs",
              "Region": "us-east-2",
              "SecurityLevel": "High"
            },
            "timeouts": null,
            "versioning": [
              {
                "enabled": false,
                "mfa_delete": false
              }
            ],
            "website": [],
            "website_domain": null,
            "website_endpoint": null
          },
          "sensitive_attributes": [],
          "private": "eyJlMmJmYjczMC1lY2FhLTExZTYtOGY4OC0zNDM2M2JjN2M0YzAiOnsiY3JlYXRlIjoxMjAwMDAwMDAwMDAwLCJkZWxldGUiOjM2MDAwMDAwMDAwMDAsInJlYWQiOjEyMDAwMDAwMDAwMDAsInVwZGF0ZSI6MTIwMDAwMDAwMDAwMH19"
        }
      ]
    },
    {
      "module": "module.logs_bucket",
      "mode": "managed",
      "type": "aws_s3_bucket",
      "name": "main",
      "provider": "provider[\"registry.terraform.io/hashicorp/aws\"]",
      "instances": [
        {
          "schema_version": 0,
          "attributes": {
            "acceleration_status": "",
            "acl": null,
            "arn": "arn:aws:s3:::ohio-01-us-east-2-logs-production",
            "bucket": "ohio-01-us-east-2-logs-production",
            "bucket_domain_name": "ohio-01-us-east-2-logs-production.s3.amazonaws.com",
            "bucket_prefix": "",
            "bucket_regional_domain_name": "ohio-01-us-east-2-logs-production.s3.us-east-2.amazonaws.com",
            "cors_rule": [],
            "force_destroy": false,
            "grant": [
              {
                "id": "6d03faf6f2d48a4764f57d33e4b4e267679da662d586cdaca39397347692f68d",
                "permissions": [
                  "FULL_CONTROL"
                ],
                "type": "CanonicalUser",
                "uri": ""
              }
            ],
            "hosted_zone_id": "Z2O1EMRO9K5GLX",
            "id": "ohio-01-us-east-2-logs-production",
            "lifecycle_rule": [],
            "logging": [],
            "object_lock_configuration": [],
            "object_lock_enabled": false,
            "policy": "",
            "region": "us-east-2",
            "replication_configuration": [],
            "request_payer": "BucketOwner",
            "server_side_encryption_configuration": [
              {
                "rule": [
                  {
                    "apply_server_side_encryption_by_default": [
                      {
                        "kms_master_key_id": "",
                        "sse_algorithm": "AES256"
                      }
                    ],
                    "bucket_key_enabled": false
                  }
                ]
              }
            ],
            "tags": {
              "Architecture": "Multi-Client",
              "BackupRequired": "false",
              "BucketPurpose": "logs",
              "CreatedBy": "provision-s3-infrastructure.sh",
              "CriticalInfra": "false",
              "Environment": "production",
              "Layer": "Storage",
              "ManagedBy": "Terraform",
              "MonitoringEnabled": "true",
              "Project": "ohio-01",
              "Purpose": "Application-Logs-Storage",
              "Region": "us-east-2",
              "SecurityLevel": "High"
            },
            "tags_all": {
              "Architecture": "Multi-Client",
              "BackupRequired": "false",
              "BucketPurpose": "logs",
              "Company": "Zam Ltd",
              "CreatedBy": "provision-s3-infrastructure.sh",
              "CriticalInfra": "false",
              "Environment": "production",
              "Layer": "Storage",
              "ManagedBy": "Terraform",
              "MonitoringEnabled": "true",
              "Project": "ohio-01",
              "ProvisionedBy": "s3-provisioning-script",
              "Purpose": "Application-Logs-Storage",
              "Region": "us-east-2",
              "SecurityLevel": "High"
            },
            "timeouts": null,
            "versioning": [
              {
                "enabled": false,
                "mfa_delete": false
              }
            ],
            "website": [],
            "website_domain": null,
            "website_endpoint": null
          },
          "sensitive_attributes": [],
          "private": "eyJlMmJmYjczMC1lY2FhLTExZTYtOGY4OC0zNDM2M2JjN2M0YzAiOnsiY3JlYXRlIjoxMjAwMDAwMDAwMDAwLCJkZWxldGUiOjM2MDAwMDAwMDAwMDAsInJlYWQiOjEyMDAwMDAwMDAwMDAsInVwZGF0ZSI6MTIwMDAwMDAwMDAwMH19"
        }
      ]
    },
    {
      "module": "module.logs_bucket",
      "mode": "managed",
      "type": "aws_s3_bucket_analytics_configuration",
      "name": "main",
      "provider": "provider[\"registry.terraform.io/hashicorp/aws\"]",
      "instances": [
        {
          "index_key": 0,
          "schema_version": 0,
          "attributes": {
            "bucket": "ohio-01-us-east-2-logs-production",
            "filter": [],
            "id": "ohio-01-us-east-2-logs-production:logs-analytics",
            "name": "logs-analytics",
            "storage_class_analysis": [
              {
                "data_export": [
                  {
                    "destination": [
                      {
                        "s3_bucket_destination": [
                          {
                            "bucket_account_id": "630649313435",
                            "bucket_arn": "arn:aws:s3:::ohio-01-us-east-2-logs-production",
                            "format": "CSV",
                            "prefix": "analytics-exports/logs/"
                          }
                        ]
                      }
                    ],
                    "output_schema_version": "V_1"
                  }
                ]
              }
            ]
          },
          "sensitive_attributes": [],
          "private": "bnVsbA==",
          "dependencies": [
            "module.logs_bucket.aws_s3_bucket.main",
            "module.logs_bucket.data.aws_caller_identity.current"
          ]
        }
      ]
    },
    {
      "module": "module.logs_bucket",
      "mode": "managed",
      "type": "aws_s3_bucket_intelligent_tiering_configuration",
      "name": "main",
      "provider": "provider[\"registry.terraform.io/hashicorp/aws\"]",
      "instances": [
        {
          "index_key": 0,
          "schema_version": 0,
          "attributes": {
            "bucket": "ohio-01-us-east-2-logs-production",
            "filter": [],
            "id": "ohio-01-us-east-2-logs-production:logs-intelligent-tiering",
            "name": "logs-intelligent-tiering",
            "status": "Enabled",
            "tiering": [
              {
                "access_tier": "ARCHIVE_ACCESS",
                "days": 90
              },
              {
                "access_tier": "DEEP_ARCHIVE_ACCESS",
                "days": 180
              }
            ]
          },
          "sensitive_attributes": [],
          "private": "bnVsbA==",
          "dependencies": [
            "module.logs_bucket.aws_s3_bucket.main"
          ]
        }
      ]
    },
    {
      "module": "module.logs_bucket",
      "mode": "managed",
      "type": "aws_s3_bucket_inventory",
      "name": "main",
      "provider": "provider[\"registry.terraform.io/hashicorp/aws\"]",
      "instances": [
        {
          "index_key": 0,
          "schema_version": 0,
          "attributes": {
            "bucket": "ohio-01-us-east-2-logs-production",
            "destination": [
              {
                "bucket": [
                  {
                    "account_id": "",
                    "bucket_arn": "arn:aws:s3:::ohio-01-us-east-2-logs-production",
                    "encryption": [],
                    "format": "CSV",
                    "prefix": "inventory-reports/logs/"
                  }
                ]
              }
            ],
            "enabled": true,
            "filter": [],
            "id": "ohio-01-us-east-2-logs-production:logs-inventory",
            "included_object_versions": "Current",
            "name": "logs-inventory",
            "optional_fields": [
              "ETag",
              "EncryptionStatus",
              "IsMultipartUploaded",
              "LastModifiedDate",
              "ReplicationStatus",
              "Size",
              "StorageClass"
            ],
            "schedule": [
              {
                "frequency": "Weekly"
              }
            ]
          },
          "sensitive_attributes": [],
          "private": "bnVsbA==",
          "dependencies": [
            "module.logs_bucket.aws_s3_bucket.main"
          ]
        }
      ]
    },
    {
      "module": "module.logs_bucket",
      "mode": "managed",
      "type": "aws_s3_bucket_lifecycle_configuration",
      "name": "main",
      "provider": "provider[\"registry.terraform.io/hashicorp/aws\"]",
      "instances": [
        {
          "index_key": 0,
          "schema_version": 1,
          "attributes": {
            "bucket": "ohio-01-us-east-2-logs-production",
            "expected_bucket_owner": "",
            "id": "ohio-01-us-east-2-logs-production",
            "rule": [
              {
                "abort_incomplete_multipart_upload": [
                  {
                    "days_after_initiation": 1
                  }
                ],
                "expiration": [
                  {
                    "date": null,
                    "days": 365,
                    "expired_object_delete_marker": false
                  }
                ],
                "filter": [
                  {
                    "and": [],
                    "object_size_greater_than": null,
                    "object_size_less_than": null,
                    "prefix": "",
                    "tag": []
                  }
                ],
                "id": "logs_main_lifecycle",
                "noncurrent_version_expiration": [
                  {
                    "newer_noncurrent_versions": null,
                    "noncurrent_days": 7
                  }
                ],
                "noncurrent_version_transition": [],
                "prefix": "",
                "status": "Enabled",
                "transition": [
                  {
                    "date": null,
                    "days": 30,
                    "storage_class": "STANDARD_IA"
                  },
                  {
                    "date": null,
                    "days": 90,
                    "storage_class": "GLACIER"
                  }
                ]
              }
            ],
            "timeouts": null,
            "transition_default_minimum_object_size": "all_storage_classes_128K"
          },
          "sensitive_attributes": [],
          "dependencies": [
            "module.logs_bucket.aws_s3_bucket.main",
            "module.logs_bucket.aws_s3_bucket_versioning.main"
          ]
        }
      ]
    },
    {
      "module": "module.logs_bucket",
      "mode": "managed",
      "type": "aws_s3_bucket_logging",
      "name": "main",
      "provider": "provider[\"registry.terraform.io/hashicorp/aws\"]",
      "instances": [
        {
          "index_key": 0,
          "schema_version": 0,
          "attributes": {
            "bucket": "ohio-01-us-east-2-logs-production",
            "expected_bucket_owner": "",
            "id": "ohio-01-us-east-2-logs-production",
            "target_bucket": "ohio-01-us-east-2-logs-production-access-logs",
            "target_grant": [],
            "target_object_key_format": [],
            "target_prefix": "access-logs/logs-bucket/"
          },
          "sensitive_attributes": [],
          "private": "bnVsbA==",
          "dependencies": [
            "module.logs_bucket.aws_s3_bucket.access_logs",
            "module.logs_bucket.aws_s3_bucket.main"
          ]
        }
      ]
    },
    {
      "module": "module.logs_bucket",
      "mode": "managed",
      "type": "aws_s3_bucket_metric",
      "name": "detailed_monitoring",
      "provider": "provider[\"registry.terraform.io/hashicorp/aws\"]",
      "instances": [
        {
          "index_key": 0,
          "schema_version": 0,
          "attributes": {
            "bucket": "ohio-01-us-east-2-logs-production",
            "filter": [],
            "id": "ohio-01-us-east-2-logs-production:bucket-metrics",
            "name": "bucket-metrics"
          },
          "sensitive_attributes": [],
          "private": "bnVsbA==",
          "dependencies": [
            "module.logs_bucket.aws_s3_bucket.main"
          ]
        }
      ]
    },
    {
      "module": "module.logs_bucket",
      "mode": "managed",
      "type": "aws_s3_bucket_notification",
      "name": "main",
      "provider": "provider[\"registry.terraform.io/hashicorp/aws\"]",
      "instances": [
        {
          "index_key": 0,
          "schema_version": 0,
          "attributes": {
            "bucket": "ohio-01-us-east-2-logs-production",
            "eventbridge": true,
            "id": "ohio-01-us-east-2-logs-production",
            "lambda_function": [],
            "queue": [],
            "topic": []
          },
          "sensitive_attributes": [],
          "private": "bnVsbA==",
          "dependencies": [
            "module.logs_bucket.aws_s3_bucket.main"
          ]
        }
      ]
    },
    {
      "module": "module.logs_bucket",
      "mode": "managed",
      "type": "aws_s3_bucket_ownership_controls",
      "name": "main",
      "provider": "provider[\"registry.terraform.io/hashicorp/aws\"]",
      "instances": [
        {
          "schema_version": 0,
          "attributes": {
            "bucket": "ohio-01-us-east-2-logs-production",
            "id": "ohio-01-us-east-2-logs-production",
            "rule": [
              {
                "object_ownership": "BucketOwnerEnforced"
              }
            ]
          },
          "sensitive_attributes": [],
          "private": "bnVsbA==",
          "dependencies": [
            "module.logs_bucket.aws_s3_bucket.main",
            "module.logs_bucket.aws_s3_bucket_public_access_block.main"
          ]
        }
      ]
    },
    {
      "module": "module.logs_bucket",
      "mode": "managed",
      "type": "aws_s3_bucket_public_access_block",
      "name": "main",
      "provider": "provider[\"registry.terraform.io/hashicorp/aws\"]",
      "instances": [
        {
          "schema_version": 0,
          "attributes": {
            "block_public_acls": true,
            "block_public_policy": true,
            "bucket": "ohio-01-us-east-2-logs-production",
            "id": "ohio-01-us-east-2-logs-production",
            "ignore_public_acls": true,
            "restrict_public_buckets": true
          },
          "sensitive_attributes": [],
          "private": "bnVsbA==",
          "dependencies": [
            "module.logs_bucket.aws_s3_bucket.main"
          ]
        }
      ]
    },
    {
      "module": "module.logs_bucket",
      "mode": "managed",
      "type": "aws_s3_bucket_server_side_encryption_configuration",
      "name": "main",
      "provider": "provider[\"registry.terraform.io/hashicorp/aws\"]",
      "instances": [
        {
          "schema_version": 0,
          "attributes": {
            "bucket": "ohio-01-us-east-2-logs-production",
            "expected_bucket_owner": "",
            "id": "ohio-01-us-east-2-logs-production",
            "rule": [
              {
                "apply_server_side_encryption_by_default": [
                  {
                    "kms_master_key_id": "",
                    "sse_algorithm": "AES256"
                  }
                ],
                "bucket_key_enabled": false
              }
            ]
          },
          "sensitive_attributes": [],
          "private": "bnVsbA==",
          "dependencies": [
            "module.logs_bucket.aws_s3_bucket.main"
          ]
        }
      ]
    },
    {
      "module": "module.logs_bucket",
      "mode": "managed",
      "type": "aws_s3_bucket_versioning",
      "name": "main",
      "provider": "provider[\"registry.terraform.io/hashicorp/aws\"]",
      "instances": [
        {
          "schema_version": 0,
          "attributes": {
            "bucket": "ohio-01-us-east-2-logs-production",
            "expected_bucket_owner": "",
            "id": "ohio-01-us-east-2-logs-production",
            "mfa": null,
            "versioning_configuration": [
              {
                "mfa_delete": "Disabled",
                "status": "Enabled"
              }
            ]
          },
          "sensitive_attributes": [],
          "private": "bnVsbA==",
          "dependencies": [
            "module.logs_bucket.aws_s3_bucket.main"
          ]
        }
      ]
    },
    {
      "module": "module.metrics_bucket",
      "mode": "data",
      "type": "aws_caller_identity",
      "name": "current",
      "provider": "provider[\"registry.terraform.io/hashicorp/aws\"]",
      "instances": [
        {
          "schema_version": 0,
          "attributes": {
            "account_id": "630649313435",
            "arn": "arn:aws:iam::630649313435:user/djuma",
            "id": "630649313435",
            "user_id": "AIDAZFVNA3CNVLDQ6L44J"
          },
          "sensitive_attributes": []
        }
      ]
    },
    {
      "module": "module.metrics_bucket",
      "mode": "managed",
      "type": "aws_s3_bucket",
      "name": "access_logs",
      "provider": "provider[\"registry.terraform.io/hashicorp/aws\"]",
      "instances": [
        {
          "index_key": 0,
          "schema_version": 0,
          "attributes": {
            "acceleration_status": "",
            "acl": null,
            "arn": "arn:aws:s3:::ohio-01-us-east-2-metrics-production-access-logs",
            "bucket": "ohio-01-us-east-2-metrics-production-access-logs",
            "bucket_domain_name": "ohio-01-us-east-2-metrics-production-access-logs.s3.amazonaws.com",
            "bucket_prefix": "",
            "bucket_regional_domain_name": "ohio-01-us-east-2-metrics-production-access-logs.s3.us-east-2.amazonaws.com",
            "cors_rule": [],
            "force_destroy": false,
            "grant": [
              {
                "id": "6d03faf6f2d48a4764f57d33e4b4e267679da662d586cdaca39397347692f68d",
                "permissions": [
                  "FULL_CONTROL"
                ],
                "type": "CanonicalUser",
                "uri": ""
              }
            ],
            "hosted_zone_id": "Z2O1EMRO9K5GLX",
            "id": "ohio-01-us-east-2-metrics-production-access-logs",
            "lifecycle_rule": [],
            "logging": [],
            "object_lock_configuration": [],
            "object_lock_enabled": false,
            "policy": "",
            "region": "us-east-2",
            "replication_configuration": [],
            "request_payer": "BucketOwner",
            "server_side_encryption_configuration": [
              {
                "rule": [
                  {
                    "apply_server_side_encryption_by_default": [
                      {
                        "kms_master_key_id": "",
                        "sse_algorithm": "AES256"
                      }
                    ],
                    "bucket_key_enabled": false
                  }
                ]
              }
            ],
            "tags": {
              "Architecture": "Multi-Client",
              "BackupRequired": "false",
              "BucketPurpose": "metrics",
              "CreatedBy": "provision-s3-infrastructure.sh",
              "CriticalInfra": "false",
              "Environment": "production",
              "Layer": "Storage",
              "ManagedBy": "Terraform",
              "MonitoringEnabled": "true",
              "Project": "ohio-01",
              "Purpose": "AccessLogs",
              "Region": "us-east-2",
              "SecurityLevel": "High"
            },
            "tags_all": {
              "Architecture": "Multi-Client",
              "BackupRequired": "false",
              "BucketPurpose": "metrics",
              "Company": "Zam Ltd",
              "CreatedBy": "provision-s3-infrastructure.sh",
              "CriticalInfra": "false",
              "Environment": "production",
              "Layer": "Storage",
              "ManagedBy": "Terraform",
              "MonitoringEnabled": "true",
              "Project": "ohio-01",
              "ProvisionedBy": "s3-provisioning-script",
              "Purpose": "AccessLogs",
              "Region": "us-east-2",
              "SecurityLevel": "High"
            },
            "timeouts": null,
            "versioning": [
              {
                "enabled": false,
                "mfa_delete": false
              }
            ],
            "website": [],
            "website_domain": null,
            "website_endpoint": null
          },
          "sensitive_attributes": [],
          "private": "eyJlMmJmYjczMC1lY2FhLTExZTYtOGY4OC0zNDM2M2JjN2M0YzAiOnsiY3JlYXRlIjoxMjAwMDAwMDAwMDAwLCJkZWxldGUiOjM2MDAwMDAwMDAwMDAsInJlYWQiOjEyMDAwMDAwMDAwMDAsInVwZGF0ZSI6MTIwMDAwMDAwMDAwMH19"
        }
      ]
    },
    {
      "module": "module.metrics_bucket",
      "mode": "managed",
      "type": "aws_s3_bucket",
      "name": "main",
      "provider": "provider[\"registry.terraform.io/hashicorp/aws\"]",
      "instances": [
        {
          "schema_version": 0,
          "attributes": {
            "acceleration_status": "",
            "acl": null,
            "arn": "arn:aws:s3:::ohio-01-us-east-2-metrics-production",
            "bucket": "ohio-01-us-east-2-metrics-production",
            "bucket_domain_name": "ohio-01-us-east-2-metrics-production.s3.amazonaws.com",
            "bucket_prefix": "",
            "bucket_regional_domain_name": "ohio-01-us-east-2-metrics-production.s3.us-east-2.amazonaws.com",
            "cors_rule": [],
            "force_destroy": false,
            "grant": [
              {
                "id": "6d03faf6f2d48a4764f57d33e4b4e267679da662d586cdaca39397347692f68d",
                "permissions": [
                  "FULL_CONTROL"
                ],
                "type": "CanonicalUser",
                "uri": ""
              }
            ],
            "hosted_zone_id": "Z2O1EMRO9K5GLX",
            "id": "ohio-01-us-east-2-metrics-production",
            "lifecycle_rule": [],
            "logging": [],
            "object_lock_configuration": [],
            "object_lock_enabled": false,
            "policy": "",
            "region": "us-east-2",
            "replication_configuration": [],
            "request_payer": "BucketOwner",
            "server_side_encryption_configuration": [
              {
                "rule": [
                  {
                    "apply_server_side_encryption_by_default": [
                      {
                        "kms_master_key_id": "",
                        "sse_algorithm": "AES256"
                      }
                    ],
                    "bucket_key_enabled": false
                  }
                ]
              }
            ],
            "tags": {
              "Architecture": "Multi-Client",
              "BackupRequired": "false",
              "BucketPurpose": "metrics",
              "CreatedBy": "provision-s3-infrastructure.sh",
              "CriticalInfra": "false",
              "Environment": "production",
              "Layer": "Storage",
              "ManagedBy": "Terraform",
              "MonitoringEnabled": "true",
              "Project": "ohio-01",
              "Purpose": "Prometheus-Metrics-Storage",
              "Region": "us-east-2",
              "SecurityLevel": "High"
            },
            "tags_all": {
              "Architecture": "Multi-Client",
              "BackupRequired": "false",
              "BucketPurpose": "metrics",
              "Company": "Zam Ltd",
              "CreatedBy": "provision-s3-infrastructure.sh",
              "CriticalInfra": "false",
              "Environment": "production",
              "Layer": "Storage",
              "ManagedBy": "Terraform",
              "MonitoringEnabled": "true",
              "Project": "ohio-01",
              "ProvisionedBy": "s3-provisioning-script",
              "Purpose": "Prometheus-Metrics-Storage",
              "Region": "us-east-2",
              "SecurityLevel": "High"
            },
            "timeouts": null,
            "versioning": [
              {
                "enabled": false,
                "mfa_delete": false
              }
            ],
            "website": [],
            "website_domain": null,
            "website_endpoint": null
          },
          "sensitive_attributes": [],
          "private": "eyJlMmJmYjczMC1lY2FhLTExZTYtOGY4OC0zNDM2M2JjN2M0YzAiOnsiY3JlYXRlIjoxMjAwMDAwMDAwMDAwLCJkZWxldGUiOjM2MDAwMDAwMDAwMDAsInJlYWQiOjEyMDAwMDAwMDAwMDAsInVwZGF0ZSI6MTIwMDAwMDAwMDAwMH19"
        }
      ]
    },
    {
      "module": "module.metrics_bucket",
      "mode": "managed",
      "type": "aws_s3_bucket_analytics_configuration",
      "name": "main",
      "provider": "provider[\"registry.terraform.io/hashicorp/aws\"]",
      "instances": [
        {
          "index_key": 0,
          "schema_version": 0,
          "attributes": {
            "bucket": "ohio-01-us-east-2-metrics-production",
            "filter": [],
            "id": "ohio-01-us-east-2-metrics-production:metrics-analytics",
            "name": "metrics-analytics",
            "storage_class_analysis": [
              {
                "data_export": [
                  {
                    "destination": [
                      {
                        "s3_bucket_destination": [
                          {
                            "bucket_account_id": "630649313435",
                            "bucket_arn": "arn:aws:s3:::ohio-01-us-east-2-metrics-production",
                            "format": "CSV",
                            "prefix": "analytics-exports/metrics/"
                          }
                        ]
                      }
                    ],
                    "output_schema_version": "V_1"
                  }
                ]
              }
            ]
          },
          "sensitive_attributes": [],
          "private": "bnVsbA==",
          "dependencies": [
            "module.metrics_bucket.aws_s3_bucket.main",
            "module.metrics_bucket.data.aws_caller_identity.current"
          ]
        }
      ]
    },
    {
      "module": "module.metrics_bucket",
      "mode": "managed",
      "type": "aws_s3_bucket_intelligent_tiering_configuration",
      "name": "main",
      "provider": "provider[\"registry.terraform.io/hashicorp/aws\"]",
      "instances": [
        {
          "index_key": 0,
          "schema_version": 0,
          "attributes": {
            "bucket": "ohio-01-us-east-2-metrics-production",
            "filter": [],
            "id": "ohio-01-us-east-2-metrics-production:metrics-intelligent-tiering",
            "name": "metrics-intelligent-tiering",
            "status": "Enabled",
            "tiering": [
              {
                "access_tier": "ARCHIVE_ACCESS",
                "days": 90
              },
              {
                "access_tier": "DEEP_ARCHIVE_ACCESS",
                "days": 180
              }
            ]
          },
          "sensitive_attributes": [],
          "private": "bnVsbA==",
          "dependencies": [
            "module.metrics_bucket.aws_s3_bucket.main"
          ]
        }
      ]
    },
    {
      "module": "module.metrics_bucket",
      "mode": "managed",
      "type": "aws_s3_bucket_inventory",
      "name": "main",
      "provider": "provider[\"registry.terraform.io/hashicorp/aws\"]",
      "instances": [
        {
          "index_key": 0,
          "schema_version": 0,
          "attributes": {
            "bucket": "ohio-01-us-east-2-metrics-production",
            "destination": [
              {
                "bucket": [
                  {
                    "account_id": "",
                    "bucket_arn": "arn:aws:s3:::ohio-01-us-east-2-metrics-production",
                    "encryption": [],
                    "format": "CSV",
                    "prefix": "inventory-reports/metrics/"
                  }
                ]
              }
            ],
            "enabled": true,
            "filter": [],
            "id": "ohio-01-us-east-2-metrics-production:metrics-inventory",
            "included_object_versions": "Current",
            "name": "metrics-inventory",
            "optional_fields": [
              "ETag",
              "EncryptionStatus",
              "IsMultipartUploaded",
              "LastModifiedDate",
              "ReplicationStatus",
              "Size",
              "StorageClass"
            ],
            "schedule": [
              {
                "frequency": "Weekly"
              }
            ]
          },
          "sensitive_attributes": [],
          "private": "bnVsbA==",
          "dependencies": [
            "module.metrics_bucket.aws_s3_bucket.main"
          ]
        }
      ]
    },
    {
      "module": "module.metrics_bucket",
      "mode": "managed",
      "type": "aws_s3_bucket_lifecycle_configuration",
      "name": "main",
      "provider": "provider[\"registry.terraform.io/hashicorp/aws\"]",
      "instances": [
        {
          "index_key": 0,
          "schema_version": 1,
          "attributes": {
            "bucket": "ohio-01-us-east-2-metrics-production",
            "expected_bucket_owner": "",
            "id": "ohio-01-us-east-2-metrics-production",
            "rule": [
              {
                "abort_incomplete_multipart_upload": [
                  {
                    "days_after_initiation": 1
                  }
                ],
                "expiration": [
                  {
                    "date": null,
                    "days": 90,
                    "expired_object_delete_marker": false
                  }
                ],
                "filter": [
                  {
                    "and": [],
                    "object_size_greater_than": null,
                    "object_size_less_than": null,
                    "prefix": "",
                    "tag": []
                  }
                ],
                "id": "metrics_main_lifecycle",
                "noncurrent_version_expiration": [
                  {
                    "newer_noncurrent_versions": null,
                    "noncurrent_days": 7
                  }
                ],
                "noncurrent_version_transition": [],
                "prefix": "",
                "status": "Enabled",
                "transition": [
                  {
                    "date": null,
                    "days": 30,
                    "storage_class": "STANDARD_IA"
                  },
                  {
                    "date": null,
                    "days": 60,
                    "storage_class": "GLACIER"
                  }
                ]
              }
            ],
            "timeouts": null,
            "transition_default_minimum_object_size": "all_storage_classes_128K"
          },
          "sensitive_attributes": [],
          "dependencies": [
            "module.metrics_bucket.aws_s3_bucket.main",
            "module.metrics_bucket.aws_s3_bucket_versioning.main"
          ]
        }
      ]
    },
    {
      "module": "module.metrics_bucket",
      "mode": "managed",
      "type": "aws_s3_bucket_logging",
      "name": "main",
      "provider": "provider[\"registry.terraform.io/hashicorp/aws\"]",
      "instances": [
        {
          "index_key": 0,
          "schema_version": 0,
          "attributes": {
            "bucket": "ohio-01-us-east-2-metrics-production",
            "expected_bucket_owner": "",
            "id": "ohio-01-us-east-2-metrics-production",
            "target_bucket": "ohio-01-us-east-2-metrics-production-access-logs",
            "target_grant": [],
            "target_object_key_format": [],
            "target_prefix": "access-logs/metrics-bucket/"
          },
          "sensitive_attributes": [],
          "private": "bnVsbA==",
          "dependencies": [
            "module.metrics_bucket.aws_s3_bucket.access_logs",
            "module.metrics_bucket.aws_s3_bucket.main"
          ]
        }
      ]
    },
    {
      "module": "module.metrics_bucket",
      "mode": "managed",
      "type": "aws_s3_bucket_metric",
      "name": "detailed_monitoring",
      "provider": "provider[\"registry.terraform.io/hashicorp/aws\"]",
      "instances": [
        {
          "index_key": 0,
          "schema_version": 0,
          "attributes": {
            "bucket": "ohio-01-us-east-2-metrics-production",
            "filter": [],
            "id": "ohio-01-us-east-2-metrics-production:bucket-metrics",
            "name": "bucket-metrics"
          },
          "sensitive_attributes": [],
          "private": "bnVsbA==",
          "dependencies": [
            "module.metrics_bucket.aws_s3_bucket.main"
          ]
        }
      ]
    },
    {
      "module": "module.metrics_bucket",
      "mode": "managed",
      "type": "aws_s3_bucket_notification",
      "name": "main",
      "provider": "provider[\"registry.terraform.io/hashicorp/aws\"]",
      "instances": [
        {
          "index_key": 0,
          "schema_version": 0,
          "attributes": {
            "bucket": "ohio-01-us-east-2-metrics-production",
            "eventbridge": true,
            "id": "ohio-01-us-east-2-metrics-production",
            "lambda_function": [],
            "queue": [],
            "topic": []
          },
          "sensitive_attributes": [],
          "private": "bnVsbA==",
          "dependencies": [
            "module.metrics_bucket.aws_s3_bucket.main"
          ]
        }
      ]
    },
    {
      "module": "module.metrics_bucket",
      "mode": "managed",
      "type": "aws_s3_bucket_ownership_controls",
      "name": "main",
      "provider": "provider[\"registry.terraform.io/hashicorp/aws\"]",
      "instances": [
        {
          "schema_version": 0,
          "attributes": {
            "bucket": "ohio-01-us-east-2-metrics-production",
            "id": "ohio-01-us-east-2-metrics-production",
            "rule": [
              {
                "object_ownership": "BucketOwnerEnforced"
              }
            ]
          },
          "sensitive_attributes": [],
          "private": "bnVsbA==",
          "dependencies": [
            "module.metrics_bucket.aws_s3_bucket.main",
            "module.metrics_bucket.aws_s3_bucket_public_access_block.main"
          ]
        }
      ]
    },
    {
      "module": "module.metrics_bucket",
      "mode": "managed",
      "type": "aws_s3_bucket_public_access_block",
      "name": "main",
      "provider": "provider[\"registry.terraform.io/hashicorp/aws\"]",
      "instances": [
        {
          "schema_version": 0,
          "attributes": {
            "block_public_acls": true,
            "block_public_policy": true,
            "bucket": "ohio-01-us-east-2-metrics-production",
            "id": "ohio-01-us-east-2-metrics-production",
            "ignore_public_acls": true,
            "restrict_public_buckets": true
          },
          "sensitive_attributes": [],
          "private": "bnVsbA==",
          "dependencies": [
            "module.metrics_bucket.aws_s3_bucket.main"
          ]
        }
      ]
    },
    {
      "module": "module.metrics_bucket",
      "mode": "managed",
      "type": "aws_s3_bucket_server_side_encryption_configuration",
      "name": "main",
      "provider": "provider[\"registry.terraform.io/hashicorp/aws\"]",
      "instances": [
        {
          "schema_version": 0,
          "attributes": {
            "bucket": "ohio-01-us-east-2-metrics-production",
            "expected_bucket_owner": "",
            "id": "ohio-01-us-east-2-metrics-production",
            "rule": [
              {
                "apply_server_side_encryption_by_default": [
                  {
                    "kms_master_key_id": "",
                    "sse_algorithm": "AES256"
                  }
                ],
                "bucket_key_enabled": false
              }
            ]
          },
          "sensitive_attributes": [],
          "private": "bnVsbA==",
          "dependencies": [
            "module.metrics_bucket.aws_s3_bucket.main"
          ]
        }
      ]
    },
    {
      "module": "module.metrics_bucket",
      "mode": "managed",
      "type": "aws_s3_bucket_versioning",
      "name": "main",
      "provider": "provider[\"registry.terraform.io/hashicorp/aws\"]",
      "instances": [
        {
          "schema_version": 0,
          "attributes": {
            "bucket": "ohio-01-us-east-2-metrics-production",
            "expected_bucket_owner": "",
            "id": "ohio-01-us-east-2-metrics-production",
            "mfa": null,
            "versioning_configuration": [
              {
                "mfa_delete": "Disabled",
                "status": "Enabled"
              }
            ]
          },
          "sensitive_attributes": [],
          "private": "bnVsbA==",
          "dependencies": [
            "module.metrics_bucket.aws_s3_bucket.main"
          ]
        }
      ]
    },
    {
      "module": "module.terraform_backend_state",
      "mode": "data",
      "type": "aws_iam_policy_document",
      "name": "backend_access",
      "provider": "provider[\"registry.terraform.io/hashicorp/aws\"]",
      "instances": [
        {
          "schema_version": 0,
          "attributes": {
            "id": "1809218480",
            "json": "{\n  \"Version\": \"2012-10-17\",\n  \"Statement\": [\n    {\n      \"Sid\": \"TerraformStateS3Access\",\n      \"Effect\": \"Allow\",\n      \"Action\": [\n        \"s3:ListBucket\",\n        \"s3:GetBucketVersioning\",\n        \"s3:GetBucketLocation\"\n      ],\n      \"Resource\": \"arn:aws:s3:::ohio-01-terraform-state-production\"\n    },\n    {\n      \"Sid\": \"TerraformStateObjectAccess\",\n      \"Effect\": \"Allow\",\n      \"Action\": [\n        \"s3:PutObject\",\n        \"s3:GetObjectVersion\",\n        \"s3:GetObject\",\n        \"s3:DeleteObject\"\n      ],\n      \"Resource\": \"arn:aws:s3:::ohio-01-terraform-state-production/*\"\n    },\n    {\n      \"Sid\": \"TerraformStateLocking\",\n      \"Effect\": \"Allow\",\n      \"Action\": [\n        \"dynamodb:PutItem\",\n        \"dynamodb:GetItem\",\n        \"dynamodb:DescribeTable\",\n        \"dynamodb:DeleteItem\"\n      ],\n      \"Resource\": \"arn:aws:dynamodb:us-east-2:630649313435:table/terraform-locks-us-east\"\n    }\n  ]\n}",
            "minified_json": "{\"Version\":\"2012-10-17\",\"Statement\":[{\"Sid\":\"TerraformStateS3Access\",\"Effect\":\"Allow\",\"Action\":[\"s3:ListBucket\",\"s3:GetBucketVersioning\",\"s3:GetBucketLocation\"],\"Resource\":\"arn:aws:s3:::ohio-01-terraform-state-production\"},{\"Sid\":\"TerraformStateObjectAccess\",\"Effect\":\"Allow\",\"Action\":[\"s3:PutObject\",\"s3:GetObjectVersion\",\"s3:GetObject\",\"s3:DeleteObject\"],\"Resource\":\"arn:aws:s3:::ohio-01-terraform-state-production/*\"},{\"Sid\":\"TerraformStateLocking\",\"Effect\":\"Allow\",\"Action\":[\"dynamodb:PutItem\",\"dynamodb:GetItem\",\"dynamodb:DescribeTable\",\"dynamodb:DeleteItem\"],\"Resource\":\"arn:aws:dynamodb:us-east-2:630649313435:table/terraform-locks-us-east\"}]}",
            "override_json": null,
            "override_policy_documents": null,
            "policy_id": null,
            "source_json": null,
            "source_policy_documents": null,
            "statement": [
              {
                "actions": [
                  "s3:GetBucketLocation",
                  "s3:GetBucketVersioning",
                  "s3:ListBucket"
                ],
                "condition": [],
                "effect": "Allow",
                "not_actions": [],
                "not_principals": [],
                "not_resources": [],
                "principals": [],
                "resources": [
                  "arn:aws:s3:::ohio-01-terraform-state-production"
                ],
                "sid": "TerraformStateS3Access"
              },
              {
                "actions": [
                  "s3:DeleteObject",
                  "s3:GetObject",
                  "s3:GetObjectVersion",
                  "s3:PutObject"
                ],
                "condition": [],
                "effect": "Allow",
                "not_actions": [],
                "not_principals": [],
                "not_resources": [],
                "principals": [],
                "resources": [
                  "arn:aws:s3:::ohio-01-terraform-state-production/*"
                ],
                "sid": "TerraformStateObjectAccess"
              },
              {
                "actions": [
                  "dynamodb:DeleteItem",
                  "dynamodb:DescribeTable",
                  "dynamodb:GetItem",
                  "dynamodb:PutItem"
                ],
                "condition": [],
                "effect": "Allow",
                "not_actions": [],
                "not_principals": [],
                "not_resources": [],
                "principals": [],
                "resources": [
                  "arn:aws:dynamodb:us-east-2:630649313435:table/terraform-locks-us-east"
                ],
                "sid": "TerraformStateLocking"
              }
            ],
            "version": "2012-10-17"
          },
          "sensitive_attributes": []
        }
      ]
    },
    {
      "module": "module.terraform_backend_state",
      "mode": "managed",
      "type": "aws_cloudwatch_event_rule",
      "name": "state_file_backup",
      "provider": "provider[\"registry.terraform.io/hashicorp/aws\"]",
      "instances": [
        {
          "index_key": 0,
          "schema_version": 1,
          "attributes": {
            "arn": "arn:aws:events:us-east-2:630649313435:rule/ohio-01-us-east-2-state-backup",
            "description": "Trigger backup of Terraform state files",
            "event_bus_name": "default",
            "event_pattern": null,
            "force_destroy": false,
            "id": "ohio-01-us-east-2-state-backup",
            "is_enabled": true,
            "name": "ohio-01-us-east-2-state-backup",
            "name_prefix": "",
            "role_arn": "",
            "schedule_expression": "rate(24 hours)",
            "state": "ENABLED",
            "tags": {
              "Architecture": "Multi-Client",
              "BackupRequired": "true",
              "CreatedBy": "provision-s3-infrastructure.sh",
              "CriticalInfra": "true",
              "DataClassification": "Infrastructure",
              "Environment": "production",
              "Layer": "Backend",
              "ManagedBy": "Terraform",
              "MonitoringEnabled": "true",
              "Project": "ohio-01",
              "Purpose": "Terraform-Backend-State",
              "Region": "us-east-2",
              "SecurityLevel": "Critical"
            },
            "tags_all": {
              "Architecture": "Multi-Client",
              "BackupRequired": "true",
              "Company": "Zam Ltd",
              "CreatedBy": "provision-s3-infrastructure.sh",
              "CriticalInfra": "true",
              "DataClassification": "Infrastructure",
              "Environment": "production",
              "Layer": "Backend",
              "ManagedBy": "Terraform",
              "MonitoringEnabled": "true",
              "Project": "ohio-01",
              "ProvisionedBy": "s3-provisioning-script",
              "Purpose": "Terraform-Backend-State",
              "Region": "us-east-2",
              "SecurityLevel": "Critical"
            }
          },
          "sensitive_attributes": [],
          "private": "eyJzY2hlbWFfdmVyc2lvbiI6IjEifQ=="
        }
      ]
    },
    {
      "module": "module.terraform_backend_state",
      "mode": "managed",
      "type": "aws_cloudwatch_metric_alarm",
      "name": "dynamodb_throttles",
      "provider": "provider[\"registry.terraform.io/hashicorp/aws\"]",
      "instances": [
        {
          "index_key": 0,
          "schema_version": 1,
          "attributes": {
            "actions_enabled": true,
            "alarm_actions": [],
            "alarm_description": "This metric monitors DynamoDB throttles for Terraform state locking",
            "alarm_name": "terraform-locks-us-east-throttles",
            "arn": "arn:aws:cloudwatch:us-east-2:630649313435:alarm:terraform-locks-us-east-throttles",
            "comparison_operator": "GreaterThanThreshold",
            "datapoints_to_alarm": 0,
            "dimensions": {
              "TableName": "terraform-locks-us-east"
            },
            "evaluate_low_sample_count_percentiles": "",
            "evaluation_periods": 2,
            "extended_statistic": "",
            "id": "terraform-locks-us-east-throttles",
            "insufficient_data_actions": [],
            "metric_name": "ThrottledRequests",
            "metric_query": [],
            "namespace": "AWS/DynamoDB",
            "ok_actions": [],
            "period": 300,
            "statistic": "Sum",
            "tags": {
              "Architecture": "Multi-Client",
              "BackupRequired": "true",
              "CreatedBy": "provision-s3-infrastructure.sh",
              "CriticalInfra": "true",
              "DataClassification": "Infrastructure",
              "Environment": "production",
              "Layer": "Backend",
              "ManagedBy": "Terraform",
              "MonitoringEnabled": "true",
              "Project": "ohio-01",
              "Purpose": "Terraform-Backend-State",
              "Region": "us-east-2",
              "SecurityLevel": "Critical"
            },
            "tags_all": {
              "Architecture": "Multi-Client",
              "BackupRequired": "true",
              "Company": "Zam Ltd",
              "CreatedBy": "provision-s3-infrastructure.sh",
              "CriticalInfra": "true",
              "DataClassification": "Infrastructure",
              "Environment": "production",
              "Layer": "Backend",
              "ManagedBy": "Terraform",
              "MonitoringEnabled": "true",
              "Project": "ohio-01",
              "ProvisionedBy": "s3-provisioning-script",
              "Purpose": "Terraform-Backend-State",
              "Region": "us-east-2",
              "SecurityLevel": "Critical"
            },
            "threshold": 0,
            "threshold_metric_id": "",
            "treat_missing_data": "missing",
            "unit": ""
          },
          "sensitive_attributes": [],
          "private": "eyJzY2hlbWFfdmVyc2lvbiI6IjEifQ==",
          "dependencies": [
            "module.terraform_backend_state.aws_dynamodb_table.terraform_locks"
          ]
        }
      ]
    },
    {
      "module": "module.terraform_backend_state",
      "mode": "managed",
      "type": "aws_cloudwatch_metric_alarm",
      "name": "s3_unauthorized_access",
      "provider": "provider[\"registry.terraform.io/hashicorp/aws\"]",
      "instances": [
        {
          "index_key": 0,
          "schema_version": 1,
          "attributes": {
            "actions_enabled": true,
            "alarm_actions": null,
            "alarm_description": "This metric monitors unauthorized access attempts to Terraform state bucket",
            "alarm_name": "ohio-01-terraform-state-production-unauthorized-access",
            "arn": "arn:aws:cloudwatch:us-east-2:630649313435:alarm:ohio-01-terraform-state-production-unauthorized-access",
            "comparison_operator": "GreaterThanThreshold",
            "datapoints_to_alarm": 0,
            "dimensions": {
              "BucketName": "ohio-01-terraform-state-production"
            },
            "evaluate_low_sample_count_percentiles": "",
            "evaluation_periods": 1,
            "extended_statistic": "",
            "id": "ohio-01-terraform-state-production-unauthorized-access",
            "insufficient_data_actions": null,
            "metric_name": "4xxErrors",
            "metric_query": [],
            "namespace": "AWS/S3",
            "ok_actions": null,
            "period": 300,
            "statistic": "Sum",
            "tags": {
              "Architecture": "Multi-Client",
              "BackupRequired": "true",
              "CreatedBy": "provision-s3-infrastructure.sh",
              "CriticalInfra": "true",
              "DataClassification": "Infrastructure",
              "Environment": "production",
              "Layer": "Backend",
              "ManagedBy": "Terraform",
              "MonitoringEnabled": "true",
              "Project": "ohio-01",
              "Purpose": "Terraform-Backend-State",
              "Region": "us-east-2",
              "SecurityLevel": "Critical"
            },
            "tags_all": {
              "Architecture": "Multi-Client",
              "BackupRequired": "true",
              "Company": "Zam Ltd",
              "CreatedBy": "provision-s3-infrastructure.sh",
              "CriticalInfra": "true",
              "DataClassification": "Infrastructure",
              "Environment": "production",
              "Layer": "Backend",
              "ManagedBy": "Terraform",
              "MonitoringEnabled": "true",
              "Project": "ohio-01",
              "ProvisionedBy": "s3-provisioning-script",
              "Purpose": "Terraform-Backend-State",
              "Region": "us-east-2",
              "SecurityLevel": "Critical"
            },
            "threshold": 5,
            "threshold_metric_id": "",
            "treat_missing_data": "missing",
            "unit": ""
          },
          "sensitive_attributes": [],
          "private": "eyJzY2hlbWFfdmVyc2lvbiI6IjEifQ==",
          "dependencies": [
            "module.terraform_backend_state.module.terraform_state_bucket.aws_s3_bucket.main"
          ]
        }
      ]
    },
    {
      "module": "module.terraform_backend_state",
      "mode": "managed",
      "type": "aws_dynamodb_table",
      "name": "terraform_locks",
      "provider": "provider[\"registry.terraform.io/hashicorp/aws\"]",
      "instances": [
        {
          "schema_version": 1,
          "attributes": {
            "arn": "arn:aws:dynamodb:us-east-2:630649313435:table/terraform-locks-us-east",
            "attribute": [
              {
                "name": "LockID",
                "type": "S"
              }
            ],
            "billing_mode": "PAY_PER_REQUEST",
            "deletion_protection_enabled": false,
            "global_secondary_index": [],
            "hash_key": "LockID",
            "id": "terraform-locks-us-east",
            "import_table": [],
            "local_secondary_index": [],
            "name": "terraform-locks-us-east",
            "on_demand_throughput": [],
            "point_in_time_recovery": [
              {
                "enabled": true,
                "recovery_period_in_days": 35
              }
            ],
            "range_key": null,
            "read_capacity": 0,
            "replica": [],
            "restore_date_time": null,
            "restore_source_name": null,
            "restore_source_table_arn": null,
            "restore_to_latest_time": null,
            "server_side_encryption": [
              {
                "enabled": true,
                "kms_key_arn": ""
              }
            ],
            "stream_arn": "",
            "stream_enabled": false,
            "stream_label": "",
            "stream_view_type": "",
            "table_class": "STANDARD",
            "tags": {
              "Architecture": "Multi-Client",
              "BackupRequired": "true",
              "CreatedBy": "provision-s3-infrastructure.sh",
              "CriticalInfra": "true",
              "DataClassification": "Infrastructure",
              "Environment": "production",
              "Layer": "Backend",
              "ManagedBy": "Terraform",
              "MonitoringEnabled": "true",
              "Name": "terraform-locks-us-east",
              "Project": "ohio-01",
              "Purpose": "Terraform State Locking",
              "Region": "us-east-2",
              "SecurityLevel": "Critical"
            },
            "tags_all": {
              "Architecture": "Multi-Client",
              "BackupRequired": "true",
              "Company": "Zam Ltd",
              "CreatedBy": "provision-s3-infrastructure.sh",
              "CriticalInfra": "true",
              "DataClassification": "Infrastructure",
              "Environment": "production",
              "Layer": "Backend",
              "ManagedBy": "Terraform",
              "MonitoringEnabled": "true",
              "Name": "terraform-locks-us-east",
              "Project": "ohio-01",
              "ProvisionedBy": "s3-provisioning-script",
              "Purpose": "Terraform State Locking",
              "Region": "us-east-2",
              "SecurityLevel": "Critical"
            },
            "timeouts": null,
            "ttl": [
              {
                "attribute_name": "",
                "enabled": false
              }
            ],
            "write_capacity": 0
          },
          "sensitive_attributes": [],
          "private": "eyJlMmJmYjczMC1lY2FhLTExZTYtOGY4OC0zNDM2M2JjN2M0YzAiOnsiY3JlYXRlIjoxODAwMDAwMDAwMDAwLCJkZWxldGUiOjYwMDAwMDAwMDAwMCwidXBkYXRlIjozNjAwMDAwMDAwMDAwfSwic2NoZW1hX3ZlcnNpb24iOiIxIn0="
        }
      ]
    },
    {
      "module": "module.terraform_backend_state",
      "mode": "managed",
      "type": "aws_iam_policy",
      "name": "backend_access_policy",
      "provider": "provider[\"registry.terraform.io/hashicorp/aws\"]",
      "instances": [
        {
          "index_key": 0,
          "schema_version": 0,
          "attributes": {
            "arn": "arn:aws:iam::630649313435:policy/ohio-01-us-east-2-terraform-backend-access",
            "attachment_count": 0,
            "description": "Policy for accessing Terraform backend state and locking",
            "id": "arn:aws:iam::630649313435:policy/ohio-01-us-east-2-terraform-backend-access",
            "name": "ohio-01-us-east-2-terraform-backend-access",
            "name_prefix": "",
            "path": "/",
            "policy": "{\"Statement\":[{\"Action\":[\"s3:ListBucket\",\"s3:GetBucketVersioning\",\"s3:GetBucketLocation\"],\"Effect\":\"Allow\",\"Resource\":\"arn:aws:s3:::ohio-01-terraform-state-production\",\"Sid\":\"TerraformStateS3Access\"},{\"Action\":[\"s3:PutObject\",\"s3:GetObjectVersion\",\"s3:GetObject\",\"s3:DeleteObject\"],\"Effect\":\"Allow\",\"Resource\":\"arn:aws:s3:::ohio-01-terraform-state-production/*\",\"Sid\":\"TerraformStateObjectAccess\"},{\"Action\":[\"dynamodb:PutItem\",\"dynamodb:GetItem\",\"dynamodb:DescribeTable\",\"dynamodb:DeleteItem\"],\"Effect\":\"Allow\",\"Resource\":\"arn:aws:dynamodb:us-east-2:630649313435:table/terraform-locks-us-east\",\"Sid\":\"TerraformStateLocking\"}],\"Version\":\"2012-10-17\"}",
            "policy_id": "ANPAZFVNA3CNWNU6BCN5D",
            "tags": {
              "Architecture": "Multi-Client",
              "BackupRequired": "true",
              "CreatedBy": "provision-s3-infrastructure.sh",
              "CriticalInfra": "true",
              "DataClassification": "Infrastructure",
              "Environment": "production",
              "Layer": "Backend",
              "ManagedBy": "Terraform",
              "MonitoringEnabled": "true",
              "Project": "ohio-01",
              "Purpose": "Terraform-Backend-State",
              "Region": "us-east-2",
              "SecurityLevel": "Critical"
            },
            "tags_all": {
              "Architecture": "Multi-Client",
              "BackupRequired": "true",
              "Company": "Zam Ltd",
              "CreatedBy": "provision-s3-infrastructure.sh",
              "CriticalInfra": "true",
              "DataClassification": "Infrastructure",
              "Environment": "production",
              "Layer": "Backend",
              "ManagedBy": "Terraform",
              "MonitoringEnabled": "true",
              "Project": "ohio-01",
              "ProvisionedBy": "s3-provisioning-script",
              "Purpose": "Terraform-Backend-State",
              "Region": "us-east-2",
              "SecurityLevel": "Critical"
            }
          },
          "sensitive_attributes": [],
          "private": "bnVsbA==",
          "dependencies": [
            "module.terraform_backend_state.aws_dynamodb_table.terraform_locks",
            "module.terraform_backend_state.data.aws_iam_policy_document.backend_access",
            "module.terraform_backend_state.module.terraform_state_bucket.aws_s3_bucket.main"
          ]
        }
      ]
    },
    {
      "module": "module.terraform_backend_state",
      "mode": "managed",
      "type": "aws_ssm_parameter",
      "name": "backend_bucket",
      "provider": "provider[\"registry.terraform.io/hashicorp/aws\"]",
      "instances": [
        {
          "schema_version": 0,
          "attributes": {
            "allowed_pattern": "",
            "arn": "arn:aws:ssm:us-east-2:630649313435:parameter/ohio-01/production/backend/s3-bucket",
            "data_type": "text",
            "description": "S3 bucket name for Terraform state storage",
            "has_value_wo": null,
            "id": "/ohio-01/production/backend/s3-bucket",
            "insecure_value": null,
            "key_id": "",
            "name": "/ohio-01/production/backend/s3-bucket",
            "overwrite": null,
            "tags": {
              "Architecture": "Multi-Client",
              "BackupRequired": "true",
              "CreatedBy": "provision-s3-infrastructure.sh",
              "CriticalInfra": "true",
              "DataClassification": "Infrastructure",
              "Environment": "production",
              "Layer": "Backend",
              "ManagedBy": "Terraform",
              "MonitoringEnabled": "true",
              "Project": "ohio-01",
              "Purpose": "Terraform-Backend-State",
              "Region": "us-east-2",
              "SecurityLevel": "Critical"
            },
            "tags_all": {
              "Architecture": "Multi-Client",
              "BackupRequired": "true",
              "Company": "Zam Ltd",
              "CreatedBy": "provision-s3-infrastructure.sh",
              "CriticalInfra": "true",
              "DataClassification": "Infrastructure",
              "Environment": "production",
              "Layer": "Backend",
              "ManagedBy": "Terraform",
              "MonitoringEnabled": "true",
              "Project": "ohio-01",
              "ProvisionedBy": "s3-provisioning-script",
              "Purpose": "Terraform-Backend-State",
              "Region": "us-east-2",
              "SecurityLevel": "Critical"
            },
            "tier": "Standard",
            "type": "String",
            "value": "ohio-01-terraform-state-production",
            "value_wo": null,
            "value_wo_version": null,
            "version": 1
          },
          "sensitive_attributes": [
            [
              {
                "type": "get_attr",
                "value": "value_wo"
              }
            ],
            [
              {
                "type": "get_attr",
                "value": "value"
              }
            ]
          ],
          "private": "bnVsbA==",
          "dependencies": [
            "module.terraform_backend_state.module.terraform_state_bucket.aws_s3_bucket.main"
          ]
        }
      ]
    },
    {
      "module": "module.terraform_backend_state",
      "mode": "managed",
      "type": "aws_ssm_parameter",
      "name": "backend_dynamodb_table",
      "provider": "provider[\"registry.terraform.io/hashicorp/aws\"]",
      "instances": [
        {
          "schema_version": 0,
          "attributes": {
            "allowed_pattern": "",
            "arn": "arn:aws:ssm:us-east-2:630649313435:parameter/ohio-01/production/backend/dynamodb-table",
            "data_type": "text",
            "description": "DynamoDB table name for Terraform state locking",
            "has_value_wo": null,
            "id": "/ohio-01/production/backend/dynamodb-table",
            "insecure_value": null,
            "key_id": "",
            "name": "/ohio-01/production/backend/dynamodb-table",
            "overwrite": null,
            "tags": {
              "Architecture": "Multi-Client",
              "BackupRequired": "true",
              "CreatedBy": "provision-s3-infrastructure.sh",
              "CriticalInfra": "true",
              "DataClassification": "Infrastructure",
              "Environment": "production",
              "Layer": "Backend",
              "ManagedBy": "Terraform",
              "MonitoringEnabled": "true",
              "Project": "ohio-01",
              "Purpose": "Terraform-Backend-State",
              "Region": "us-east-2",
              "SecurityLevel": "Critical"
            },
            "tags_all": {
              "Architecture": "Multi-Client",
              "BackupRequired": "true",
              "Company": "Zam Ltd",
              "CreatedBy": "provision-s3-infrastructure.sh",
              "CriticalInfra": "true",
              "DataClassification": "Infrastructure",
              "Environment": "production",
              "Layer": "Backend",
              "ManagedBy": "Terraform",
              "MonitoringEnabled": "true",
              "Project": "ohio-01",
              "ProvisionedBy": "s3-provisioning-script",
              "Purpose": "Terraform-Backend-State",
              "Region": "us-east-2",
              "SecurityLevel": "Critical"
            },
            "tier": "Standard",
            "type": "String",
            "value": "terraform-locks-us-east",
            "value_wo": null,
            "value_wo_version": null,
            "version": 1
          },
          "sensitive_attributes": [
            [
              {
                "type": "get_attr",
                "value": "value"
              }
            ],
            [
              {
                "type": "get_attr",
                "value": "value_wo"
              }
            ]
          ],
          "private": "bnVsbA==",
          "dependencies": [
            "module.terraform_backend_state.aws_dynamodb_table.terraform_locks"
          ]
        }
      ]
    },
    {
      "module": "module.terraform_backend_state",
      "mode": "managed",
      "type": "aws_ssm_parameter",
      "name": "backend_region",
      "provider": "provider[\"registry.terraform.io/hashicorp/aws\"]",
      "instances": [
        {
          "schema_version": 0,
          "attributes": {
            "allowed_pattern": "",
            "arn": "arn:aws:ssm:us-east-2:630649313435:parameter/ohio-01/production/backend/region",
            "data_type": "text",
            "description": "AWS region for Terraform backend",
            "has_value_wo": null,
            "id": "/ohio-01/production/backend/region",
            "insecure_value": null,
            "key_id": "",
            "name": "/ohio-01/production/backend/region",
            "overwrite": null,
            "tags": {
              "Architecture": "Multi-Client",
              "BackupRequired": "true",
              "CreatedBy": "provision-s3-infrastructure.sh",
              "CriticalInfra": "true",
              "DataClassification": "Infrastructure",
              "Environment": "production",
              "Layer": "Backend",
              "ManagedBy": "Terraform",
              "MonitoringEnabled": "true",
              "Project": "ohio-01",
              "Purpose": "Terraform-Backend-State",
              "Region": "us-east-2",
              "SecurityLevel": "Critical"
            },
            "tags_all": {
              "Architecture": "Multi-Client",
              "BackupRequired": "true",
              "Company": "Zam Ltd",
              "CreatedBy": "provision-s3-infrastructure.sh",
              "CriticalInfra": "true",
              "DataClassification": "Infrastructure",
              "Environment": "production",
              "Layer": "Backend",
              "ManagedBy": "Terraform",
              "MonitoringEnabled": "true",
              "Project": "ohio-01",
              "ProvisionedBy": "s3-provisioning-script",
              "Purpose": "Terraform-Backend-State",
              "Region": "us-east-2",
              "SecurityLevel": "Critical"
            },
            "tier": "Standard",
            "type": "String",
            "value": "us-east-2",
            "value_wo": null,
            "value_wo_version": null,
            "version": 1
          },
          "sensitive_attributes": [
            [
              {
                "type": "get_attr",
                "value": "value"
              }
            ],
            [
              {
                "type": "get_attr",
                "value": "value_wo"
              }
            ]
          ],
          "private": "bnVsbA=="
        }
      ]
    },
    {
      "module": "module.terraform_backend_state",
      "mode": "managed",
      "type": "local_file",
      "name": "backend_configs",
      "provider": "provider[\"registry.terraform.io/hashicorp/local\"]",
      "instances": [
        {
          "index_key": "01-foundation",
          "schema_version": 0,
          "attributes": {
            "content": "# Backend configuration for providers/aws/regions/us-east-2/layers/01-foundation/production/terraform.tfstate\n# Generated automatically by terraform-backend-state module\nbucket         = \"ohio-01-terraform-state-production\"\nkey            = \"providers/aws/regions/us-east-2/layers/01-foundation/production/terraform.tfstate\"\nregion         = \"us-east-2\"\nencrypt        = true\ndynamodb_table = \"terraform-locks-us-east\"",
            "content_base64": null,
            "content_base64sha256": "xpbc2ol0tsd+SKhcA/2xFioaGi6HYNyx+PD5viGtOX0=",
            "content_base64sha512": "rNx8uusi7LWD3W5dWBCxQZN70kGOnu1WrhMmKLgOaOa/ttN49UfITDB2wrJOcNOOBwOcQSLO6NhrrH68tiZ69g==",
            "content_md5": "b0a7f94d03e5988414e0a37133cec99e",
            "content_sha1": "ec67cd2a1a73302f877320c4506b75ae0758006a",
            "content_sha256": "c696dcda8974b6c77e48a85c03fdb1162a1a1a2e8760dcb1f8f0f9be21ad397d",
            "content_sha512": "acdc7cbaeb22ecb583dd6e5d5810b141937bd2418e9eed56ae132628b80e68e6bfb6d378f547c84c3076c2b24e70d38e07039c4122cee8d86bac7ebcb6267af6",
            "directory_permission": "0777",
            "file_permission": "0777",
            "filename": "../../backends/aws/production/us-east-2/foundation.hcl",
            "id": "ec67cd2a1a73302f877320c4506b75ae0758006a",
            "sensitive_content": null,
            "source": null
          },
          "sensitive_attributes": [
            [
              {
                "type": "get_attr",
                "value": "sensitive_content"
              }
            ]
          ],
          "dependencies": [
            "module.terraform_backend_state.aws_dynamodb_table.terraform_locks",
            "module.terraform_backend_state.module.terraform_state_bucket.aws_iam_policy.replication",
            "module.terraform_backend_state.module.terraform_state_bucket.aws_iam_role.replication",
            "module.terraform_backend_state.module.terraform_state_bucket.aws_iam_role_policy_attachment.replication",
            "module.terraform_backend_state.module.terraform_state_bucket.aws_s3_bucket.access_logs",
            "module.terraform_backend_state.module.terraform_state_bucket.aws_s3_bucket.main",
            "module.terraform_backend_state.module.terraform_state_bucket.aws_s3_bucket_accelerate_configuration.main",
            "module.terraform_backend_state.module.terraform_state_bucket.aws_s3_bucket_analytics_configuration.main",
            "module.terraform_backend_state.module.terraform_state_bucket.aws_s3_bucket_intelligent_tiering_configuration.main",
            "module.terraform_backend_state.module.terraform_state_bucket.aws_s3_bucket_inventory.main",
            "module.terraform_backend_state.module.terraform_state_bucket.aws_s3_bucket_lifecycle_configuration.main",
            "module.terraform_backend_state.module.terraform_state_bucket.aws_s3_bucket_logging.main",
            "module.terraform_backend_state.module.terraform_state_bucket.aws_s3_bucket_metric.cost_optimization",
            "module.terraform_backend_state.module.terraform_state_bucket.aws_s3_bucket_metric.detailed_monitoring",
            "module.terraform_backend_state.module.terraform_state_bucket.aws_s3_bucket_notification.main",
            "module.terraform_backend_state.module.terraform_state_bucket.aws_s3_bucket_ownership_controls.main",
            "module.terraform_backend_state.module.terraform_state_bucket.aws_s3_bucket_policy.main",
            "module.terraform_backend_state.module.terraform_state_bucket.aws_s3_bucket_public_access_block.main",
            "module.terraform_backend_state.module.terraform_state_bucket.aws_s3_bucket_replication_configuration.main",
            "module.terraform_backend_state.module.terraform_state_bucket.aws_s3_bucket_request_payment_configuration.main",
            "module.terraform_backend_state.module.terraform_state_bucket.aws_s3_bucket_server_side_encryption_configuration.main",
            "module.terraform_backend_state.module.terraform_state_bucket.aws_s3_bucket_versioning.main",
            "module.terraform_backend_state.module.terraform_state_bucket.data.aws_caller_identity.current"
          ]
        },
        {
          "index_key": "02-platform",
          "schema_version": 0,
          "attributes": {
            "content": "# Backend configuration for regions/us-east-2/layers/02-platform/production/terraform.tfstate\n# Generated automatically by terraform-backend-state module\nbucket         = \"ohio-01-terraform-state-production\"\nkey            = \"regions/us-east-2/layers/02-platform/production/terraform.tfstate\"\nregion         = \"us-east-2\"\nencrypt        = true\ndynamodb_table = \"terraform-locks-us-east\"",
            "content_base64": null,
            "content_base64sha256": "KN6Hh+S45j2FXUWeI2wkzaoVV97CNOFVDdwO29f+SAk=",
            "content_base64sha512": "QCQtd7i5P5ZQYm3RL4yivZahsT/9JlfDcup8sim0pp8LDxcH4vfybJ8a36EwtuicF+lCwlacFKdMSHWkU0J9uA==",
            "content_md5": "22a6787e8b1b919c8ade954520e2b19e",
            "content_sha1": "403a28fc764bde35d67a1643d2cdcf9547e689f8",
            "content_sha256": "28de8787e4b8e63d855d459e236c24cdaa1557dec234e1550ddc0edbd7fe4809",
            "content_sha512": "40242d77b8b93f9650626dd12f8ca2bd96a1b13ffd2657c372ea7cb229b4a69f0b0f1707e2f7f26c9f1adfa130b6e89c17e942c2569c14a74c4875a453427db8",
            "directory_permission": "0777",
            "file_permission": "0777",
            "filename": "../../backends/aws/production/us-east-2/platform.hcl",
            "id": "403a28fc764bde35d67a1643d2cdcf9547e689f8",
            "sensitive_content": null,
            "source": null
          },
          "sensitive_attributes": [
            [
              {
                "type": "get_attr",
                "value": "sensitive_content"
              }
            ]
          ],
          "dependencies": [
            "module.terraform_backend_state.aws_dynamodb_table.terraform_locks",
            "module.terraform_backend_state.module.terraform_state_bucket.aws_iam_policy.replication",
            "module.terraform_backend_state.module.terraform_state_bucket.aws_iam_role.replication",
            "module.terraform_backend_state.module.terraform_state_bucket.aws_iam_role_policy_attachment.replication",
            "module.terraform_backend_state.module.terraform_state_bucket.aws_s3_bucket.access_logs",
            "module.terraform_backend_state.module.terraform_state_bucket.aws_s3_bucket.main",
            "module.terraform_backend_state.module.terraform_state_bucket.aws_s3_bucket_accelerate_configuration.main",
            "module.terraform_backend_state.module.terraform_state_bucket.aws_s3_bucket_analytics_configuration.main",
            "module.terraform_backend_state.module.terraform_state_bucket.aws_s3_bucket_intelligent_tiering_configuration.main",
            "module.terraform_backend_state.module.terraform_state_bucket.aws_s3_bucket_inventory.main",
            "module.terraform_backend_state.module.terraform_state_bucket.aws_s3_bucket_lifecycle_configuration.main",
            "module.terraform_backend_state.module.terraform_state_bucket.aws_s3_bucket_logging.main",
            "module.terraform_backend_state.module.terraform_state_bucket.aws_s3_bucket_metric.cost_optimization",
            "module.terraform_backend_state.module.terraform_state_bucket.aws_s3_bucket_metric.detailed_monitoring",
            "module.terraform_backend_state.module.terraform_state_bucket.aws_s3_bucket_notification.main",
            "module.terraform_backend_state.module.terraform_state_bucket.aws_s3_bucket_ownership_controls.main",
            "module.terraform_backend_state.module.terraform_state_bucket.aws_s3_bucket_policy.main",
            "module.terraform_backend_state.module.terraform_state_bucket.aws_s3_bucket_public_access_block.main",
            "module.terraform_backend_state.module.terraform_state_bucket.aws_s3_bucket_replication_configuration.main",
            "module.terraform_backend_state.module.terraform_state_bucket.aws_s3_bucket_request_payment_configuration.main",
            "module.terraform_backend_state.module.terraform_state_bucket.aws_s3_bucket_server_side_encryption_configuration.main",
            "module.terraform_backend_state.module.terraform_state_bucket.aws_s3_bucket_versioning.main",
            "module.terraform_backend_state.module.terraform_state_bucket.data.aws_caller_identity.current"
          ]
        },
        {
          "index_key": "03-databases",
          "schema_version": 0,
          "attributes": {
            "content": "# Backend configuration for regions/us-east-2/layers/03-databases/production/terraform.tfstate\n# Generated automatically by terraform-backend-state module\nbucket         = \"ohio-01-terraform-state-production\"\nkey            = \"regions/us-east-2/layers/03-databases/production/terraform.tfstate\"\nregion         = \"us-east-2\"\nencrypt        = true\ndynamodb_table = \"terraform-locks-us-east\"",
            "content_base64": null,
            "content_base64sha256": "XQ6St6YD254tPZn//P5XI+5hK69hUtp+NdaNQAGub7c=",
            "content_base64sha512": "lmxbvaOVeIP+LvaesG9IkG9folbDJvNXRVe02iSxNd9md3VqNzDYFIFIit+m00BoJ8y6RwM9DbFPdtREuF+UIA==",
            "content_md5": "8a85e44cfa6b419d130626e576001ca0",
            "content_sha1": "7bb4113dd51b78c2e4cff705f4b51e8eed1eea1f",
            "content_sha256": "5d0e92b7a603db9e2d3d99fffcfe5723ee612baf6152da7e35d68d4001ae6fb7",
            "content_sha512": "966c5bbda3957883fe2ef69eb06f48906f5fa256c326f3574557b4da24b135df6677756a3730d81481488adfa6d3406827ccba47033d0db14f76d444b85f9420",
            "directory_permission": "0777",
            "file_permission": "0777",
            "filename": "../../backends/aws/production/us-east-2/databases.hcl",
            "id": "7bb4113dd51b78c2e4cff705f4b51e8eed1eea1f",
            "sensitive_content": null,
            "source": null
          },
          "sensitive_attributes": [
            [
              {
                "type": "get_attr",
                "value": "sensitive_content"
              }
            ]
          ],
          "dependencies": [
            "module.terraform_backend_state.aws_dynamodb_table.terraform_locks",
            "module.terraform_backend_state.module.terraform_state_bucket.aws_iam_policy.replication",
            "module.terraform_backend_state.module.terraform_state_bucket.aws_iam_role.replication",
            "module.terraform_backend_state.module.terraform_state_bucket.aws_iam_role_policy_attachment.replication",
            "module.terraform_backend_state.module.terraform_state_bucket.aws_s3_bucket.access_logs",
            "module.terraform_backend_state.module.terraform_state_bucket.aws_s3_bucket.main",
            "module.terraform_backend_state.module.terraform_state_bucket.aws_s3_bucket_accelerate_configuration.main",
            "module.terraform_backend_state.module.terraform_state_bucket.aws_s3_bucket_analytics_configuration.main",
            "module.terraform_backend_state.module.terraform_state_bucket.aws_s3_bucket_intelligent_tiering_configuration.main",
            "module.terraform_backend_state.module.terraform_state_bucket.aws_s3_bucket_inventory.main",
            "module.terraform_backend_state.module.terraform_state_bucket.aws_s3_bucket_lifecycle_configuration.main",
            "module.terraform_backend_state.module.terraform_state_bucket.aws_s3_bucket_logging.main",
            "module.terraform_backend_state.module.terraform_state_bucket.aws_s3_bucket_metric.cost_optimization",
            "module.terraform_backend_state.module.terraform_state_bucket.aws_s3_bucket_metric.detailed_monitoring",
            "module.terraform_backend_state.module.terraform_state_bucket.aws_s3_bucket_notification.main",
            "module.terraform_backend_state.module.terraform_state_bucket.aws_s3_bucket_ownership_controls.main",
            "module.terraform_backend_state.module.terraform_state_bucket.aws_s3_bucket_policy.main",
            "module.terraform_backend_state.module.terraform_state_bucket.aws_s3_bucket_public_access_block.main",
            "module.terraform_backend_state.module.terraform_state_bucket.aws_s3_bucket_replication_configuration.main",
            "module.terraform_backend_state.module.terraform_state_bucket.aws_s3_bucket_request_payment_configuration.main",
            "module.terraform_backend_state.module.terraform_state_bucket.aws_s3_bucket_server_side_encryption_configuration.main",
            "module.terraform_backend_state.module.terraform_state_bucket.aws_s3_bucket_versioning.main",
            "module.terraform_backend_state.module.terraform_state_bucket.data.aws_caller_identity.current"
          ]
        },
        {
          "index_key": "03.5-observability",
          "schema_version": 0,
          "attributes": {
            "content": "# Backend configuration for regions/us-east-2/layers/03.5-observability/production/terraform.tfstate\n# Generated automatically by terraform-backend-state module\nbucket         = \"ohio-01-terraform-state-production\"\nkey            = \"regions/us-east-2/layers/03.5-observability/production/terraform.tfstate\"\nregion         = \"us-east-2\"\nencrypt        = true\ndynamodb_table = \"terraform-locks-us-east\"",
            "content_base64": null,
            "content_base64sha256": "6IAro4HkMVlBMQ2d6bVE45YO5HHIIsmbhpKVaaKrD/4=",
            "content_base64sha512": "Y3bQT1rwIYFo3AHj01ae1+pwOv7Y4PUp/GsE+apKHdxHzX+AyahQixkZ2WA0bP6Kp9weyUmgslYldo160ocGbA==",
            "content_md5": "7d577af449d637299f3d9bc2d4ca5cf5",
            "content_sha1": "6bd48ab2e0f3d1cba1c1cf71fc7a15716e5dc1db",
            "content_sha256": "e8802ba381e4315941310d9de9b544e3960ee471c822c99b86929569a2ab0ffe",
            "content_sha512": "6376d04f5af0218168dc01e3d3569ed7ea703afed8e0f529fc6b04f9aa4a1ddc47cd7f80c9a8508b1919d960346cfe8aa7dc1ec949a0b25625768d7ad287066c",
            "directory_permission": "0777",
            "file_permission": "0777",
            "filename": "../../backends/aws/production/us-east-2/observability.hcl",
            "id": "6bd48ab2e0f3d1cba1c1cf71fc7a15716e5dc1db",
            "sensitive_content": null,
            "source": null
          },
          "sensitive_attributes": [
            [
              {
                "type": "get_attr",
                "value": "sensitive_content"
              }
            ]
          ],
          "dependencies": [
            "module.terraform_backend_state.aws_dynamodb_table.terraform_locks",
            "module.terraform_backend_state.module.terraform_state_bucket.aws_iam_policy.replication",
            "module.terraform_backend_state.module.terraform_state_bucket.aws_iam_role.replication",
            "module.terraform_backend_state.module.terraform_state_bucket.aws_iam_role_policy_attachment.replication",
            "module.terraform_backend_state.module.terraform_state_bucket.aws_s3_bucket.access_logs",
            "module.terraform_backend_state.module.terraform_state_bucket.aws_s3_bucket.main",
            "module.terraform_backend_state.module.terraform_state_bucket.aws_s3_bucket_accelerate_configuration.main",
            "module.terraform_backend_state.module.terraform_state_bucket.aws_s3_bucket_analytics_configuration.main",
            "module.terraform_backend_state.module.terraform_state_bucket.aws_s3_bucket_intelligent_tiering_configuration.main",
            "module.terraform_backend_state.module.terraform_state_bucket.aws_s3_bucket_inventory.main",
            "module.terraform_backend_state.module.terraform_state_bucket.aws_s3_bucket_lifecycle_configuration.main",
            "module.terraform_backend_state.module.terraform_state_bucket.aws_s3_bucket_logging.main",
            "module.terraform_backend_state.module.terraform_state_bucket.aws_s3_bucket_metric.cost_optimization",
            "module.terraform_backend_state.module.terraform_state_bucket.aws_s3_bucket_metric.detailed_monitoring",
            "module.terraform_backend_state.module.terraform_state_bucket.aws_s3_bucket_notification.main",
            "module.terraform_backend_state.module.terraform_state_bucket.aws_s3_bucket_ownership_controls.main",
            "module.terraform_backend_state.module.terraform_state_bucket.aws_s3_bucket_policy.main",
            "module.terraform_backend_state.module.terraform_state_bucket.aws_s3_bucket_public_access_block.main",
            "module.terraform_backend_state.module.terraform_state_bucket.aws_s3_bucket_replication_configuration.main",
            "module.terraform_backend_state.module.terraform_state_bucket.aws_s3_bucket_request_payment_configuration.main",
            "module.terraform_backend_state.module.terraform_state_bucket.aws_s3_bucket_server_side_encryption_configuration.main",
            "module.terraform_backend_state.module.terraform_state_bucket.aws_s3_bucket_versioning.main",
            "module.terraform_backend_state.module.terraform_state_bucket.data.aws_caller_identity.current"
          ]
        },
        {
          "index_key": "06-shared-services",
          "schema_version": 0,
          "attributes": {
            "content": "# Backend configuration for regions/us-east-2/layers/06-shared-services/production/terraform.tfstate\n# Generated automatically by terraform-backend-state module\nbucket         = \"ohio-01-terraform-state-production\"\nkey            = \"regions/us-east-2/layers/06-shared-services/production/terraform.tfstate\"\nregion         = \"us-east-2\"\nencrypt        = true\ndynamodb_table = \"terraform-locks-us-east\"",
            "content_base64": null,
            "content_base64sha256": "s3+1nLB1ZV0uxhTnTD8KkF3OId8Z7bJ29i+dpTCgE+0=",
            "content_base64sha512": "4i9j5GnEbX9LIJaWf+f4M27eZV1UMsyr2Z9KZnS1ETCup34czKYicmUdA1U67EWoA4UZcHsdNBiZiKtNpb1ukg==",
            "content_md5": "b9e1edd597a3abb56e7222036981e1ff",
            "content_sha1": "2a32f4353676bd3c2a606b4036696886c5e4ee47",
            "content_sha256": "b37fb59cb075655d2ec614e74c3f0a905dce21df19edb276f62f9da530a013ed",
            "content_sha512": "e22f63e469c46d7f4b2096967fe7f8336ede655d5432ccabd99f4a6674b51130aea77e1ccca62272651d03553aec45a8038519707b1d34189988ab4da5bd6e92",
            "directory_permission": "0777",
            "file_permission": "0777",
            "filename": "../../backends/aws/production/us-east-2/shared-services.hcl",
            "id": "2a32f4353676bd3c2a606b4036696886c5e4ee47",
            "sensitive_content": null,
            "source": null
          },
          "sensitive_attributes": [
            [
              {
                "type": "get_attr",
                "value": "sensitive_content"
              }
            ]
          ],
          "dependencies": [
            "module.terraform_backend_state.aws_dynamodb_table.terraform_locks",
            "module.terraform_backend_state.module.terraform_state_bucket.aws_iam_policy.replication",
            "module.terraform_backend_state.module.terraform_state_bucket.aws_iam_role.replication",
            "module.terraform_backend_state.module.terraform_state_bucket.aws_iam_role_policy_attachment.replication",
            "module.terraform_backend_state.module.terraform_state_bucket.aws_s3_bucket.access_logs",
            "module.terraform_backend_state.module.terraform_state_bucket.aws_s3_bucket.main",
            "module.terraform_backend_state.module.terraform_state_bucket.aws_s3_bucket_accelerate_configuration.main",
            "module.terraform_backend_state.module.terraform_state_bucket.aws_s3_bucket_analytics_configuration.main",
            "module.terraform_backend_state.module.terraform_state_bucket.aws_s3_bucket_intelligent_tiering_configuration.main",
            "module.terraform_backend_state.module.terraform_state_bucket.aws_s3_bucket_inventory.main",
            "module.terraform_backend_state.module.terraform_state_bucket.aws_s3_bucket_lifecycle_configuration.main",
            "module.terraform_backend_state.module.terraform_state_bucket.aws_s3_bucket_logging.main",
            "module.terraform_backend_state.module.terraform_state_bucket.aws_s3_bucket_metric.cost_optimization",
            "module.terraform_backend_state.module.terraform_state_bucket.aws_s3_bucket_metric.detailed_monitoring",
            "module.terraform_backend_state.module.terraform_state_bucket.aws_s3_bucket_notification.main",
            "module.terraform_backend_state.module.terraform_state_bucket.aws_s3_bucket_ownership_controls.main",
            "module.terraform_backend_state.module.terraform_state_bucket.aws_s3_bucket_policy.main",
            "module.terraform_backend_state.module.terraform_state_bucket.aws_s3_bucket_public_access_block.main",
            "module.terraform_backend_state.module.terraform_state_bucket.aws_s3_bucket_replication_configuration.main",
            "module.terraform_backend_state.module.terraform_state_bucket.aws_s3_bucket_request_payment_configuration.main",
            "module.terraform_backend_state.module.terraform_state_bucket.aws_s3_bucket_server_side_encryption_configuration.main",
            "module.terraform_backend_state.module.terraform_state_bucket.aws_s3_bucket_versioning.main",
            "module.terraform_backend_state.module.terraform_state_bucket.data.aws_caller_identity.current"
          ]
        }
      ]
    },
    {
      "module": "module.terraform_backend_state.module.terraform_state_bucket",
      "mode": "data",
      "type": "aws_caller_identity",
      "name": "current",
      "provider": "provider[\"registry.terraform.io/hashicorp/aws\"]",
      "instances": [
        {
          "schema_version": 0,
          "attributes": {
            "account_id": "630649313435",
            "arn": "arn:aws:iam::630649313435:user/djuma",
            "id": "630649313435",
            "user_id": "AIDAZFVNA3CNVLDQ6L44J"
          },
          "sensitive_attributes": []
        }
      ]
    },
    {
      "module": "module.terraform_backend_state.module.terraform_state_bucket",
      "mode": "managed",
      "type": "aws_s3_bucket",
      "name": "access_logs",
      "provider": "provider[\"registry.terraform.io/hashicorp/aws\"]",
      "instances": [
        {
          "index_key": 0,
          "schema_version": 0,
          "attributes": {
            "acceleration_status": "",
            "acl": null,
            "arn": "arn:aws:s3:::ohio-01-terraform-state-production-access-logs",
            "bucket": "ohio-01-terraform-state-production-access-logs",
            "bucket_domain_name": "ohio-01-terraform-state-production-access-logs.s3.amazonaws.com",
            "bucket_prefix": "",
            "bucket_regional_domain_name": "ohio-01-terraform-state-production-access-logs.s3.us-east-2.amazonaws.com",
            "cors_rule": [],
            "force_destroy": false,
            "grant": [
              {
                "id": "6d03faf6f2d48a4764f57d33e4b4e267679da662d586cdaca39397347692f68d",
                "permissions": [
                  "FULL_CONTROL"
                ],
                "type": "CanonicalUser",
                "uri": ""
              }
            ],
            "hosted_zone_id": "Z2O1EMRO9K5GLX",
            "id": "ohio-01-terraform-state-production-access-logs",
            "lifecycle_rule": [],
            "logging": [],
            "object_lock_configuration": [],
            "object_lock_enabled": false,
            "policy": "",
            "region": "us-east-2",
            "replication_configuration": [],
            "request_payer": "BucketOwner",
            "server_side_encryption_configuration": [
              {
                "rule": [
                  {
                    "apply_server_side_encryption_by_default": [
                      {
                        "kms_master_key_id": "",
                        "sse_algorithm": "AES256"
                      }
                    ],
                    "bucket_key_enabled": false
                  }
                ]
              }
            ],
            "tags": {
              "Architecture": "Multi-Client",
              "BackupRequired": "true",
              "BucketPurpose": "backend-state",
              "CreatedBy": "provision-s3-infrastructure.sh",
              "CriticalInfra": "true",
              "DataClassification": "Infrastructure",
              "Environment": "production",
              "Layer": "Storage",
              "ManagedBy": "Terraform",
              "MonitoringEnabled": "true",
              "Project": "ohio-01",
              "Purpose": "AccessLogs",
              "Region": "us-east-2",
              "SecurityLevel": "Critical"
            },
            "tags_all": {
              "Architecture": "Multi-Client",
              "BackupRequired": "true",
              "BucketPurpose": "backend-state",
              "Company": "Zam Ltd",
              "CreatedBy": "provision-s3-infrastructure.sh",
              "CriticalInfra": "true",
              "DataClassification": "Infrastructure",
              "Environment": "production",
              "Layer": "Storage",
              "ManagedBy": "Terraform",
              "MonitoringEnabled": "true",
              "Project": "ohio-01",
              "ProvisionedBy": "s3-provisioning-script",
              "Purpose": "AccessLogs",
              "Region": "us-east-2",
              "SecurityLevel": "Critical"
            },
            "timeouts": null,
            "versioning": [
              {
                "enabled": false,
                "mfa_delete": false
              }
            ],
            "website": [],
            "website_domain": null,
            "website_endpoint": null
          },
          "sensitive_attributes": [],
          "private": "eyJlMmJmYjczMC1lY2FhLTExZTYtOGY4OC0zNDM2M2JjN2M0YzAiOnsiY3JlYXRlIjoxMjAwMDAwMDAwMDAwLCJkZWxldGUiOjM2MDAwMDAwMDAwMDAsInJlYWQiOjEyMDAwMDAwMDAwMDAsInVwZGF0ZSI6MTIwMDAwMDAwMDAwMH19"
        }
      ]
    },
    {
      "module": "module.terraform_backend_state.module.terraform_state_bucket",
      "mode": "managed",
      "type": "aws_s3_bucket",
      "name": "main",
      "provider": "provider[\"registry.terraform.io/hashicorp/aws\"]",
      "instances": [
        {
          "schema_version": 0,
          "attributes": {
            "acceleration_status": "",
            "acl": null,
            "arn": "arn:aws:s3:::ohio-01-terraform-state-production",
            "bucket": "ohio-01-terraform-state-production",
            "bucket_domain_name": "ohio-01-terraform-state-production.s3.amazonaws.com",
            "bucket_prefix": "",
            "bucket_regional_domain_name": "ohio-01-terraform-state-production.s3.us-east-2.amazonaws.com",
            "cors_rule": [],
            "force_destroy": false,
            "grant": [
              {
                "id": "6d03faf6f2d48a4764f57d33e4b4e267679da662d586cdaca39397347692f68d",
                "permissions": [
                  "FULL_CONTROL"
                ],
                "type": "CanonicalUser",
                "uri": ""
              }
            ],
            "hosted_zone_id": "Z2O1EMRO9K5GLX",
            "id": "ohio-01-terraform-state-production",
            "lifecycle_rule": [],
            "logging": [],
            "object_lock_configuration": [],
            "object_lock_enabled": false,
            "policy": "",
            "region": "us-east-2",
            "replication_configuration": [],
            "request_payer": "BucketOwner",
            "server_side_encryption_configuration": [
              {
                "rule": [
                  {
                    "apply_server_side_encryption_by_default": [
                      {
                        "kms_master_key_id": "",
                        "sse_algorithm": "AES256"
                      }
                    ],
                    "bucket_key_enabled": false
                  }
                ]
              }
            ],
            "tags": {
              "Architecture": "Multi-Client",
              "BackupRequired": "true",
              "BucketPurpose": "backend-state",
              "CreatedBy": "provision-s3-infrastructure.sh",
              "CriticalInfra": "true",
              "DataClassification": "Infrastructure",
              "Environment": "production",
              "Layer": "Storage",
              "ManagedBy": "Terraform",
              "MonitoringEnabled": "true",
              "Project": "ohio-01",
              "Purpose": "Terraform-Backend-State",
              "Region": "us-east-2",
              "SecurityLevel": "Critical"
            },
            "tags_all": {
              "Architecture": "Multi-Client",
              "BackupRequired": "true",
              "BucketPurpose": "backend-state",
              "Company": "Zam Ltd",
              "CreatedBy": "provision-s3-infrastructure.sh",
              "CriticalInfra": "true",
              "DataClassification": "Infrastructure",
              "Environment": "production",
              "Layer": "Storage",
              "ManagedBy": "Terraform",
              "MonitoringEnabled": "true",
              "Project": "ohio-01",
              "ProvisionedBy": "s3-provisioning-script",
              "Purpose": "Terraform-Backend-State",
              "Region": "us-east-2",
              "SecurityLevel": "Critical"
            },
            "timeouts": null,
            "versioning": [
              {
                "enabled": false,
                "mfa_delete": false
              }
            ],
            "website": [],
            "website_domain": null,
            "website_endpoint": null
          },
          "sensitive_attributes": [],
          "private": "eyJlMmJmYjczMC1lY2FhLTExZTYtOGY4OC0zNDM2M2JjN2M0YzAiOnsiY3JlYXRlIjoxMjAwMDAwMDAwMDAwLCJkZWxldGUiOjM2MDAwMDAwMDAwMDAsInJlYWQiOjEyMDAwMDAwMDAwMDAsInVwZGF0ZSI6MTIwMDAwMDAwMDAwMH19"
        }
      ]
    },
    {
      "module": "module.terraform_backend_state.module.terraform_state_bucket",
      "mode": "managed",
      "type": "aws_s3_bucket_analytics_configuration",
      "name": "main",
      "provider": "provider[\"registry.terraform.io/hashicorp/aws\"]",
      "instances": [
        {
          "index_key": 0,
          "schema_version": 0,
          "attributes": {
            "bucket": "ohio-01-terraform-state-production",
            "filter": [],
            "id": "ohio-01-terraform-state-production:backend-state-analytics",
            "name": "backend-state-analytics",
            "storage_class_analysis": [
              {
                "data_export": [
                  {
                    "destination": [
                      {
                        "s3_bucket_destination": [
                          {
                            "bucket_account_id": "630649313435",
                            "bucket_arn": "arn:aws:s3:::ohio-01-terraform-state-production",
                            "format": "CSV",
                            "prefix": "analytics-exports/backend-state/"
                          }
                        ]
                      }
                    ],
                    "output_schema_version": "V_1"
                  }
                ]
              }
            ]
          },
          "sensitive_attributes": [],
          "private": "bnVsbA==",
          "dependencies": [
            "module.terraform_backend_state.module.terraform_state_bucket.aws_s3_bucket.main",
            "module.terraform_backend_state.module.terraform_state_bucket.data.aws_caller_identity.current"
          ]
        }
      ]
    },
    {
      "module": "module.terraform_backend_state.module.terraform_state_bucket",
      "mode": "managed",
      "type": "aws_s3_bucket_inventory",
      "name": "main",
      "provider": "provider[\"registry.terraform.io/hashicorp/aws\"]",
      "instances": [
        {
          "index_key": 0,
          "schema_version": 0,
          "attributes": {
            "bucket": "ohio-01-terraform-state-production",
            "destination": [
              {
                "bucket": [
                  {
                    "account_id": "",
                    "bucket_arn": "arn:aws:s3:::ohio-01-terraform-state-production",
                    "encryption": [],
                    "format": "CSV",
                    "prefix": "inventory-reports/backend-state/"
                  }
                ]
              }
            ],
            "enabled": true,
            "filter": [],
            "id": "ohio-01-terraform-state-production:backend-state-inventory",
            "included_object_versions": "Current",
            "name": "backend-state-inventory",
            "optional_fields": [
              "ETag",
              "EncryptionStatus",
              "IsMultipartUploaded",
              "LastModifiedDate",
              "ReplicationStatus",
              "Size",
              "StorageClass"
            ],
            "schedule": [
              {
                "frequency": "Weekly"
              }
            ]
          },
          "sensitive_attributes": [],
          "private": "bnVsbA==",
          "dependencies": [
            "module.terraform_backend_state.module.terraform_state_bucket.aws_s3_bucket.main"
          ]
        }
      ]
    },
    {
      "module": "module.terraform_backend_state.module.terraform_state_bucket",
      "mode": "managed",
      "type": "aws_s3_bucket_lifecycle_configuration",
      "name": "main",
      "provider": "provider[\"registry.terraform.io/hashicorp/aws\"]",
      "instances": [
        {
          "index_key": 0,
          "schema_version": 1,
          "attributes": {
            "bucket": "ohio-01-terraform-state-production",
            "expected_bucket_owner": "",
            "id": "ohio-01-terraform-state-production",
            "rule": [
              {
                "abort_incomplete_multipart_upload": [
                  {
                    "days_after_initiation": 7
                  }
                ],
                "expiration": [],
                "filter": [
                  {
                    "and": [],
                    "object_size_greater_than": null,
                    "object_size_less_than": null,
                    "prefix": "",
                    "tag": []
                  }
                ],
                "id": "backend-state_main_lifecycle",
                "noncurrent_version_expiration": [
                  {
                    "newer_noncurrent_versions": null,
                    "noncurrent_days": 90
                  }
                ],
                "noncurrent_version_transition": [],
                "prefix": "",
                "status": "Enabled",
                "transition": []
              }
            ],
            "timeouts": null,
            "transition_default_minimum_object_size": "all_storage_classes_128K"
          },
          "sensitive_attributes": [],
          "dependencies": [
            "module.terraform_backend_state.module.terraform_state_bucket.aws_s3_bucket.main",
            "module.terraform_backend_state.module.terraform_state_bucket.aws_s3_bucket_versioning.main"
          ]
        }
      ]
    },
    {
      "module": "module.terraform_backend_state.module.terraform_state_bucket",
      "mode": "managed",
      "type": "aws_s3_bucket_logging",
      "name": "main",
      "provider": "provider[\"registry.terraform.io/hashicorp/aws\"]",
      "instances": [
        {
          "index_key": 0,
          "schema_version": 0,
          "attributes": {
            "bucket": "ohio-01-terraform-state-production",
            "expected_bucket_owner": "",
            "id": "ohio-01-terraform-state-production",
            "target_bucket": "ohio-01-terraform-state-production-access-logs",
            "target_grant": [],
            "target_object_key_format": [],
            "target_prefix": "access-logs/"
          },
          "sensitive_attributes": [],
          "private": "bnVsbA==",
          "dependencies": [
            "module.terraform_backend_state.module.terraform_state_bucket.aws_s3_bucket.access_logs",
            "module.terraform_backend_state.module.terraform_state_bucket.aws_s3_bucket.main"
          ]
        }
      ]
    },
    {
      "module": "module.terraform_backend_state.module.terraform_state_bucket",
      "mode": "managed",
      "type": "aws_s3_bucket_metric",
      "name": "cost_optimization",
      "provider": "provider[\"registry.terraform.io/hashicorp/aws\"]",
      "instances": [
        {
          "index_key": 0,
          "schema_version": 0,
          "attributes": {
            "bucket": "ohio-01-terraform-state-production",
            "filter": [],
            "id": "ohio-01-terraform-state-production:backend-state-cost-metrics",
            "name": "backend-state-cost-metrics"
          },
          "sensitive_attributes": [],
          "private": "bnVsbA==",
          "dependencies": [
            "module.terraform_backend_state.module.terraform_state_bucket.aws_s3_bucket.main"
          ]
        }
      ]
    },
    {
      "module": "module.terraform_backend_state.module.terraform_state_bucket",
      "mode": "managed",
      "type": "aws_s3_bucket_metric",
      "name": "detailed_monitoring",
      "provider": "provider[\"registry.terraform.io/hashicorp/aws\"]",
      "instances": [
        {
          "index_key": 0,
          "schema_version": 0,
          "attributes": {
            "bucket": "ohio-01-terraform-state-production",
            "filter": [],
            "id": "ohio-01-terraform-state-production:bucket-metrics",
            "name": "bucket-metrics"
          },
          "sensitive_attributes": [],
          "private": "bnVsbA==",
          "dependencies": [
            "module.terraform_backend_state.module.terraform_state_bucket.aws_s3_bucket.main"
          ]
        }
      ]
    },
    {
      "module": "module.terraform_backend_state.module.terraform_state_bucket",
      "mode": "managed",
      "type": "aws_s3_bucket_notification",
      "name": "main",
      "provider": "provider[\"registry.terraform.io/hashicorp/aws\"]",
      "instances": [
        {
          "index_key": 0,
          "schema_version": 0,
          "attributes": {
            "bucket": "ohio-01-terraform-state-production",
            "eventbridge": true,
            "id": "ohio-01-terraform-state-production",
            "lambda_function": [],
            "queue": [],
            "topic": []
          },
          "sensitive_attributes": [],
          "private": "bnVsbA==",
          "dependencies": [
            "module.terraform_backend_state.module.terraform_state_bucket.aws_s3_bucket.main"
          ]
        }
      ]
    },
    {
      "module": "module.terraform_backend_state.module.terraform_state_bucket",
      "mode": "managed",
      "type": "aws_s3_bucket_ownership_controls",
      "name": "main",
      "provider": "provider[\"registry.terraform.io/hashicorp/aws\"]",
      "instances": [
        {
          "schema_version": 0,
          "attributes": {
            "bucket": "ohio-01-terraform-state-production",
            "id": "ohio-01-terraform-state-production",
            "rule": [
              {
                "object_ownership": "BucketOwnerEnforced"
              }
            ]
          },
          "sensitive_attributes": [],
          "private": "bnVsbA==",
          "dependencies": [
            "module.terraform_backend_state.module.terraform_state_bucket.aws_s3_bucket.main",
            "module.terraform_backend_state.module.terraform_state_bucket.aws_s3_bucket_public_access_block.main"
          ]
        }
      ]
    },
    {
      "module": "module.terraform_backend_state.module.terraform_state_bucket",
      "mode": "managed",
      "type": "aws_s3_bucket_public_access_block",
      "name": "main",
      "provider": "provider[\"registry.terraform.io/hashicorp/aws\"]",
      "instances": [
        {
          "schema_version": 0,
          "attributes": {
            "block_public_acls": true,
            "block_public_policy": true,
            "bucket": "ohio-01-terraform-state-production",
            "id": "ohio-01-terraform-state-production",
            "ignore_public_acls": true,
            "restrict_public_buckets": true
          },
          "sensitive_attributes": [],
          "private": "bnVsbA==",
          "dependencies": [
            "module.terraform_backend_state.module.terraform_state_bucket.aws_s3_bucket.main"
          ]
        }
      ]
    },
    {
      "module": "module.terraform_backend_state.module.terraform_state_bucket",
      "mode": "managed",
      "type": "aws_s3_bucket_server_side_encryption_configuration",
      "name": "main",
      "provider": "provider[\"registry.terraform.io/hashicorp/aws\"]",
      "instances": [
        {
          "schema_version": 0,
          "attributes": {
            "bucket": "ohio-01-terraform-state-production",
            "expected_bucket_owner": "",
            "id": "ohio-01-terraform-state-production",
            "rule": [
              {
                "apply_server_side_encryption_by_default": [
                  {
                    "kms_master_key_id": "",
                    "sse_algorithm": "AES256"
                  }
                ],
                "bucket_key_enabled": false
              }
            ]
          },
          "sensitive_attributes": [],
          "private": "bnVsbA==",
          "dependencies": [
            "module.terraform_backend_state.module.terraform_state_bucket.aws_s3_bucket.main"
          ]
        }
      ]
    },
    {
      "module": "module.terraform_backend_state.module.terraform_state_bucket",
      "mode": "managed",
      "type": "aws_s3_bucket_versioning",
      "name": "main",
      "provider": "provider[\"registry.terraform.io/hashicorp/aws\"]",
      "instances": [
        {
          "schema_version": 0,
          "attributes": {
            "bucket": "ohio-01-terraform-state-production",
            "expected_bucket_owner": "",
            "id": "ohio-01-terraform-state-production",
            "mfa": null,
            "versioning_configuration": [
              {
                "mfa_delete": "Disabled",
                "status": "Enabled"
              }
            ]
          },
          "sensitive_attributes": [],
          "private": "bnVsbA==",
          "dependencies": [
            "module.terraform_backend_state.module.terraform_state_bucket.aws_s3_bucket.main"
          ]
        }
      ]
    },
    {
      "module": "module.traces_bucket",
      "mode": "data",
      "type": "aws_caller_identity",
      "name": "current",
      "provider": "provider[\"registry.terraform.io/hashicorp/aws\"]",
      "instances": [
        {
          "schema_version": 0,
          "attributes": {
            "account_id": "630649313435",
            "arn": "arn:aws:iam::630649313435:user/djuma",
            "id": "630649313435",
            "user_id": "AIDAZFVNA3CNVLDQ6L44J"
          },
          "sensitive_attributes": []
        }
      ]
    },
    {
      "module": "module.traces_bucket",
      "mode": "managed",
      "type": "aws_s3_bucket",
      "name": "access_logs",
      "provider": "provider[\"registry.terraform.io/hashicorp/aws\"]",
      "instances": [
        {
          "index_key": 0,
          "schema_version": 0,
          "attributes": {
            "acceleration_status": "",
            "acl": null,
            "arn": "arn:aws:s3:::ohio-01-us-east-2-traces-production-access-logs",
            "bucket": "ohio-01-us-east-2-traces-production-access-logs",
            "bucket_domain_name": "ohio-01-us-east-2-traces-production-access-logs.s3.amazonaws.com",
            "bucket_prefix": "",
            "bucket_regional_domain_name": "ohio-01-us-east-2-traces-production-access-logs.s3.us-east-2.amazonaws.com",
            "cors_rule": [],
            "force_destroy": false,
            "grant": [
              {
                "id": "6d03faf6f2d48a4764f57d33e4b4e267679da662d586cdaca39397347692f68d",
                "permissions": [
                  "FULL_CONTROL"
                ],
                "type": "CanonicalUser",
                "uri": ""
              }
            ],
            "hosted_zone_id": "Z2O1EMRO9K5GLX",
            "id": "ohio-01-us-east-2-traces-production-access-logs",
            "lifecycle_rule": [],
            "logging": [],
            "object_lock_configuration": [],
            "object_lock_enabled": false,
            "policy": "",
            "region": "us-east-2",
            "replication_configuration": [],
            "request_payer": "BucketOwner",
            "server_side_encryption_configuration": [
              {
                "rule": [
                  {
                    "apply_server_side_encryption_by_default": [
                      {
                        "kms_master_key_id": "",
                        "sse_algorithm": "AES256"
                      }
                    ],
                    "bucket_key_enabled": false
                  }
                ]
              }
            ],
            "tags": {
              "Architecture": "Multi-Client",
              "BackupRequired": "false",
              "BucketPurpose": "traces",
              "CreatedBy": "provision-s3-infrastructure.sh",
              "CriticalInfra": "false",
              "Environment": "production",
              "Layer": "Storage",
              "ManagedBy": "Terraform",
              "MonitoringEnabled": "true",
              "Project": "ohio-01",
              "Purpose": "AccessLogs",
              "Region": "us-east-2",
              "SecurityLevel": "High"
            },
            "tags_all": {
              "Architecture": "Multi-Client",
              "BackupRequired": "false",
              "BucketPurpose": "traces",
              "Company": "Zam Ltd",
              "CreatedBy": "provision-s3-infrastructure.sh",
              "CriticalInfra": "false",
              "Environment": "production",
              "Layer": "Storage",
              "ManagedBy": "Terraform",
              "MonitoringEnabled": "true",
              "Project": "ohio-01",
              "ProvisionedBy": "s3-provisioning-script",
              "Purpose": "AccessLogs",
              "Region": "us-east-2",
              "SecurityLevel": "High"
            },
            "timeouts": null,
            "versioning": [
              {
                "enabled": false,
                "mfa_delete": false
              }
            ],
            "website": [],
            "website_domain": null,
            "website_endpoint": null
          },
          "sensitive_attributes": [],
          "private": "eyJlMmJmYjczMC1lY2FhLTExZTYtOGY4OC0zNDM2M2JjN2M0YzAiOnsiY3JlYXRlIjoxMjAwMDAwMDAwMDAwLCJkZWxldGUiOjM2MDAwMDAwMDAwMDAsInJlYWQiOjEyMDAwMDAwMDAwMDAsInVwZGF0ZSI6MTIwMDAwMDAwMDAwMH19"
        }
      ]
    },
    {
      "module": "module.traces_bucket",
      "mode": "managed",
      "type": "aws_s3_bucket",
      "name": "main",
      "provider": "provider[\"registry.terraform.io/hashicorp/aws\"]",
      "instances": [
        {
          "schema_version": 0,
          "attributes": {
            "acceleration_status": "",
            "acl": null,
            "arn": "arn:aws:s3:::ohio-01-us-east-2-traces-production",
            "bucket": "ohio-01-us-east-2-traces-production",
            "bucket_domain_name": "ohio-01-us-east-2-traces-production.s3.amazonaws.com",
            "bucket_prefix": "",
            "bucket_regional_domain_name": "ohio-01-us-east-2-traces-production.s3.us-east-2.amazonaws.com",
            "cors_rule": [],
            "force_destroy": false,
            "grant": [
              {
                "id": "6d03faf6f2d48a4764f57d33e4b4e267679da662d586cdaca39397347692f68d",
                "permissions": [
                  "FULL_CONTROL"
                ],
                "type": "CanonicalUser",
                "uri": ""
              }
            ],
            "hosted_zone_id": "Z2O1EMRO9K5GLX",
            "id": "ohio-01-us-east-2-traces-production",
            "lifecycle_rule": [],
            "logging": [],
            "object_lock_configuration": [],
            "object_lock_enabled": false,
            "policy": "",
            "region": "us-east-2",
            "replication_configuration": [],
            "request_payer": "BucketOwner",
            "server_side_encryption_configuration": [
              {
                "rule": [
                  {
                    "apply_server_side_encryption_by_default": [
                      {
                        "kms_master_key_id": "",
                        "sse_algorithm": "AES256"
                      }
                    ],
                    "bucket_key_enabled": false
                  }
                ]
              }
            ],
            "tags": {
              "Architecture": "Multi-Client",
              "BackupRequired": "false",
              "BucketPurpose": "traces",
              "CreatedBy": "provision-s3-infrastructure.sh",
              "CriticalInfra": "false",
              "Environment": "production",
              "Layer": "Storage",
              "ManagedBy": "Terraform",
              "MonitoringEnabled": "true",
              "Project": "ohio-01",
              "Purpose": "Distributed-Traces-Storage",
              "Region": "us-east-2",
              "SecurityLevel": "High"
            },
            "tags_all": {
              "Architecture": "Multi-Client",
              "BackupRequired": "false",
              "BucketPurpose": "traces",
              "Company": "Zam Ltd",
              "CreatedBy": "provision-s3-infrastructure.sh",
              "CriticalInfra": "false",
              "Environment": "production",
              "Layer": "Storage",
              "ManagedBy": "Terraform",
              "MonitoringEnabled": "true",
              "Project": "ohio-01",
              "ProvisionedBy": "s3-provisioning-script",
              "Purpose": "Distributed-Traces-Storage",
              "Region": "us-east-2",
              "SecurityLevel": "High"
            },
            "timeouts": null,
            "versioning": [
              {
                "enabled": false,
                "mfa_delete": false
              }
            ],
            "website": [],
            "website_domain": null,
            "website_endpoint": null
          },
          "sensitive_attributes": [],
          "private": "eyJlMmJmYjczMC1lY2FhLTExZTYtOGY4OC0zNDM2M2JjN2M0YzAiOnsiY3JlYXRlIjoxMjAwMDAwMDAwMDAwLCJkZWxldGUiOjM2MDAwMDAwMDAwMDAsInJlYWQiOjEyMDAwMDAwMDAwMDAsInVwZGF0ZSI6MTIwMDAwMDAwMDAwMH19"
        }
      ]
    },
    {
      "module": "module.traces_bucket",
      "mode": "managed",
      "type": "aws_s3_bucket_analytics_configuration",
      "name": "main",
      "provider": "provider[\"registry.terraform.io/hashicorp/aws\"]",
      "instances": [
        {
          "index_key": 0,
          "schema_version": 0,
          "attributes": {
            "bucket": "ohio-01-us-east-2-traces-production",
            "filter": [],
            "id": "ohio-01-us-east-2-traces-production:traces-analytics",
            "name": "traces-analytics",
            "storage_class_analysis": [
              {
                "data_export": [
                  {
                    "destination": [
                      {
                        "s3_bucket_destination": [
                          {
                            "bucket_account_id": "630649313435",
                            "bucket_arn": "arn:aws:s3:::ohio-01-us-east-2-traces-production",
                            "format": "CSV",
                            "prefix": "analytics-exports/traces/"
                          }
                        ]
                      }
                    ],
                    "output_schema_version": "V_1"
                  }
                ]
              }
            ]
          },
          "sensitive_attributes": [],
          "private": "bnVsbA==",
          "dependencies": [
            "module.traces_bucket.aws_s3_bucket.main",
            "module.traces_bucket.data.aws_caller_identity.current"
          ]
        }
      ]
    },
    {
      "module": "module.traces_bucket",
      "mode": "managed",
      "type": "aws_s3_bucket_intelligent_tiering_configuration",
      "name": "main",
      "provider": "provider[\"registry.terraform.io/hashicorp/aws\"]",
      "instances": [
        {
          "index_key": 0,
          "schema_version": 0,
          "attributes": {
            "bucket": "ohio-01-us-east-2-traces-production",
            "filter": [],
            "id": "ohio-01-us-east-2-traces-production:traces-intelligent-tiering",
            "name": "traces-intelligent-tiering",
            "status": "Enabled",
            "tiering": [
              {
                "access_tier": "ARCHIVE_ACCESS",
                "days": 90
              },
              {
                "access_tier": "DEEP_ARCHIVE_ACCESS",
                "days": 180
              }
            ]
          },
          "sensitive_attributes": [],
          "private": "bnVsbA==",
          "dependencies": [
            "module.traces_bucket.aws_s3_bucket.main"
          ]
        }
      ]
    },
    {
      "module": "module.traces_bucket",
      "mode": "managed",
      "type": "aws_s3_bucket_inventory",
      "name": "main",
      "provider": "provider[\"registry.terraform.io/hashicorp/aws\"]",
      "instances": [
        {
          "index_key": 0,
          "schema_version": 0,
          "attributes": {
            "bucket": "ohio-01-us-east-2-traces-production",
            "destination": [
              {
                "bucket": [
                  {
                    "account_id": "",
                    "bucket_arn": "arn:aws:s3:::ohio-01-us-east-2-traces-production",
                    "encryption": [],
                    "format": "CSV",
                    "prefix": "inventory-reports/traces/"
                  }
                ]
              }
            ],
            "enabled": true,
            "filter": [],
            "id": "ohio-01-us-east-2-traces-production:traces-inventory",
            "included_object_versions": "Current",
            "name": "traces-inventory",
            "optional_fields": [
              "ETag",
              "EncryptionStatus",
              "IsMultipartUploaded",
              "LastModifiedDate",
              "ReplicationStatus",
              "Size",
              "StorageClass"
            ],
            "schedule": [
              {
                "frequency": "Weekly"
              }
            ]
          },
          "sensitive_attributes": [],
          "private": "bnVsbA==",
          "dependencies": [
            "module.traces_bucket.aws_s3_bucket.main"
          ]
        }
      ]
    },
    {
      "module": "module.traces_bucket",
      "mode": "managed",
      "type": "aws_s3_bucket_lifecycle_configuration",
      "name": "main",
      "provider": "provider[\"registry.terraform.io/hashicorp/aws\"]",
      "instances": [
        {
          "index_key": 0,
          "schema_version": 1,
          "attributes": {
            "bucket": "ohio-01-us-east-2-traces-production",
            "expected_bucket_owner": "",
            "id": "ohio-01-us-east-2-traces-production",
            "rule": [
              {
                "abort_incomplete_multipart_upload": [
                  {
                    "days_after_initiation": 1
                  }
                ],
                "expiration": [
                  {
                    "date": null,
                    "days": 120,
                    "expired_object_delete_marker": false
                  }
                ],
                "filter": [
                  {
                    "and": [],
                    "object_size_greater_than": null,
                    "object_size_less_than": null,
                    "prefix": "",
                    "tag": []
                  }
                ],
                "id": "traces_main_lifecycle",
                "noncurrent_version_expiration": [
                  {
                    "newer_noncurrent_versions": null,
                    "noncurrent_days": 7
                  }
                ],
                "noncurrent_version_transition": [],
                "prefix": "",
                "status": "Enabled",
                "transition": [
                  {
                    "date": null,
                    "days": 30,
                    "storage_class": "STANDARD_IA"
                  },
                  {
                    "date": null,
                    "days": 60,
                    "storage_class": "GLACIER"
                  }
                ]
              }
            ],
            "timeouts": null,
            "transition_default_minimum_object_size": "all_storage_classes_128K"
          },
          "sensitive_attributes": [],
          "dependencies": [
            "module.traces_bucket.aws_s3_bucket.main",
            "module.traces_bucket.aws_s3_bucket_versioning.main"
          ]
        }
      ]
    },
    {
      "module": "module.traces_bucket",
      "mode": "managed",
      "type": "aws_s3_bucket_logging",
      "name": "main",
      "provider": "provider[\"registry.terraform.io/hashicorp/aws\"]",
      "instances": [
        {
          "index_key": 0,
          "schema_version": 0,
          "attributes": {
            "bucket": "ohio-01-us-east-2-traces-production",
            "expected_bucket_owner": "",
            "id": "ohio-01-us-east-2-traces-production",
            "target_bucket": "ohio-01-us-east-2-traces-production-access-logs",
            "target_grant": [],
            "target_object_key_format": [],
            "target_prefix": "access-logs/traces-bucket/"
          },
          "sensitive_attributes": [],
          "private": "bnVsbA==",
          "dependencies": [
            "module.traces_bucket.aws_s3_bucket.access_logs",
            "module.traces_bucket.aws_s3_bucket.main"
          ]
        }
      ]
    },
    {
      "module": "module.traces_bucket",
      "mode": "managed",
      "type": "aws_s3_bucket_metric",
      "name": "detailed_monitoring",
      "provider": "provider[\"registry.terraform.io/hashicorp/aws\"]",
      "instances": [
        {
          "index_key": 0,
          "schema_version": 0,
          "attributes": {
            "bucket": "ohio-01-us-east-2-traces-production",
            "filter": [],
            "id": "ohio-01-us-east-2-traces-production:bucket-metrics",
            "name": "bucket-metrics"
          },
          "sensitive_attributes": [],
          "private": "bnVsbA==",
          "dependencies": [
            "module.traces_bucket.aws_s3_bucket.main"
          ]
        }
      ]
    },
    {
      "module": "module.traces_bucket",
      "mode": "managed",
      "type": "aws_s3_bucket_notification",
      "name": "main",
      "provider": "provider[\"registry.terraform.io/hashicorp/aws\"]",
      "instances": [
        {
          "index_key": 0,
          "schema_version": 0,
          "attributes": {
            "bucket": "ohio-01-us-east-2-traces-production",
            "eventbridge": true,
            "id": "ohio-01-us-east-2-traces-production",
            "lambda_function": [],
            "queue": [],
            "topic": []
          },
          "sensitive_attributes": [],
          "private": "bnVsbA==",
          "dependencies": [
            "module.traces_bucket.aws_s3_bucket.main"
          ]
        }
      ]
    },
    {
      "module": "module.traces_bucket",
      "mode": "managed",
      "type": "aws_s3_bucket_ownership_controls",
      "name": "main",
      "provider": "provider[\"registry.terraform.io/hashicorp/aws\"]",
      "instances": [
        {
          "schema_version": 0,
          "attributes": {
            "bucket": "ohio-01-us-east-2-traces-production",
            "id": "ohio-01-us-east-2-traces-production",
            "rule": [
              {
                "object_ownership": "BucketOwnerEnforced"
              }
            ]
          },
          "sensitive_attributes": [],
          "private": "bnVsbA==",
          "dependencies": [
            "module.traces_bucket.aws_s3_bucket.main",
            "module.traces_bucket.aws_s3_bucket_public_access_block.main"
          ]
        }
      ]
    },
    {
      "module": "module.traces_bucket",
      "mode": "managed",
      "type": "aws_s3_bucket_public_access_block",
      "name": "main",
      "provider": "provider[\"registry.terraform.io/hashicorp/aws\"]",
      "instances": [
        {
          "schema_version": 0,
          "attributes": {
            "block_public_acls": true,
            "block_public_policy": true,
            "bucket": "ohio-01-us-east-2-traces-production",
            "id": "ohio-01-us-east-2-traces-production",
            "ignore_public_acls": true,
            "restrict_public_buckets": true
          },
          "sensitive_attributes": [],
          "private": "bnVsbA==",
          "dependencies": [
            "module.traces_bucket.aws_s3_bucket.main"
          ]
        }
      ]
    },
    {
      "module": "module.traces_bucket",
      "mode": "managed",
      "type": "aws_s3_bucket_server_side_encryption_configuration",
      "name": "main",
      "provider": "provider[\"registry.terraform.io/hashicorp/aws\"]",
      "instances": [
        {
          "schema_version": 0,
          "attributes": {
            "bucket": "ohio-01-us-east-2-traces-production",
            "expected_bucket_owner": "",
            "id": "ohio-01-us-east-2-traces-production",
            "rule": [
              {
                "apply_server_side_encryption_by_default": [
                  {
                    "kms_master_key_id": "",
                    "sse_algorithm": "AES256"
                  }
                ],
                "bucket_key_enabled": false
              }
            ]
          },
          "sensitive_attributes": [],
          "private": "bnVsbA==",
          "dependencies": [
            "module.traces_bucket.aws_s3_bucket.main"
          ]
        }
      ]
    },
    {
      "module": "module.traces_bucket",
      "mode": "managed",
      "type": "aws_s3_bucket_versioning",
      "name": "main",
      "provider": "provider[\"registry.terraform.io/hashicorp/aws\"]",
      "instances": [
        {
          "schema_version": 0,
          "attributes": {
            "bucket": "ohio-01-us-east-2-traces-production",
            "expected_bucket_owner": "",
            "id": "ohio-01-us-east-2-traces-production",
            "mfa": null,
            "versioning_configuration": [
              {
                "mfa_delete": "Disabled",
                "status": "Enabled"
              }
            ]
          },
          "sensitive_attributes": [],
          "private": "bnVsbA==",
          "dependencies": [
            "module.traces_bucket.aws_s3_bucket.main"
          ]
        }
      ]
    }
  ],
  "check_results": [
    {
      "object_kind": "var",
      "config_addr": "module.terraform_backend_state.module.terraform_state_bucket.var.bucket_purpose",
      "status": "pass",
      "objects": [
        {
          "object_addr": "module.terraform_backend_state.module.terraform_state_bucket.var.bucket_purpose",
          "status": "pass"
        }
      ]
    },
    {
      "object_kind": "var",
      "config_addr": "module.terraform_backend_state.module.terraform_state_bucket.var.intelligent_tiering_archive_days",
      "status": "pass",
      "objects": [
        {
          "object_addr": "module.terraform_backend_state.module.terraform_state_bucket.var.intelligent_tiering_archive_days",
          "status": "pass"
        }
      ]
    },
    {
      "object_kind": "var",
      "config_addr": "module.metrics_bucket.var.noncurrent_version_expiration_days",
      "status": "pass",
      "objects": [
        {
          "object_addr": "module.metrics_bucket.var.noncurrent_version_expiration_days",
          "status": "pass"
        }
      ]
    },
    {
      "object_kind": "var",
      "config_addr": "module.audit_logs_bucket.var.intelligent_tiering_archive_days",
      "status": "pass",
      "objects": [
        {
          "object_addr": "module.audit_logs_bucket.var.intelligent_tiering_archive_days",
          "status": "pass"
        }
      ]
    },
    {
      "object_kind": "var",
      "config_addr": "module.audit_logs_bucket.var.environment",
      "status": "pass",
      "objects": [
        {
          "object_addr": "module.audit_logs_bucket.var.environment",
          "status": "pass"
        }
      ]
    },
    {
      "object_kind": "var",
      "config_addr": "module.metrics_bucket.var.backup_retention_days",
      "status": "pass",
      "objects": [
        {
          "object_addr": "module.metrics_bucket.var.backup_retention_days",
          "status": "pass"
        }
      ]
    },
    {
      "object_kind": "var",
      "config_addr": "module.logs_bucket.var.bucket_purpose",
      "status": "pass",
      "objects": [
        {
          "object_addr": "module.logs_bucket.var.bucket_purpose",
          "status": "pass"
        }
      ]
    },
    {
      "object_kind": "var",
      "config_addr": "module.audit_logs_bucket.var.request_payer",
      "status": "pass",
      "objects": [
        {
          "object_addr": "module.audit_logs_bucket.var.request_payer",
          "status": "pass"
        }
      ]
    },
    {
      "object_kind": "var",
      "config_addr": "module.metrics_bucket.var.intelligent_tiering_archive_days",
      "status": "pass",
      "objects": [
        {
          "object_addr": "module.metrics_bucket.var.intelligent_tiering_archive_days",
          "status": "pass"
        }
      ]
    },
    {
      "object_kind": "var",
      "config_addr": "module.terraform_backend_state.module.terraform_state_bucket.var.metrics_retention_days",
      "status": "pass",
      "objects": [
        {
          "object_addr": "module.terraform_backend_state.module.terraform_state_bucket.var.metrics_retention_days",
          "status": "pass"
        }
      ]
    },
    {
      "object_kind": "var",
      "config_addr": "module.traces_bucket.var.bucket_purpose",
      "status": "pass",
      "objects": [
        {
          "object_addr": "module.traces_bucket.var.bucket_purpose",
          "status": "pass"
        }
      ]
    },
    {
      "object_kind": "var",
      "config_addr": "module.audit_logs_bucket.var.bucket_purpose",
      "status": "pass",
      "objects": [
        {
          "object_addr": "module.audit_logs_bucket.var.bucket_purpose",
          "status": "pass"
        }
      ]
    },
    {
      "object_kind": "var",
      "config_addr": "module.logs_bucket.var.request_payer",
      "status": "pass",
      "objects": [
        {
          "object_addr": "module.logs_bucket.var.request_payer",
          "status": "pass"
        }
      ]
    },
    {
      "object_kind": "var",
      "config_addr": "module.traces_bucket.var.traces_retention_days",
      "status": "pass",
      "objects": [
        {
          "object_addr": "module.traces_bucket.var.traces_retention_days",
          "status": "pass"
        }
      ]
    },
    {
      "object_kind": "var",
      "config_addr": "module.terraform_backend_state.var.dynamodb_billing_mode",
      "status": "pass",
      "objects": [
        {
          "object_addr": "module.terraform_backend_state.var.dynamodb_billing_mode",
          "status": "pass"
        }
      ]
    },
    {
      "object_kind": "var",
      "config_addr": "module.metrics_bucket.var.object_ownership",
      "status": "pass",
      "objects": [
        {
          "object_addr": "module.metrics_bucket.var.object_ownership",
          "status": "pass"
        }
      ]
    },
    {
      "object_kind": "var",
      "config_addr": "module.audit_logs_bucket.var.project_name",
      "status": "pass",
      "objects": [
        {
          "object_addr": "module.audit_logs_bucket.var.project_name",
          "status": "pass"
        }
      ]
    },
    {
      "object_kind": "var",
      "config_addr": "module.traces_bucket.var.intelligent_tiering_archive_days",
      "status": "pass",
      "objects": [
        {
          "object_addr": "module.traces_bucket.var.intelligent_tiering_archive_days",
          "status": "pass"
        }
      ]
    },
    {
      "object_kind": "var",
      "config_addr": "module.metrics_bucket.var.replication_priority",
      "status": "pass",
      "objects": [
        {
          "object_addr": "module.metrics_bucket.var.replication_priority",
          "status": "pass"
        }
      ]
    },
    {
      "object_kind": "var",
      "config_addr": "module.traces_bucket.var.noncurrent_version_expiration_days",
      "status": "pass",
      "objects": [
        {
          "object_addr": "module.traces_bucket.var.noncurrent_version_expiration_days",
          "status": "pass"
        }
      ]
    },
    {
      "object_kind": "var",
      "config_addr": "module.logs_bucket.var.logs_retention_days",
      "status": "pass",
      "objects": [
        {
          "object_addr": "module.logs_bucket.var.logs_retention_days",
          "status": "pass"
        }
      ]
    },
    {
      "object_kind": "var",
      "config_addr": "module.traces_bucket.var.logs_retention_days",
      "status": "pass",
      "objects": [
        {
          "object_addr": "module.traces_bucket.var.logs_retention_days",
          "status": "pass"
        }
      ]
    },
    {
      "object_kind": "var",
      "config_addr": "module.terraform_backend_state.var.project_name",
      "status": "pass",
      "objects": [
        {
          "object_addr": "module.terraform_backend_state.var.project_name",
          "status": "pass"
        }
      ]
    },
    {
      "object_kind": "var",
      "config_addr": "module.audit_logs_bucket.var.traces_retention_days",
      "status": "pass",
      "objects": [
        {
          "object_addr": "module.audit_logs_bucket.var.traces_retention_days",
          "status": "pass"
        }
      ]
    },
    {
      "object_kind": "var",
      "config_addr": "module.traces_bucket.var.application_data_retention_days",
      "status": "pass",
      "objects": [
        {
          "object_addr": "module.traces_bucket.var.application_data_retention_days",
          "status": "pass"
        }
      ]
    },
    {
      "object_kind": "var",
      "config_addr": "module.terraform_backend_state.module.terraform_state_bucket.var.glacier_transition_days",
      "status": "pass",
      "objects": [
        {
          "object_addr": "module.terraform_backend_state.module.terraform_state_bucket.var.glacier_transition_days",
          "status": "pass"
        }
      ]
    },
    {
      "object_kind": "var",
      "config_addr": "module.traces_bucket.var.replication_storage_class",
      "status": "pass",
      "objects": [
        {
          "object_addr": "module.traces_bucket.var.replication_storage_class",
          "status": "pass"
        }
      ]
    },
    {
      "object_kind": "var",
      "config_addr": "module.metrics_bucket.var.intelligent_tiering_deep_archive_days",
      "status": "pass",
      "objects": [
        {
          "object_addr": "module.metrics_bucket.var.intelligent_tiering_deep_archive_days",
          "status": "pass"
        }
      ]
    },
    {
      "object_kind": "var",
      "config_addr": "module.metrics_bucket.var.replication_storage_class",
      "status": "pass",
      "objects": [
        {
          "object_addr": "module.metrics_bucket.var.replication_storage_class",
          "status": "pass"
        }
      ]
    },
    {
      "object_kind": "var",
      "config_addr": "module.audit_logs_bucket.var.object_ownership",
      "status": "pass",
      "objects": [
        {
          "object_addr": "module.audit_logs_bucket.var.object_ownership",
          "status": "pass"
        }
      ]
    },
    {
      "object_kind": "var",
      "config_addr": "module.traces_bucket.var.object_ownership",
      "status": "pass",
      "objects": [
        {
          "object_addr": "module.traces_bucket.var.object_ownership",
          "status": "pass"
        }
      ]
    },
    {
      "object_kind": "var",
      "config_addr": "module.traces_bucket.var.object_expiration_days",
      "status": "pass",
      "objects": [
        {
          "object_addr": "module.traces_bucket.var.object_expiration_days",
          "status": "pass"
        }
      ]
    },
    {
      "object_kind": "var",
      "config_addr": "module.terraform_backend_state.var.object_ownership",
      "status": "pass",
      "objects": [
        {
          "object_addr": "module.terraform_backend_state.var.object_ownership",
          "status": "pass"
        }
      ]
    },
    {
      "object_kind": "var",
      "config_addr": "module.traces_bucket.var.backup_retention_days",
      "status": "pass",
      "objects": [
        {
          "object_addr": "module.traces_bucket.var.backup_retention_days",
          "status": "pass"
        }
      ]
    },
    {
      "object_kind": "var",
      "config_addr": "module.terraform_backend_state.module.terraform_state_bucket.var.noncurrent_version_expiration_days",
      "status": "pass",
      "objects": [
        {
          "object_addr": "module.terraform_backend_state.module.terraform_state_bucket.var.noncurrent_version_expiration_days",
          "status": "pass"
        }
      ]
    },
    {
      "object_kind": "var",
      "config_addr": "module.terraform_backend_state.module.terraform_state_bucket.var.replication_storage_class",
      "status": "pass",
      "objects": [
        {
          "object_addr": "module.terraform_backend_state.module.terraform_state_bucket.var.replication_storage_class",
          "status": "pass"
        }
      ]
    },
    {
      "object_kind": "var",
      "config_addr": "module.audit_logs_bucket.var.ia_transition_days",
      "status": "pass",
      "objects": [
        {
          "object_addr": "module.audit_logs_bucket.var.ia_transition_days",
          "status": "pass"
        }
      ]
    },
    {
      "object_kind": "var",
      "config_addr": "module.metrics_bucket.var.audit_logs_retention_days",
      "status": "pass",
      "objects": [
        {
          "object_addr": "module.metrics_bucket.var.audit_logs_retention_days",
          "status": "pass"
        }
      ]
    },
    {
      "object_kind": "var",
      "config_addr": "module.logs_bucket.var.backup_retention_days",
      "status": "pass",
      "objects": [
        {
          "object_addr": "module.logs_bucket.var.backup_retention_days",
          "status": "pass"
        }
      ]
    },
    {
      "object_kind": "var",
      "config_addr": "module.traces_bucket.var.ia_transition_days",
      "status": "pass",
      "objects": [
        {
          "object_addr": "module.traces_bucket.var.ia_transition_days",
          "status": "pass"
        }
      ]
    },
    {
      "object_kind": "var",
      "config_addr": "module.metrics_bucket.var.multipart_upload_expiration_days",
      "status": "pass",
      "objects": [
        {
          "object_addr": "module.metrics_bucket.var.multipart_upload_expiration_days",
          "status": "pass"
        }
      ]
    },
    {
      "object_kind": "var",
      "config_addr": "module.traces_bucket.var.multipart_upload_expiration_days",
      "status": "pass",
      "objects": [
        {
          "object_addr": "module.traces_bucket.var.multipart_upload_expiration_days",
          "status": "pass"
        }
      ]
    },
    {
      "object_kind": "var",
      "config_addr": "module.audit_logs_bucket.var.application_data_retention_days",
      "status": "pass",
      "objects": [
        {
          "object_addr": "module.audit_logs_bucket.var.application_data_retention_days",
          "status": "pass"
        }
      ]
    },
    {
      "object_kind": "var",
      "config_addr": "module.audit_logs_bucket.var.metrics_retention_days",
      "status": "pass",
      "objects": [
        {
          "object_addr": "module.audit_logs_bucket.var.metrics_retention_days",
          "status": "pass"
        }
      ]
    },
    {
      "object_kind": "var",
      "config_addr": "module.terraform_backend_state.module.terraform_state_bucket.var.ia_transition_days",
      "status": "pass",
      "objects": [
        {
          "object_addr": "module.terraform_backend_state.module.terraform_state_bucket.var.ia_transition_days",
          "status": "pass"
        }
      ]
    },
    {
      "object_kind": "var",
      "config_addr": "module.metrics_bucket.var.request_payer",
      "status": "pass",
      "objects": [
        {
          "object_addr": "module.metrics_bucket.var.request_payer",
          "status": "pass"
        }
      ]
    },
    {
      "object_kind": "var",
      "config_addr": "module.metrics_bucket.var.metrics_retention_days",
      "status": "pass",
      "objects": [
        {
          "object_addr": "module.metrics_bucket.var.metrics_retention_days",
          "status": "pass"
        }
      ]
    },
    {
      "object_kind": "var",
      "config_addr": "module.audit_logs_bucket.var.noncurrent_version_expiration_days",
      "status": "pass",
      "objects": [
        {
          "object_addr": "module.audit_logs_bucket.var.noncurrent_version_expiration_days",
          "status": "pass"
        }
      ]
    },
    {
      "object_kind": "var",
      "config_addr": "module.audit_logs_bucket.var.audit_logs_retention_days",
      "status": "pass",
      "objects": [
        {
          "object_addr": "module.audit_logs_bucket.var.audit_logs_retention_days",
          "status": "pass"
        }
      ]
    },
    {
      "object_kind": "var",
      "config_addr": "module.audit_logs_bucket.var.glacier_transition_days",
      "status": "pass",
      "objects": [
        {
          "object_addr": "module.audit_logs_bucket.var.glacier_transition_days",
          "status": "pass"
        }
      ]
    },
    {
      "object_kind": "var",
      "config_addr": "module.terraform_backend_state.module.terraform_state_bucket.var.project_name",
      "status": "pass",
      "objects": [
        {
          "object_addr": "module.terraform_backend_state.module.terraform_state_bucket.var.project_name",
          "status": "pass"
        }
      ]
    },
    {
      "object_kind": "var",
      "config_addr": "module.terraform_backend_state.module.terraform_state_bucket.var.application_data_retention_days",
      "status": "pass",
      "objects": [
        {
          "object_addr": "module.terraform_backend_state.module.terraform_state_bucket.var.application_data_retention_days",
          "status": "pass"
        }
      ]
    },
    {
      "object_kind": "var",
      "config_addr": "module.logs_bucket.var.replication_storage_class",
      "status": "pass",
      "objects": [
        {
          "object_addr": "module.logs_bucket.var.replication_storage_class",
          "status": "pass"
        }
      ]
    },
    {
      "object_kind": "var",
      "config_addr": "module.logs_bucket.var.object_expiration_days",
      "status": "pass",
      "objects": [
        {
          "object_addr": "module.logs_bucket.var.object_expiration_days",
          "status": "pass"
        }
      ]
    },
    {
      "object_kind": "var",
      "config_addr": "module.traces_bucket.var.intelligent_tiering_deep_archive_days",
      "status": "pass",
      "objects": [
        {
          "object_addr": "module.traces_bucket.var.intelligent_tiering_deep_archive_days",
          "status": "pass"
        }
      ]
    },
    {
      "object_kind": "var",
      "config_addr": "module.logs_bucket.var.noncurrent_version_expiration_days",
      "status": "pass",
      "objects": [
        {
          "object_addr": "module.logs_bucket.var.noncurrent_version_expiration_days",
          "status": "pass"
        }
      ]
    },
    {
      "object_kind": "var",
      "config_addr": "module.logs_bucket.var.replication_priority",
      "status": "pass",
      "objects": [
        {
          "object_addr": "module.logs_bucket.var.replication_priority",
          "status": "pass"
        }
      ]
    },
    {
      "object_kind": "var",
      "config_addr": "module.terraform_backend_state.module.terraform_state_bucket.var.intelligent_tiering_deep_archive_days",
      "status": "pass",
      "objects": [
        {
          "object_addr": "module.terraform_backend_state.module.terraform_state_bucket.var.intelligent_tiering_deep_archive_days",
          "status": "pass"
        }
      ]
    },
    {
      "object_kind": "var",
      "config_addr": "module.metrics_bucket.var.traces_retention_days",
      "status": "pass",
      "objects": [
        {
          "object_addr": "module.metrics_bucket.var.traces_retention_days",
          "status": "pass"
        }
      ]
    },
    {
      "object_kind": "var",
      "config_addr": "module.logs_bucket.var.object_ownership",
      "status": "pass",
      "objects": [
        {
          "object_addr": "module.logs_bucket.var.object_ownership",
          "status": "pass"
        }
      ]
    },
    {
      "object_kind": "var",
      "config_addr": "module.logs_bucket.var.project_name",
      "status": "pass",
      "objects": [
        {
          "object_addr": "module.logs_bucket.var.project_name",
          "status": "pass"
        }
      ]
    },
    {
      "object_kind": "var",
      "config_addr": "module.metrics_bucket.var.application_data_retention_days",
      "status": "pass",
      "objects": [
        {
          "object_addr": "module.metrics_bucket.var.application_data_retention_days",
          "status": "pass"
        }
      ]
    },
    {
      "object_kind": "var",
      "config_addr": "module.terraform_backend_state.module.terraform_state_bucket.var.object_ownership",
      "status": "pass",
      "objects": [
        {
          "object_addr": "module.terraform_backend_state.module.terraform_state_bucket.var.object_ownership",
          "status": "pass"
        }
      ]
    },
    {
      "object_kind": "var",
      "config_addr": "module.traces_bucket.var.metrics_retention_days",
      "status": "pass",
      "objects": [
        {
          "object_addr": "module.traces_bucket.var.metrics_retention_days",
          "status": "pass"
        }
      ]
    },
    {
      "object_kind": "var",
      "config_addr": "module.logs_bucket.var.intelligent_tiering_deep_archive_days",
      "status": "pass",
      "objects": [
        {
          "object_addr": "module.logs_bucket.var.intelligent_tiering_deep_archive_days",
          "status": "pass"
        }
      ]
    },
    {
      "object_kind": "var",
      "config_addr": "module.terraform_backend_state.module.terraform_state_bucket.var.environment",
      "status": "pass",
      "objects": [
        {
          "object_addr": "module.terraform_backend_state.module.terraform_state_bucket.var.environment",
          "status": "pass"
        }
      ]
    },
    {
      "object_kind": "var",
      "config_addr": "module.logs_bucket.var.glacier_transition_days",
      "status": "pass",
      "objects": [
        {
          "object_addr": "module.logs_bucket.var.glacier_transition_days",
          "status": "pass"
        }
      ]
    },
    {
      "object_kind": "var",
      "config_addr": "module.traces_bucket.var.request_payer",
      "status": "pass",
      "objects": [
        {
          "object_addr": "module.traces_bucket.var.request_payer",
          "status": "pass"
        }
      ]
    },
    {
      "object_kind": "var",
      "config_addr": "module.audit_logs_bucket.var.logs_retention_days",
      "status": "pass",
      "objects": [
        {
          "object_addr": "module.audit_logs_bucket.var.logs_retention_days",
          "status": "pass"
        }
      ]
    },
    {
      "object_kind": "var",
      "config_addr": "module.logs_bucket.var.multipart_upload_expiration_days",
      "status": "pass",
      "objects": [
        {
          "object_addr": "module.logs_bucket.var.multipart_upload_expiration_days",
          "status": "pass"
        }
      ]
    },
    {
      "object_kind": "var",
      "config_addr": "module.metrics_bucket.var.project_name",
      "status": "pass",
      "objects": [
        {
          "object_addr": "module.metrics_bucket.var.project_name",
          "status": "pass"
        }
      ]
    },
    {
      "object_kind": "var",
      "config_addr": "module.audit_logs_bucket.var.multipart_upload_expiration_days",
      "status": "pass",
      "objects": [
        {
          "object_addr": "module.audit_logs_bucket.var.multipart_upload_expiration_days",
          "status": "pass"
        }
      ]
    },
    {
      "object_kind": "var",
      "config_addr": "module.terraform_backend_state.module.terraform_state_bucket.var.replication_priority",
      "status": "pass",
      "objects": [
        {
          "object_addr": "module.terraform_backend_state.module.terraform_state_bucket.var.replication_priority",
          "status": "pass"
        }
      ]
    },
    {
      "object_kind": "var",
      "config_addr": "module.metrics_bucket.var.logs_retention_days",
      "status": "pass",
      "objects": [
        {
          "object_addr": "module.metrics_bucket.var.logs_retention_days",
          "status": "pass"
        }
      ]
    },
    {
      "object_kind": "var",
      "config_addr": "module.metrics_bucket.var.glacier_transition_days",
      "status": "pass",
      "objects": [
        {
          "object_addr": "module.metrics_bucket.var.glacier_transition_days",
          "status": "pass"
        }
      ]
    },
    {
      "object_kind": "var",
      "config_addr": "module.logs_bucket.var.intelligent_tiering_archive_days",
      "status": "pass",
      "objects": [
        {
          "object_addr": "module.logs_bucket.var.intelligent_tiering_archive_days",
          "status": "pass"
        }
      ]
    },
    {
      "object_kind": "var",
      "config_addr": "module.audit_logs_bucket.var.replication_priority",
      "status": "pass",
      "objects": [
        {
          "object_addr": "module.audit_logs_bucket.var.replication_priority",
          "status": "pass"
        }
      ]
    },
    {
      "object_kind": "var",
      "config_addr": "module.traces_bucket.var.project_name",
      "status": "pass",
      "objects": [
        {
          "object_addr": "module.traces_bucket.var.project_name",
          "status": "pass"
        }
      ]
    },
    {
      "object_kind": "var",
      "config_addr": "module.terraform_backend_state.module.terraform_state_bucket.var.multipart_upload_expiration_days",
      "status": "pass",
      "objects": [
        {
          "object_addr": "module.terraform_backend_state.module.terraform_state_bucket.var.multipart_upload_expiration_days",
          "status": "pass"
        }
      ]
    },
    {
      "object_kind": "var",
      "config_addr": "module.logs_bucket.var.application_data_retention_days",
      "status": "pass",
      "objects": [
        {
          "object_addr": "module.logs_bucket.var.application_data_retention_days",
          "status": "pass"
        }
      ]
    },
    {
      "object_kind": "var",
      "config_addr": "module.terraform_backend_state.module.terraform_state_bucket.var.backup_retention_days",
      "status": "pass",
      "objects": [
        {
          "object_addr": "module.terraform_backend_state.module.terraform_state_bucket.var.backup_retention_days",
          "status": "pass"
        }
      ]
    },
    {
      "object_kind": "var",
      "config_addr": "module.traces_bucket.var.environment",
      "status": "pass",
      "objects": [
        {
          "object_addr": "module.traces_bucket.var.environment",
          "status": "pass"
        }
      ]
    },
    {
      "object_kind": "var",
      "config_addr": "module.logs_bucket.var.audit_logs_retention_days",
      "status": "pass",
      "objects": [
        {
          "object_addr": "module.logs_bucket.var.audit_logs_retention_days",
          "status": "pass"
        }
      ]
    },
    {
      "object_kind": "var",
      "config_addr": "module.audit_logs_bucket.var.replication_storage_class",
      "status": "pass",
      "objects": [
        {
          "object_addr": "module.audit_logs_bucket.var.replication_storage_class",
          "status": "pass"
        }
      ]
    },
    {
      "object_kind": "var",
      "config_addr": "module.metrics_bucket.var.bucket_purpose",
      "status": "pass",
      "objects": [
        {
          "object_addr": "module.metrics_bucket.var.bucket_purpose",
          "status": "pass"
        }
      ]
    },
    {
      "object_kind": "var",
      "config_addr": "module.terraform_backend_state.var.dynamodb_table_class",
      "status": "pass",
      "objects": [
        {
          "object_addr": "module.terraform_backend_state.var.dynamodb_table_class",
          "status": "pass"
        }
      ]
    },
    {
      "object_kind": "var",
      "config_addr": "module.logs_bucket.var.environment",
      "status": "pass",
      "objects": [
        {
          "object_addr": "module.logs_bucket.var.environment",
          "status": "pass"
        }
      ]
    },
    {
      "object_kind": "var",
      "config_addr": "module.metrics_bucket.var.object_expiration_days",
      "status": "pass",
      "objects": [
        {
          "object_addr": "module.metrics_bucket.var.object_expiration_days",
          "status": "pass"
        }
      ]
    },
    {
      "object_kind": "var",
      "config_addr": "module.traces_bucket.var.audit_logs_retention_days",
      "status": "pass",
      "objects": [
        {
          "object_addr": "module.traces_bucket.var.audit_logs_retention_days",
          "status": "pass"
        }
      ]
    },
    {
      "object_kind": "var",
      "config_addr": "module.logs_bucket.var.ia_transition_days",
      "status": "pass",
      "objects": [
        {
          "object_addr": "module.logs_bucket.var.ia_transition_days",
          "status": "pass"
        }
      ]
    },
    {
      "object_kind": "var",
      "config_addr": "module.metrics_bucket.var.environment",
      "status": "pass",
      "objects": [
        {
          "object_addr": "module.metrics_bucket.var.environment",
          "status": "pass"
        }
      ]
    },
    {
      "object_kind": "var",
      "config_addr": "module.audit_logs_bucket.var.intelligent_tiering_deep_archive_days",
      "status": "pass",
      "objects": [
        {
          "object_addr": "module.audit_logs_bucket.var.intelligent_tiering_deep_archive_days",
          "status": "pass"
        }
      ]
    },
    {
      "object_kind": "var",
      "config_addr": "module.terraform_backend_state.module.terraform_state_bucket.var.object_expiration_days",
      "status": "pass",
      "objects": [
        {
          "object_addr": "module.terraform_backend_state.module.terraform_state_bucket.var.object_expiration_days",
          "status": "pass"
        }
      ]
    },
    {
      "object_kind": "var",
      "config_addr": "module.traces_bucket.var.replication_priority",
      "status": "pass",
      "objects": [
        {
          "object_addr": "module.traces_bucket.var.replication_priority",
          "status": "pass"
        }
      ]
    },
    {
      "object_kind": "var",
      "config_addr": "module.audit_logs_bucket.var.object_expiration_days",
      "status": "pass",
      "objects": [
        {
          "object_addr": "module.audit_logs_bucket.var.object_expiration_days",
          "status": "pass"
        }
      ]
    },
    {
      "object_kind": "var",
      "config_addr": "module.audit_logs_bucket.var.backup_retention_days",
      "status": "pass",
      "objects": [
        {
          "object_addr": "module.audit_logs_bucket.var.backup_retention_days",
          "status": "pass"
        }
      ]
    },
    {
      "object_kind": "var",
      "config_addr": "module.terraform_backend_state.module.terraform_state_bucket.var.traces_retention_days",
      "status": "pass",
      "objects": [
        {
          "object_addr": "module.terraform_backend_state.module.terraform_state_bucket.var.traces_retention_days",
          "status": "pass"
        }
      ]
    },
    {
      "object_kind": "var",
      "config_addr": "module.logs_bucket.var.metrics_retention_days",
      "status": "pass",
      "objects": [
        {
          "object_addr": "module.logs_bucket.var.metrics_retention_days",
          "status": "pass"
        }
      ]
    },
    {
      "object_kind": "var",
      "config_addr": "module.terraform_backend_state.var.environment",
      "status": "pass",
      "objects": [
        {
          "object_addr": "module.terraform_backend_state.var.environment",
          "status": "pass"
        }
      ]
    },
    {
      "object_kind": "var",
      "config_addr": "module.terraform_backend_state.module.terraform_state_bucket.var.request_payer",
      "status": "pass",
      "objects": [
        {
          "object_addr": "module.terraform_backend_state.module.terraform_state_bucket.var.request_payer",
          "status": "pass"
        }
      ]
    },
    {
      "object_kind": "var",
      "config_addr": "module.terraform_backend_state.module.terraform_state_bucket.var.logs_retention_days",
      "status": "pass",
      "objects": [
        {
          "object_addr": "module.terraform_backend_state.module.terraform_state_bucket.var.logs_retention_days",
          "status": "pass"
        }
      ]
    },
    {
      "object_kind": "var",
      "config_addr": "module.traces_bucket.var.glacier_transition_days",
      "status": "pass",
      "objects": [
        {
          "object_addr": "module.traces_bucket.var.glacier_transition_days",
          "status": "pass"
        }
      ]
    },
    {
      "object_kind": "var",
      "config_addr": "module.metrics_bucket.var.ia_transition_days",
      "status": "pass",
      "objects": [
        {
          "object_addr": "module.metrics_bucket.var.ia_transition_days",
          "status": "pass"
        }
      ]
    },
    {
      "object_kind": "var",
      "config_addr": "module.logs_bucket.var.traces_retention_days",
      "status": "pass",
      "objects": [
        {
          "object_addr": "module.logs_bucket.var.traces_retention_days",
          "status": "pass"
        }
      ]
    },
    {
      "object_kind": "var",
      "config_addr": "module.terraform_backend_state.module.terraform_state_bucket.var.audit_logs_retention_days",
      "status": "pass",
      "objects": [
        {
          "object_addr": "module.terraform_backend_state.module.terraform_state_bucket.var.audit_logs_retention_days",
          "status": "pass"
        }
      ]
    }
  ]
}
