{
  "version": 4,
  "terraform_version": "1.11.4",
  "serial": 6,
  "lineage": "6dcd7987-593f-d897-4160-c07236d48a6e",
  "outputs": {
    "dynamodb_table_arn": {
      "value": "arn:aws:dynamodb:us-east-1:101886104835:table/terraform-locks-us-east-1",
      "type": "string"
    },
    "dynamodb_table_name": {
      "value": "terraform-locks-us-east-1",
      "type": "string"
    },
    "s3_bucket_arn": {
      "value": "arn:aws:s3:::usest1-terraform-state-ezra",
      "type": "string"
    },
    "s3_bucket_name": {
      "value": "usest1-terraform-state-ezra",
      "type": "string"
    },
    "security_notice": {
      "value": "🔒 CRITICAL INFRASTRUCTURE DEPLOYED\n    \n⚠️  This S3 bucket and DynamoDB table are PROTECTED with:\n- Deletion protection enabled\n- MFA delete required for S3 versions\n- Bucket policies preventing unauthorized access\n- Encryption at rest enabled\n- Access logging for audit trails\n- Point-in-time recovery for DynamoDB\n    \n❌ DO NOT attempt to delete these resources without proper authorization!\n❌ All modifications require security review!\n    \n📋 Next: Configure backend in other layers to use:\n- Bucket: usest1-terraform-state-ezra\n- DynamoDB: terraform-locks-us-east-1\n",
      "type": "string"
    }
  },
  "resources": [
    {
      "mode": "data",
      "type": "aws_caller_identity",
      "name": "current",
      "provider": "provider[\"registry.terraform.io/hashicorp/aws\"]",
      "instances": [
        {
          "schema_version": 0,
          "attributes": {
            "account_id": "101886104835",
            "arn": "arn:aws:iam::101886104835:user/terraform-admin",
            "id": "101886104835",
            "user_id": "AIDARPOHCSUB4LV6YWU5B"
          },
          "sensitive_attributes": []
        }
      ]
    },
    {
      "mode": "data",
      "type": "aws_partition",
      "name": "current",
      "provider": "provider[\"registry.terraform.io/hashicorp/aws\"]",
      "instances": [
        {
          "schema_version": 0,
          "attributes": {
            "dns_suffix": "amazonaws.com",
            "id": "aws",
            "partition": "aws",
            "reverse_dns_prefix": "com.amazonaws"
          },
          "sensitive_attributes": []
        }
      ]
    },
    {
      "mode": "managed",
      "type": "aws_dynamodb_table",
      "name": "terraform_locks",
      "provider": "provider[\"registry.terraform.io/hashicorp/aws\"]",
      "instances": [
        {
          "schema_version": 1,
          "attributes": {
            "arn": "arn:aws:dynamodb:us-east-1:101886104835:table/terraform-locks-us-east-1",
            "attribute": [
              {
                "name": "LockID",
                "type": "S"
              }
            ],
            "billing_mode": "PAY_PER_REQUEST",
            "deletion_protection_enabled": true,
            "global_secondary_index": [],
            "hash_key": "LockID",
            "id": "terraform-locks-us-east-1",
            "import_table": [],
            "local_secondary_index": [],
            "name": "terraform-locks-us-east-1",
            "on_demand_throughput": [],
            "point_in_time_recovery": [
              {
                "enabled": true,
                "recovery_period_in_days": 35
              }
            ],
            "range_key": null,
            "read_capacity": 0,
            "replica": [],
            "restore_date_time": null,
            "restore_source_name": null,
            "restore_source_table_arn": null,
            "restore_to_latest_time": null,
            "server_side_encryption": [],
            "stream_arn": "",
            "stream_enabled": false,
            "stream_label": "",
            "stream_view_type": "",
            "table_class": "STANDARD",
            "tags": {
              "CriticalInfra": "true",
              "DeletionProtected": "true",
              "Name": "CPTWN Terraform State Locks",
              "Purpose": "Terraform State Locking",
              "SecurityLevel": "High"
            },
            "tags_all": {
              "BackupRequired": "true",
              "CriticalInfra": "true",
              "DeletionProtected": "true",
              "Environment": "Production",
              "Layer": "Backend",
              "ManagedBy": "Terraform",
              "Name": "CPTWN Terraform State Locks",
              "Project": "CPTWN-Multi-Client-EKS",
              "Purpose": "Terraform State Locking",
              "Region": "us-east-1",
              "SecurityLevel": "High"
            },
            "timeouts": null,
            "ttl": [
              {
                "attribute_name": "",
                "enabled": false
              }
            ],
            "write_capacity": 0
          },
          "sensitive_attributes": [],
          "private": "eyJlMmJmYjczMC1lY2FhLTExZTYtOGY4OC0zNDM2M2JjN2M0YzAiOnsiY3JlYXRlIjoxODAwMDAwMDAwMDAwLCJkZWxldGUiOjYwMDAwMDAwMDAwMCwidXBkYXRlIjozNjAwMDAwMDAwMDAwfSwic2NoZW1hX3ZlcnNpb24iOiIxIn0="
        }
      ]
    },
    {
      "mode": "managed",
      "type": "aws_s3_bucket",
      "name": "access_logs",
      "provider": "provider[\"registry.terraform.io/hashicorp/aws\"]",
      "instances": [
        {
          "schema_version": 0,
          "attributes": {
            "acceleration_status": "",
            "acl": null,
            "arn": "arn:aws:s3:::usest1-terraform-state-ezra-access-logs",
            "bucket": "usest1-terraform-state-ezra-access-logs",
            "bucket_domain_name": "usest1-terraform-state-ezra-access-logs.s3.amazonaws.com",
            "bucket_prefix": "",
            "bucket_regional_domain_name": "usest1-terraform-state-ezra-access-logs.s3.us-east-1.amazonaws.com",
            "cors_rule": [],
            "force_destroy": false,
            "grant": [
              {
                "id": "516133dabfd18453348cdf9e9f0ccb5985c6b3ce6e0adc3b35b858dd284ea2fb",
                "permissions": [
                  "FULL_CONTROL"
                ],
                "type": "CanonicalUser",
                "uri": ""
              }
            ],
            "hosted_zone_id": "Z3AQBSTGFYJSTF",
            "id": "usest1-terraform-state-ezra-access-logs",
            "lifecycle_rule": [],
            "logging": [],
            "object_lock_configuration": [],
            "object_lock_enabled": false,
            "policy": "",
            "region": "us-east-1",
            "replication_configuration": [],
            "request_payer": "BucketOwner",
            "server_side_encryption_configuration": [
              {
                "rule": [
                  {
                    "apply_server_side_encryption_by_default": [
                      {
                        "kms_master_key_id": "",
                        "sse_algorithm": "AES256"
                      }
                    ],
                    "bucket_key_enabled": false
                  }
                ]
              }
            ],
            "tags": {
              "CriticalInfra": "true",
              "DeletionProtected": "true",
              "Name": "CPTWN Terraform State Access Logs",
              "Purpose": "S3 Access Logging"
            },
            "tags_all": {
              "BackupRequired": "true",
              "CriticalInfra": "true",
              "DeletionProtected": "true",
              "Environment": "Production",
              "Layer": "Backend",
              "ManagedBy": "Terraform",
              "Name": "CPTWN Terraform State Access Logs",
              "Project": "CPTWN-Multi-Client-EKS",
              "Purpose": "S3 Access Logging",
              "Region": "us-east-1",
              "SecurityLevel": "High"
            },
            "timeouts": null,
            "versioning": [
              {
                "enabled": false,
                "mfa_delete": false
              }
            ],
            "website": [],
            "website_domain": null,
            "website_endpoint": null
          },
          "sensitive_attributes": [],
          "private": "eyJlMmJmYjczMC1lY2FhLTExZTYtOGY4OC0zNDM2M2JjN2M0YzAiOnsiY3JlYXRlIjoxMjAwMDAwMDAwMDAwLCJkZWxldGUiOjM2MDAwMDAwMDAwMDAsInJlYWQiOjEyMDAwMDAwMDAwMDAsInVwZGF0ZSI6MTIwMDAwMDAwMDAwMH19"
        }
      ]
    },
    {
      "mode": "managed",
      "type": "aws_s3_bucket",
      "name": "terraform_state",
      "provider": "provider[\"registry.terraform.io/hashicorp/aws\"]",
      "instances": [
        {
          "schema_version": 0,
          "attributes": {
            "acceleration_status": "",
            "acl": null,
            "arn": "arn:aws:s3:::usest1-terraform-state-ezra",
            "bucket": "usest1-terraform-state-ezra",
            "bucket_domain_name": "usest1-terraform-state-ezra.s3.amazonaws.com",
            "bucket_prefix": "",
            "bucket_regional_domain_name": "usest1-terraform-state-ezra.s3.us-east-1.amazonaws.com",
            "cors_rule": [],
            "force_destroy": null,
            "grant": [
              {
                "id": "516133dabfd18453348cdf9e9f0ccb5985c6b3ce6e0adc3b35b858dd284ea2fb",
                "permissions": [
                  "FULL_CONTROL"
                ],
                "type": "CanonicalUser",
                "uri": ""
              }
            ],
            "hosted_zone_id": "Z3AQBSTGFYJSTF",
            "id": "usest1-terraform-state-ezra",
            "lifecycle_rule": [],
            "logging": [],
            "object_lock_configuration": [],
            "object_lock_enabled": false,
            "policy": "",
            "region": "us-east-1",
            "replication_configuration": [],
            "request_payer": "BucketOwner",
            "server_side_encryption_configuration": [
              {
                "rule": [
                  {
                    "apply_server_side_encryption_by_default": [
                      {
                        "kms_master_key_id": "",
                        "sse_algorithm": "AES256"
                      }
                    ],
                    "bucket_key_enabled": true
                  }
                ]
              }
            ],
            "tags": {},
            "tags_all": {},
            "timeouts": null,
            "versioning": [
              {
                "enabled": true,
                "mfa_delete": false
              }
            ],
            "website": [],
            "website_domain": null,
            "website_endpoint": null
          },
          "sensitive_attributes": [],
          "private": "eyJlMmJmYjczMC1lY2FhLTExZTYtOGY4OC0zNDM2M2JjN2M0YzAiOnsiY3JlYXRlIjoxMjAwMDAwMDAwMDAwLCJkZWxldGUiOjM2MDAwMDAwMDAwMDAsInJlYWQiOjEyMDAwMDAwMDAwMDAsInVwZGF0ZSI6MTIwMDAwMDAwMDAwMH0sInNjaGVtYV92ZXJzaW9uIjoiMCJ9"
        }
      ]
    },
    {
      "mode": "managed",
      "type": "aws_s3_bucket_public_access_block",
      "name": "access_logs",
      "provider": "provider[\"registry.terraform.io/hashicorp/aws\"]",
      "instances": [
        {
          "schema_version": 0,
          "attributes": {
            "block_public_acls": true,
            "block_public_policy": true,
            "bucket": "usest1-terraform-state-ezra-access-logs",
            "id": "usest1-terraform-state-ezra-access-logs",
            "ignore_public_acls": true,
            "restrict_public_buckets": true
          },
          "sensitive_attributes": [],
          "private": "bnVsbA==",
          "dependencies": [
            "aws_s3_bucket.access_logs"
          ]
        }
      ]
    }
  ],
  "check_results": null
}
