{
  "version": 4,
  "terraform_version": "1.11.4",
  "serial": 40,
  "lineage": "b528080e-9cba-9f41-18e6-a26755199661",
  "outputs": {},
  "resources": [
    {
      "mode": "data",
      "type": "aws_eks_cluster",
      "name": "main",
      "provider": "provider[\"registry.terraform.io/hashicorp/aws\"]",
      "instances": [
        {
          "schema_version": 0,
          "attributes": {
            "access_config": [
              {
                "authentication_mode": "API_AND_CONFIG_MAP",
                "bootstrap_cluster_creator_admin_permissions": true
              }
            ],
            "arn": "arn:aws:eks:us-east-2:630649313435:cluster/ohio-01-eks",
            "certificate_authority": [
              {
                "data": "LS0tLS1CRUdJTiBDRVJUSUZJQ0FURS0tLS0tCk1JSURCVENDQWUyZ0F3SUJBZ0lJUGF6YnNiRVRCc1F3RFFZSktvWklodmNOQVFFTEJRQXdGVEVUTUJFR0ExVUUKQXhNS2EzVmlaWEp1WlhSbGN6QWVGdzB5TlRFd01UVXhNREl4TURkYUZ3MHpOVEV3TVRNeE1ESTJNRGRhTUJVeApFekFSQmdOVkJBTVRDbXQxWW1WeWJtVjBaWE13Z2dFaU1BMEdDU3FHU0liM0RRRUJBUVVBQTRJQkR3QXdnZ0VLCkFvSUJBUURJSW5wQklqa3JlekgzZjNicEZoTGI4c2ZvS2gvUWZkbVBRc1VLWVhGOXlaR3ZtNnF2V3F4SXczOFcKNzN2VVJQOTlwK0ZKZWkzNW9rZWVBUVJpZ1B3VjVFV21QT1pEVDR3Ym9ZTi83UGpXVW8rbjVBYmlVQllVb21FdApvSEFRWFRaSkdGN2xtcmdXUC9FdHprOG9XUStDMlRjVFNZaWxwMnVlSXZTMjRGSDZvQy9NaDgzTlc5eDhOZDVECkdPcVhFQU15ZnZQSU1Fc2VFcFFoQkhQV0tkQkQ2NjRtNE0yU2ZpWTJ3bHVHa0g0MlY3ZHBTOTZaU2VCdDk4Qk8KdnA4elI0aWVONWs4Ryt1Z0pYVXdTK3U1Q2M4N0NsbkMzSlhxdmpIK2R6YjRhRDlwbEw4bjBTa2ltMzdBWEVFVgpLbTFTNjh5Q2VOVVYyZmdLUlRCM2xUcC90ZEgvQWdNQkFBR2pXVEJYTUE0R0ExVWREd0VCL3dRRUF3SUNwREFQCkJnTlZIUk1CQWY4RUJUQURBUUgvTUIwR0ExVWREZ1FXQkJSZlpIdTd5M3hxQlZSTVU1SXJQTDNqeVFmcVZqQVYKQmdOVkhSRUVEakFNZ2dwcmRXSmxjbTVsZEdWek1BMEdDU3FHU0liM0RRRUJDd1VBQTRJQkFRQWwzWThIc0JaWQoya3hoZ21UcUtxMGxuaHZYK1lSQ2M3dldRN1pXRm12c0tTeG9aenN0WDNhNHh6U2l5WGtEblluaERJQnQrTlpZCkF2TE1JbFRGNjN3MWxtc1o3WEhNREo1aTVJQ3g1eFdDNWtBazI1aHEzMDJzV0VRWGE4U2dTYW1JMmtpcHY0MW4KaVE3c1Zxa2xIam5qSXNBdGxCN2xnRXo5My94TGxoTE8xTDNaOFN2MENIamwveFI0b0hoN3dQV09aUWdwOVYyMQo2Q0I2T0xmdXNySWtzbEJRR25JbXhJekpzcU4yN2cyaGhWbUNEUHVXZFpwMW9KUS9YT2tYa1hLWTg3OVhTZDhICkM3MnJabkk0dGlBUVRsaTVrUDZYUzh2L2g0ak4xdnk2RjIzQTVhaysxVElzd1p5dnZodUQ1MkxWS2hvQUJYM3UKRW5PdUY2TnpHMndaCi0tLS0tRU5EIENFUlRJRklDQVRFLS0tLS0K"
              }
            ],
            "cluster_id": null,
            "compute_config": [],
            "created_at": "2025-10-15T10:20:15Z",
            "enabled_cluster_log_types": [
              "api",
              "audit",
              "authenticator",
              "controllerManager",
              "scheduler"
            ],
            "endpoint": "https://CFA9F8E82C13268C9DB96A8AFC2E1321.gr7.us-east-2.eks.amazonaws.com",
            "id": "ohio-01-eks",
            "identity": [
              {
                "oidc": [
                  {
                    "issuer": "https://oidc.eks.us-east-2.amazonaws.com/id/CFA9F8E82C13268C9DB96A8AFC2E1321"
                  }
                ]
              }
            ],
            "kubernetes_network_config": [
              {
                "elastic_load_balancing": [
                  {
                    "enabled": false
                  }
                ],
                "ip_family": "ipv4",
                "service_ipv4_cidr": "10.100.0.0/16",
                "service_ipv6_cidr": ""
              }
            ],
            "name": "ohio-01-eks",
            "outpost_config": [],
            "platform_version": "eks.41",
            "remote_network_config": [],
            "role_arn": "arn:aws:iam::630649313435:role/ohio-01-eks-cluster-20251015101940151700000004",
            "status": "ACTIVE",
            "storage_config": [],
            "tags": {
              "Architecture": "Multi-Client",
              "BackupRequired": "true",
              "BillingGroup": "Platform-Engineering",
              "ClusterRole": "Primary",
              "CostCenter": "IT-Infrastructure",
              "CriticalInfra": "true",
              "DeploymentPhase": "Phase-2",
              "Environment": "production",
              "Layer": "Platform",
              "ManagedBy": "Terraform",
              "PlatformType": "EKS",
              "Project": "ohio-01-eks",
              "Region": "us-east-2",
              "SecurityLevel": "High",
              "terraform-aws-modules": "eks"
            },
            "upgrade_policy": [
              {
                "support_type": "EXTENDED"
              }
            ],
            "version": "1.31",
            "vpc_config": [
              {
                "cluster_security_group_id": "sg-039ed03925db5cfb8",
                "endpoint_private_access": true,
                "endpoint_public_access": true,
                "public_access_cidrs": [
                  "102.217.4.85/32"
                ],
                "security_group_ids": [
                  "sg-0409b9df4aa207f28"
                ],
                "subnet_ids": [
                  "subnet-01d2d9d5ce0bb403a",
                  "subnet-021244de83e13eeee"
                ],
                "vpc_id": "vpc-0f10db6f0b03865bf"
              }
            ],
            "zonal_shift_config": []
          },
          "sensitive_attributes": []
        }
      ]
    },
    {
      "mode": "data",
      "type": "aws_eks_cluster_auth",
      "name": "main",
      "provider": "provider[\"registry.terraform.io/hashicorp/aws\"]",
      "instances": [
        {
          "schema_version": 0,
          "attributes": {
            "id": "ohio-01-eks",
            "name": "ohio-01-eks",
            "token": "k8s-aws-v1.aHR0cHM6Ly9zdHMudXMtZWFzdC0yLmFtYXpvbmF3cy5jb20vP0FjdGlvbj1HZXRDYWxsZXJJZGVudGl0eSZWZXJzaW9uPTIwMTEtMDYtMTUmWC1BbXotQWxnb3JpdGhtPUFXUzQtSE1BQy1TSEEyNTYmWC1BbXotQ3JlZGVudGlhbD1BS0lBWkZWTkEzQ05ZWVE0RlMzNSUyRjIwMjUxMDE1JTJGdXMtZWFzdC0yJTJGc3RzJTJGYXdzNF9yZXF1ZXN0JlgtQW16LURhdGU9MjAyNTEwMTVUMTc0ODA1WiZYLUFtei1FeHBpcmVzPTAmWC1BbXotU2lnbmVkSGVhZGVycz1ob3N0JTNCeC1rOHMtYXdzLWlkJlgtQW16LVNpZ25hdHVyZT0xYmFiM2Q5OTExNWFkY2NlMzI3ODE5MzQ3M2Y2NjEyNDQ2NTA4ZjU2Yjc3ZDk1ZDY0MGI1MzQ0Y2NjOTg0Njc5"
          },
          "sensitive_attributes": [
            [
              {
                "type": "get_attr",
                "value": "token"
              }
            ]
          ]
        }
      ]
    },
    {
      "mode": "data",
      "type": "terraform_remote_state",
      "name": "platform",
      "provider": "provider[\"terraform.io/builtin/terraform\"]",
      "instances": [
        {
          "schema_version": 0,
          "attributes": {
            "backend": "s3",
            "config": {
              "value": {
                "bucket": "ohio-01-terraform-state-production",
                "key": "providers/aws/regions/us-east-2/layers/02-platform/production/terraform.tfstate",
                "region": "us-east-2"
              },
              "type": [
                "object",
                {
                  "bucket": "string",
                  "key": "string",
                  "region": "string"
                }
              ]
            },
            "defaults": null,
            "outputs": {
              "value": {
                "cluster_arn": "arn:aws:eks:us-east-2:630649313435:cluster/ohio-01-eks",
                "cluster_certificate_authority_data": "LS0tLS1CRUdJTiBDRVJUSUZJQ0FURS0tLS0tCk1JSURCVENDQWUyZ0F3SUJBZ0lJUGF6YnNiRVRCc1F3RFFZSktvWklodmNOQVFFTEJRQXdGVEVUTUJFR0ExVUUKQXhNS2EzVmlaWEp1WlhSbGN6QWVGdzB5TlRFd01UVXhNREl4TURkYUZ3MHpOVEV3TVRNeE1ESTJNRGRhTUJVeApFekFSQmdOVkJBTVRDbXQxWW1WeWJtVjBaWE13Z2dFaU1BMEdDU3FHU0liM0RRRUJBUVVBQTRJQkR3QXdnZ0VLCkFvSUJBUURJSW5wQklqa3JlekgzZjNicEZoTGI4c2ZvS2gvUWZkbVBRc1VLWVhGOXlaR3ZtNnF2V3F4SXczOFcKNzN2VVJQOTlwK0ZKZWkzNW9rZWVBUVJpZ1B3VjVFV21QT1pEVDR3Ym9ZTi83UGpXVW8rbjVBYmlVQllVb21FdApvSEFRWFRaSkdGN2xtcmdXUC9FdHprOG9XUStDMlRjVFNZaWxwMnVlSXZTMjRGSDZvQy9NaDgzTlc5eDhOZDVECkdPcVhFQU15ZnZQSU1Fc2VFcFFoQkhQV0tkQkQ2NjRtNE0yU2ZpWTJ3bHVHa0g0MlY3ZHBTOTZaU2VCdDk4Qk8KdnA4elI0aWVONWs4Ryt1Z0pYVXdTK3U1Q2M4N0NsbkMzSlhxdmpIK2R6YjRhRDlwbEw4bjBTa2ltMzdBWEVFVgpLbTFTNjh5Q2VOVVYyZmdLUlRCM2xUcC90ZEgvQWdNQkFBR2pXVEJYTUE0R0ExVWREd0VCL3dRRUF3SUNwREFQCkJnTlZIUk1CQWY4RUJUQURBUUgvTUIwR0ExVWREZ1FXQkJSZlpIdTd5M3hxQlZSTVU1SXJQTDNqeVFmcVZqQVYKQmdOVkhSRUVEakFNZ2dwcmRXSmxjbTVsZEdWek1BMEdDU3FHU0liM0RRRUJDd1VBQTRJQkFRQWwzWThIc0JaWQoya3hoZ21UcUtxMGxuaHZYK1lSQ2M3dldRN1pXRm12c0tTeG9aenN0WDNhNHh6U2l5WGtEblluaERJQnQrTlpZCkF2TE1JbFRGNjN3MWxtc1o3WEhNREo1aTVJQ3g1eFdDNWtBazI1aHEzMDJzV0VRWGE4U2dTYW1JMmtpcHY0MW4KaVE3c1Zxa2xIam5qSXNBdGxCN2xnRXo5My94TGxoTE8xTDNaOFN2MENIamwveFI0b0hoN3dQV09aUWdwOVYyMQo2Q0I2T0xmdXNySWtzbEJRR25JbXhJekpzcU4yN2cyaGhWbUNEUHVXZFpwMW9KUS9YT2tYa1hLWTg3OVhTZDhICkM3MnJabkk0dGlBUVRsaTVrUDZYUzh2L2g0ak4xdnk2RjIzQTVhaysxVElzd1p5dnZodUQ1MkxWS2hvQUJYM3UKRW5PdUY2TnpHMndaCi0tLS0tRU5EIENFUlRJRklDQVRFLS0tLS0K",
                "cluster_endpoint": "https://CFA9F8E82C13268C9DB96A8AFC2E1321.gr7.us-east-2.eks.amazonaws.com",
                "cluster_name": "ohio-01-eks",
                "cluster_oidc_issuer_url": "https://oidc.eks.us-east-2.amazonaws.com/id/CFA9F8E82C13268C9DB96A8AFC2E1321",
                "cluster_security_group_id": "sg-0409b9df4aa207f28",
                "cluster_version": "1.31",
                "eks_managed_node_groups": {
                  "est_test_a": {
                    "autoscaling_group_schedule_arns": {},
                    "iam_role_arn": "arn:aws:iam::630649313435:role/ohio-01-eks-ETA-nodes-20251015101940154100000007",
                    "iam_role_name": "ohio-01-eks-ETA-nodes-20251015101940154100000007",
                    "iam_role_unique_id": "AROAZFVNA3CNX5YAWMQUG",
                    "launch_template_arn": "arn:aws:ec2:us-east-2:630649313435:launch-template/lt-08a0ab0df7d87c921",
                    "launch_template_id": "lt-08a0ab0df7d87c921",
                    "launch_template_latest_version": 1,
                    "launch_template_name": "est_test_a-20251015103015536900000015",
                    "node_group_arn": "arn:aws:eks:us-east-2:630649313435:nodegroup/ohio-01-eks/ohio-01-eks-ETA-20251015103023173200000019/16ccf3b5-e1bd-35b1-02a7-0a643485194b",
                    "node_group_autoscaling_group_names": [
                      "eks-ohio-01-eks-ETA-20251015103023173200000019-16ccf3b5-e1bd-35b1-02a7-0a643485194b"
                    ],
                    "node_group_id": "ohio-01-eks:ohio-01-eks-ETA-20251015103023173200000019",
                    "node_group_labels": {
                      "Architecture": "Multi-Client",
                      "Client": "est-test-a",
                      "Environment": "production",
                      "ManagedBy": "Terraform",
                      "NodeGroup": "est_test_a",
                      "Project": "ohio-01-eks"
                    },
                    "node_group_resources": [
                      {
                        "autoscaling_groups": [
                          {
                            "name": "eks-ohio-01-eks-ETA-20251015103023173200000019-16ccf3b5-e1bd-35b1-02a7-0a643485194b"
                          }
                        ],
                        "remote_access_security_group_id": ""
                      }
                    ],
                    "node_group_status": "ACTIVE",
                    "node_group_taints": [],
                    "platform": "linux"
                  },
                  "system": {
                    "autoscaling_group_schedule_arns": {},
                    "iam_role_arn": "arn:aws:iam::630649313435:role/ohio-01-eks-system-ng-nodes-20251015101940152900000006",
                    "iam_role_name": "ohio-01-eks-system-ng-nodes-20251015101940152900000006",
                    "iam_role_unique_id": "AROAZFVNA3CNYOBF5GVBX",
                    "launch_template_arn": "arn:aws:ec2:us-east-2:630649313435:launch-template/lt-032b021181affa858",
                    "launch_template_id": "lt-032b021181affa858",
                    "launch_template_latest_version": 1,
                    "launch_template_name": "system-20251015103015550900000017",
                    "node_group_arn": "arn:aws:eks:us-east-2:630649313435:nodegroup/ohio-01-eks/ohio-01-eks-system-ng-2025101510302317360000001b/9accf3b5-e1c2-ef0f-86fd-5ada16e85066",
                    "node_group_autoscaling_group_names": [
                      "eks-ohio-01-eks-system-ng-2025101510302317360000001b-9accf3b5-e1c2-ef0f-86fd-5ada16e85066"
                    ],
                    "node_group_id": "ohio-01-eks:ohio-01-eks-system-ng-2025101510302317360000001b",
                    "node_group_labels": {
                      "Architecture": "Multi-Client",
                      "Client": "system",
                      "Environment": "production",
                      "ManagedBy": "Terraform",
                      "NodeGroup": "system",
                      "Project": "ohio-01-eks",
                      "client-workload": "false",
                      "dedicated": "shared-services",
                      "node-purpose": "shared-services",
                      "system-workload": "true",
                      "workload-type": "system",
                      "workload/istio-system": "true",
                      "workload/observability": "true",
                      "workload/shared-services": "true"
                    },
                    "node_group_resources": [
                      {
                        "autoscaling_groups": [
                          {
                            "name": "eks-ohio-01-eks-system-ng-2025101510302317360000001b-9accf3b5-e1c2-ef0f-86fd-5ada16e85066"
                          }
                        ],
                        "remote_access_security_group_id": ""
                      }
                    ],
                    "node_group_status": "ACTIVE",
                    "node_group_taints": [],
                    "platform": "linux"
                  }
                },
                "node_security_group_id": "sg-00ea7718d40ed54e9",
                "oidc_provider_arn": "arn:aws:iam::630649313435:oidc-provider/oidc.eks.us-east-2.amazonaws.com/id/CFA9F8E82C13268C9DB96A8AFC2E1321",
                "platform_summary": {
                  "addons_enabled": {
                    "coredns": true,
                    "ebs_csi_driver": true,
                    "kube_proxy": true,
                    "pod_identity_agent": true,
                    "vpc_cni": true
                  },
                  "cluster_name": "ohio-01-eks",
                  "cluster_region": "us-east-2",
                  "cluster_version": "1.31",
                  "endpoint_access": {
                    "private": true,
                    "public": true
                  },
                  "environment": "production",
                  "infrastructure_standards": {
                    "backup_configured": "applied",
                    "monitoring_enabled": "applied",
                    "naming_convention": "applied",
                    "security_hardening": "applied",
                    "tagging_standards": "applied"
                  },
                  "irsa_enabled": true,
                  "logging_enabled": true,
                  "node_groups_enabled": {
                    "est_test_a": {
                      "capacity": "1-3",
                      "client": "est-test-a",
                      "desired": 2,
                      "instance_types": [
                        "m5.large",
                        "m5a.large",
                        "t3.xlarge",
                        "c5.large"
                      ]
                    },
                    "system": {
                      "capacity": "1-5",
                      "client": "system",
                      "desired": 3,
                      "instance_types": [
                        "m5.large",
                        "m5a.large",
                        "t3.large"
                      ]
                    }
                  },
                  "platform_subnets": 2,
                  "vpc_id": "vpc-0f10db6f0b03865bf"
                },
                "security_notice": {
                  "actions_required": [
                    "Configure kubectl access using: aws eks update-kubeconfig --region us-east-2 --name ohio-01-eks",
                    "Verify node groups are healthy: kubectl get nodes",
                    "Review security groups and NACLs for compliance",
                    "Configure additional monitoring and alerting as needed"
                  ],
                  "documentation": "https://docs.aws.amazon.com/eks/latest/userguide/",
                  "message": "EKS Cluster deployed with security best practices"
                },
                "ssm_parameter_names": {
                  "cluster_arn": "/ohio-01-eks/production/us-east-2/platform/cluster-arn",
                  "cluster_certificate_authority_data": "/ohio-01-EKS/production/us-east-2/platform/cluster-certificate-authority-data",
                  "cluster_endpoint": "/ohio-01-EKS/production/us-east-2/platform/cluster-endpoint",
                  "cluster_name": "/ohio-01-EKS/production/us-east-2/platform/cluster-name",
                  "cluster_oidc_issuer_arn": "/ohio-01-EKS/production/us-east-2/platform/cluster-oidc-issuer-arn",
                  "cluster_security_group_id": "/ohio-01-eks/production/us-east-2/platform/cluster-security-group-id",
                  "cluster_version": "/ohio-01-eks/production/us-east-2/platform/cluster-version",
                  "node_security_group_id": "/ohio-01-eks/production/us-east-2/platform/node-security-group-id"
                }
              },
              "type": [
                "object",
                {
                  "cluster_arn": "string",
                  "cluster_certificate_authority_data": "string",
                  "cluster_endpoint": "string",
                  "cluster_name": "string",
                  "cluster_oidc_issuer_url": "string",
                  "cluster_security_group_id": "string",
                  "cluster_version": "string",
                  "eks_managed_node_groups": [
                    "object",
                    {
                      "est_test_a": [
                        "object",
                        {
                          "autoscaling_group_schedule_arns": [
                            "object",
                            {}
                          ],
                          "iam_role_arn": "string",
                          "iam_role_name": "string",
                          "iam_role_unique_id": "string",
                          "launch_template_arn": "string",
                          "launch_template_id": "string",
                          "launch_template_latest_version": "number",
                          "launch_template_name": "string",
                          "node_group_arn": "string",
                          "node_group_autoscaling_group_names": [
                            "tuple",
                            [
                              "string"
                            ]
                          ],
                          "node_group_id": "string",
                          "node_group_labels": [
                            "map",
                            "string"
                          ],
                          "node_group_resources": [
                            "list",
                            [
                              "object",
                              {
                                "autoscaling_groups": [
                                  "list",
                                  [
                                    "object",
                                    {
                                      "name": "string"
                                    }
                                  ]
                                ],
                                "remote_access_security_group_id": "string"
                              }
                            ]
                          ],
                          "node_group_status": "string",
                          "node_group_taints": [
                            "set",
                            [
                              "object",
                              {
                                "effect": "string",
                                "key": "string",
                                "value": "string"
                              }
                            ]
                          ],
                          "platform": "string"
                        }
                      ],
                      "system": [
                        "object",
                        {
                          "autoscaling_group_schedule_arns": [
                            "object",
                            {}
                          ],
                          "iam_role_arn": "string",
                          "iam_role_name": "string",
                          "iam_role_unique_id": "string",
                          "launch_template_arn": "string",
                          "launch_template_id": "string",
                          "launch_template_latest_version": "number",
                          "launch_template_name": "string",
                          "node_group_arn": "string",
                          "node_group_autoscaling_group_names": [
                            "tuple",
                            [
                              "string"
                            ]
                          ],
                          "node_group_id": "string",
                          "node_group_labels": [
                            "map",
                            "string"
                          ],
                          "node_group_resources": [
                            "list",
                            [
                              "object",
                              {
                                "autoscaling_groups": [
                                  "list",
                                  [
                                    "object",
                                    {
                                      "name": "string"
                                    }
                                  ]
                                ],
                                "remote_access_security_group_id": "string"
                              }
                            ]
                          ],
                          "node_group_status": "string",
                          "node_group_taints": [
                            "set",
                            [
                              "object",
                              {
                                "effect": "string",
                                "key": "string",
                                "value": "string"
                              }
                            ]
                          ],
                          "platform": "string"
                        }
                      ]
                    }
                  ],
                  "node_security_group_id": "string",
                  "oidc_provider_arn": "string",
                  "platform_summary": [
                    "object",
                    {
                      "addons_enabled": [
                        "object",
                        {
                          "coredns": "bool",
                          "ebs_csi_driver": "bool",
                          "kube_proxy": "bool",
                          "pod_identity_agent": "bool",
                          "vpc_cni": "bool"
                        }
                      ],
                      "cluster_name": "string",
                      "cluster_region": "string",
                      "cluster_version": "string",
                      "endpoint_access": [
                        "object",
                        {
                          "private": "bool",
                          "public": "bool"
                        }
                      ],
                      "environment": "string",
                      "infrastructure_standards": [
                        "object",
                        {
                          "backup_configured": "string",
                          "monitoring_enabled": "string",
                          "naming_convention": "string",
                          "security_hardening": "string",
                          "tagging_standards": "string"
                        }
                      ],
                      "irsa_enabled": "bool",
                      "logging_enabled": "bool",
                      "node_groups_enabled": [
                        "object",
                        {
                          "est_test_a": [
                            "object",
                            {
                              "capacity": "string",
                              "client": "string",
                              "desired": "number",
                              "instance_types": [
                                "list",
                                "string"
                              ]
                            }
                          ],
                          "system": [
                            "object",
                            {
                              "capacity": "string",
                              "client": "string",
                              "desired": "number",
                              "instance_types": [
                                "list",
                                "string"
                              ]
                            }
                          ]
                        }
                      ],
                      "platform_subnets": "number",
                      "vpc_id": "string"
                    }
                  ],
                  "security_notice": [
                    "object",
                    {
                      "actions_required": [
                        "tuple",
                        [
                          "string",
                          "string",
                          "string",
                          "string"
                        ]
                      ],
                      "documentation": "string",
                      "message": "string"
                    }
                  ],
                  "ssm_parameter_names": [
                    "object",
                    {
                      "cluster_arn": "string",
                      "cluster_certificate_authority_data": "string",
                      "cluster_endpoint": "string",
                      "cluster_name": "string",
                      "cluster_oidc_issuer_arn": "string",
                      "cluster_security_group_id": "string",
                      "cluster_version": "string",
                      "node_security_group_id": "string"
                    }
                  ]
                }
              ]
            },
            "workspace": null
          },
          "sensitive_attributes": []
        }
      ]
    },
    {
      "mode": "managed",
      "type": "helm_release",
      "name": "prometheus_stack",
      "provider": "provider[\"registry.terraform.io/hashicorp/helm\"]",
      "instances": [
        {
          "schema_version": 1,
          "attributes": {
            "atomic": false,
            "chart": "kube-prometheus-stack",
            "cleanup_on_fail": false,
            "create_namespace": false,
            "dependency_update": false,
            "description": null,
            "devel": null,
            "disable_crd_hooks": false,
            "disable_openapi_validation": false,
            "disable_webhooks": false,
            "force_update": false,
            "id": "prometheus-stack-monitoring",
            "keyring": null,
            "lint": false,
            "manifest": null,
            "max_history": 0,
            "metadata": [
              {
                "app_version": "v0.70.0",
                "chart": "kube-prometheus-stack",
                "first_deployed": 1760529750,
                "last_deployed": 1760536784,
                "name": "prometheus-stack-monitoring",
                "namespace": "monitoring",
                "notes": "1. Get your 'admin' user password by running:\n\n   kubectl get secret --namespace monitoring prometheus-stack-monitoring-grafana -o jsonpath=\"{.data.admin-password}\" | base64 --decode ; echo\n\n\n2. The Grafana server can be accessed via port 80 on the following DNS name from within your cluster:\n\n   prometheus-stack-monitoring-grafana.monitoring.svc.cluster.local\n\n   Get the Grafana URL to visit by running these commands in the same shell:\n     export POD_NAME=$(kubectl get pods --namespace monitoring -l \"app.kubernetes.io/name=grafana,app.kubernetes.io/instance=prometheus-stack-monitoring\" -o jsonpath=\"{.items[0].metadata.name}\")\n     kubectl --namespace monitoring port-forward $POD_NAME 3000\n\n3. Login with the password from step 1 and the username: admin\n\n1. Get the application URL by running these commands:\n  export POD_NAME=$(kubectl get pods --namespace monitoring -l \"app.kubernetes.io/name=prometheus-node-exporter,app.kubernetes.io/instance=prometheus-stack-monitoring\" -o jsonpath=\"{.items[0].metadata.name}\")\n  echo \"Visit http://127.0.0.1:9100 to use your application\"\n  kubectl port-forward --namespace monitoring $POD_NAME 9100\nkube-state-metrics is a simple service that listens to the Kubernetes API server and generates metrics about the state of the objects.\nThe exposed metrics can be found here:\nhttps://github.com/kubernetes/kube-state-metrics/blob/master/docs/README.md#exposed-metrics\n\nThe metrics are exported on the HTTP endpoint /metrics on the listening port.\nIn your case, prometheus-stack-monitoring-kube-state-metrics.monitoring.svc.cluster.local:8080/metrics\n\nThey are served either as plaintext or protobuf depending on the Accept header.\nThey are designed to be consumed either by Prometheus itself or by a scraper that is compatible with scraping a Prometheus client endpoint.\n\nkube-prometheus-stack has been installed. Check its status by running:\n  kubectl --namespace monitoring get pods -l \"release=prometheus-stack-monitoring\"\n\nVisit https://github.com/prometheus-operator/kube-prometheus for instructions on how to create \u0026 configure Alertmanager and Prometheus instances using the Operator.\n",
                "revision": 4,
                "values": "{\"alertmanager\":{\"alertmanagerSpec\":{\"affinity\":{\"podAntiAffinity\":{\"preferredDuringSchedulingIgnoredDuringExecution\":[{\"podAffinityTerm\":{\"labelSelector\":{\"matchExpressions\":[{\"key\":\"app.kubernetes.io/name\",\"operator\":\"In\",\"values\":[\"alertmanager\"]}]},\"topologyKey\":\"kubernetes.io/hostname\"},\"weight\":100}]}},\"nodeSelector\":{\"workload-type\":\"system\"},\"replicas\":2,\"resources\":{\"limits\":{\"cpu\":\"500m\",\"memory\":\"512Mi\"},\"requests\":{\"cpu\":\"100m\",\"memory\":\"128Mi\"}},\"storage\":{\"volumeClaimTemplate\":{\"spec\":{\"accessModes\":[\"ReadWriteOnce\"],\"resources\":{\"requests\":{\"storage\":\"10Gi\"}},\"storageClassName\":\"gp2-csi\"}}},\"tolerations\":[{\"effect\":\"NoSchedule\",\"key\":\"workload-type\",\"operator\":\"Equal\",\"value\":\"system\"},{\"effect\":\"NoSchedule\",\"key\":\"dedicated\",\"operator\":\"Equal\",\"value\":\"shared-services\"}]},\"config\":{\"global\":{\"smtp_smarthost\":\"localhost:587\"},\"receivers\":[{\"email_configs\":[{\"body\":\"{{ range .Alerts }}{{ .Annotations.description }}{{ end }}\",\"subject\":\"{{ range .Alerts }}{{ .Annotations.summary }}{{ end }}\",\"to\":\"dennis.juma@ezra.world\"}],\"name\":\"web.hook\",\"slack_configs\":[]}],\"route\":{\"group_by\":[\"alertname\"],\"group_interval\":\"10s\",\"group_wait\":\"10s\",\"receiver\":\"web.hook\",\"repeat_interval\":\"1h\"}}},\"defaultRules\":{\"create\":true,\"rules\":{\"alertmanager\":true,\"etcd\":true,\"general\":true,\"k8s\":true,\"kubeApiserver\":true,\"kubeApiserverAvailability\":true,\"kubeApiserverBurnrate\":true,\"kubeApiserverHistogram\":true,\"kubeApiserverSlos\":true,\"kubePrometheusGeneral\":true,\"kubePrometheusNodeRecording\":true,\"kubeProxy\":true,\"kubelet\":true,\"kubernetesApps\":true,\"kubernetesResources\":true,\"kubernetesStorage\":true,\"kubernetesSystem\":true,\"node\":true,\"nodeExporterAlerting\":true,\"nodeExporterRecording\":true,\"prometheus\":true,\"prometheusOperator\":true}},\"grafana\":{\"adminPassword\":\"admin123\",\"dashboardProviders\":{\"dashboardproviders.yaml\":{\"apiVersion\":1,\"providers\":[{\"folder\":\"\",\"name\":\"default\",\"options\":{\"path\":\"/var/lib/grafana/dashboards/default\"},\"orgId\":1,\"type\":\"file\"}]}},\"dashboards\":{\"default\":{\"istio-mesh-dashboard\":{\"datasource\":\"Prometheus\",\"gnetId\":7636},\"kubernetes-cluster-monitoring\":{\"datasource\":\"Prometheus\",\"gnetId\":7249},\"kubernetes-pod-monitoring\":{\"datasource\":\"Prometheus\",\"gnetId\":6336}}},\"datasources\":{\"datasources.yaml\":{\"apiVersion\":1,\"datasources\":[{\"access\":\"proxy\",\"isDefault\":true,\"jsonData\":{\"httpMethod\":\"POST\",\"timeInterval\":\"30s\"},\"name\":\"Prometheus\",\"type\":\"prometheus\",\"uid\":\"prometheus\",\"url\":\"http://prometheus-stack-monitorin-prometheus.monitoring.svc.cluster.local:9090\"},{\"access\":\"proxy\",\"isDefault\":false,\"jsonData\":{\"handleGrafanaManagedAlerts\":false,\"implementation\":\"prometheus\"},\"name\":\"Alertmanager\",\"type\":\"alertmanager\",\"uid\":\"alertmanager\",\"url\":\"http://prometheus-stack-monitorin-alertmanager.monitoring.svc.cluster.local:9093\"},{\"access\":\"proxy\",\"isDefault\":false,\"name\":\"Loki\",\"type\":\"loki\",\"uid\":\"loki\",\"url\":\"http://loki-loki-distributed-gateway.monitoring.svc.cluster.local:80\"},{\"access\":\"proxy\",\"isDefault\":false,\"name\":\"Tempo\",\"type\":\"tempo\",\"uid\":\"tempo\",\"url\":\"http://tempo.monitoring.svc.cluster.local:3100\"}]}},\"forceDeployDatasources\":true,\"grafana.ini\":{\"auth.anonymous\":{\"enabled\":false},\"security\":{\"admin_password\":\"admin123\",\"admin_user\":\"admin\"},\"server\":{\"domain\":\"localhost\",\"enforce_domain\":false,\"http_port\":3000,\"protocol\":\"http\",\"root_url\":\"%(protocol)s://%(domain)s:%(http_port)s/\",\"serve_from_sub_path\":false}},\"nodeSelector\":{\"workload-type\":\"system\"},\"persistence\":{\"enabled\":true,\"size\":\"20Gi\",\"storageClassName\":\"gp2-csi\"},\"resources\":{\"limits\":{\"cpu\":\"1000m\",\"memory\":\"2Gi\"},\"requests\":{\"cpu\":\"200m\",\"memory\":\"512Mi\"}},\"service\":{\"annotations\":{},\"port\":80,\"type\":\"ClusterIP\"},\"sidecar\":{\"datasources\":{\"enabled\":false}},\"tolerations\":[{\"effect\":\"NoSchedule\",\"key\":\"workload-type\",\"operator\":\"Equal\",\"value\":\"system\"},{\"effect\":\"NoSchedule\",\"key\":\"dedicated\",\"operator\":\"Equal\",\"value\":\"shared-services\"}]},\"kubeControllerManager\":{\"enabled\":false},\"kubeEtcd\":{\"enabled\":false},\"kubeScheduler\":{\"enabled\":false},\"kubeStateMetrics\":{\"nodeSelector\":{\"workload-type\":\"system\"},\"resources\":{\"limits\":{\"cpu\":\"500m\",\"memory\":\"512Mi\"},\"requests\":{\"cpu\":\"100m\",\"memory\":\"128Mi\"}},\"tolerations\":[{\"effect\":\"NoSchedule\",\"key\":\"workload-type\",\"operator\":\"Equal\",\"value\":\"system\"},{\"effect\":\"NoSchedule\",\"key\":\"dedicated\",\"operator\":\"Equal\",\"value\":\"shared-services\"}]},\"nodeExporter\":{\"hostNetwork\":true,\"hostPID\":true,\"resources\":{\"limits\":{\"cpu\":\"200m\",\"memory\":\"200Mi\"},\"requests\":{\"cpu\":\"50m\",\"memory\":\"64Mi\"}},\"service\":{\"port\":9100},\"tolerations\":[{\"effect\":\"\",\"operator\":\"Exists\"}]},\"prometheus\":{\"prometheusSpec\":{\"additionalScrapeConfigs\":[{\"job_name\":\"kubernetes-pods-tenant-scraping\",\"kubernetes_sd_configs\":[{\"namespaces\":{\"names\":[\"monitoring\",\"kube-system\",\"istio-system\",\"est-test-a-prod\",\"est-test-b-prod\",\"analytics\"]},\"role\":\"pod\"}],\"relabel_configs\":[{\"action\":\"keep\",\"regex\":\"true\",\"source_labels\":[\"__meta_kubernetes_pod_annotation_prometheus_io_scrape\"]}]}],\"affinity\":{\"podAntiAffinity\":{\"preferredDuringSchedulingIgnoredDuringExecution\":[{\"podAffinityTerm\":{\"labelSelector\":{\"matchExpressions\":[{\"key\":\"app.kubernetes.io/name\",\"operator\":\"In\",\"values\":[\"prometheus\"]}]},\"topologyKey\":\"kubernetes.io/hostname\"},\"weight\":100}]}},\"nodeSelector\":{\"workload-type\":\"system\"},\"remoteWrite\":[],\"replicas\":2,\"resources\":{\"limits\":{\"cpu\":\"4000m\",\"memory\":\"8Gi\"},\"requests\":{\"cpu\":\"1000m\",\"memory\":\"4Gi\"}},\"retention\":\"30d\",\"retentionSize\":\"25GB\",\"storageSpec\":{\"volumeClaimTemplate\":{\"spec\":{\"accessModes\":[\"ReadWriteOnce\"],\"resources\":{\"requests\":{\"storage\":\"50Gi\"}},\"storageClassName\":\"gp2-csi\"}}},\"tolerations\":[{\"effect\":\"NoSchedule\",\"key\":\"workload-type\",\"operator\":\"Equal\",\"value\":\"system\"},{\"effect\":\"NoSchedule\",\"key\":\"dedicated\",\"operator\":\"Equal\",\"value\":\"shared-services\"}]}},\"prometheus-node-exporter\":{\"hostRootfs\":false}}",
                "version": "55.5.0"
              }
            ],
            "name": "prometheus-stack-monitoring",
            "namespace": "monitoring",
            "pass_credentials": false,
            "postrender": [],
            "recreate_pods": false,
            "render_subchart_notes": true,
            "replace": false,
            "repository": "https://prometheus-community.github.io/helm-charts",
            "repository_ca_file": null,
            "repository_cert_file": null,
            "repository_key_file": null,
            "repository_password": null,
            "repository_username": null,
            "reset_values": false,
            "reuse_values": false,
            "set": [],
            "set_list": [],
            "set_sensitive": [],
            "skip_crds": false,
            "status": "deployed",
            "timeout": 600,
            "upgrade_install": null,
            "values": [
              "\"alertmanager\":\n  \"alertmanagerSpec\":\n    \"affinity\":\n      \"podAntiAffinity\":\n        \"preferredDuringSchedulingIgnoredDuringExecution\":\n        - \"podAffinityTerm\":\n            \"labelSelector\":\n              \"matchExpressions\":\n              - \"key\": \"app.kubernetes.io/name\"\n                \"operator\": \"In\"\n                \"values\":\n                - \"alertmanager\"\n            \"topologyKey\": \"kubernetes.io/hostname\"\n          \"weight\": 100\n    \"nodeSelector\":\n      \"workload-type\": \"system\"\n    \"replicas\": 2\n    \"resources\":\n      \"limits\":\n        \"cpu\": \"500m\"\n        \"memory\": \"512Mi\"\n      \"requests\":\n        \"cpu\": \"100m\"\n        \"memory\": \"128Mi\"\n    \"storage\":\n      \"volumeClaimTemplate\":\n        \"spec\":\n          \"accessModes\":\n          - \"ReadWriteOnce\"\n          \"resources\":\n            \"requests\":\n              \"storage\": \"10Gi\"\n          \"storageClassName\": \"gp2-csi\"\n    \"tolerations\":\n    - \"effect\": \"NoSchedule\"\n      \"key\": \"workload-type\"\n      \"operator\": \"Equal\"\n      \"value\": \"system\"\n    - \"effect\": \"NoSchedule\"\n      \"key\": \"dedicated\"\n      \"operator\": \"Equal\"\n      \"value\": \"shared-services\"\n  \"config\":\n    \"global\":\n      \"smtp_smarthost\": \"localhost:587\"\n    \"receivers\":\n    - \"email_configs\":\n      - \"body\": \"{{ range .Alerts }}{{ .Annotations.description }}{{ end }}\"\n        \"subject\": \"{{ range .Alerts }}{{ .Annotations.summary }}{{ end }}\"\n        \"to\": \"dennis.juma@ezra.world\"\n      \"name\": \"web.hook\"\n      \"slack_configs\": []\n    \"route\":\n      \"group_by\":\n      - \"alertname\"\n      \"group_interval\": \"10s\"\n      \"group_wait\": \"10s\"\n      \"receiver\": \"web.hook\"\n      \"repeat_interval\": \"1h\"\n\"defaultRules\":\n  \"create\": true\n  \"rules\":\n    \"alertmanager\": true\n    \"etcd\": true\n    \"general\": true\n    \"k8s\": true\n    \"kubeApiserver\": true\n    \"kubeApiserverAvailability\": true\n    \"kubeApiserverBurnrate\": true\n    \"kubeApiserverHistogram\": true\n    \"kubeApiserverSlos\": true\n    \"kubePrometheusGeneral\": true\n    \"kubePrometheusNodeRecording\": true\n    \"kubeProxy\": true\n    \"kubelet\": true\n    \"kubernetesApps\": true\n    \"kubernetesResources\": true\n    \"kubernetesStorage\": true\n    \"kubernetesSystem\": true\n    \"node\": true\n    \"nodeExporterAlerting\": true\n    \"nodeExporterRecording\": true\n    \"prometheus\": true\n    \"prometheusOperator\": true\n\"grafana\":\n  \"adminPassword\": \"admin123\"\n  \"dashboardProviders\":\n    \"dashboardproviders.yaml\":\n      \"apiVersion\": 1\n      \"providers\":\n      - \"folder\": \"\"\n        \"name\": \"default\"\n        \"options\":\n          \"path\": \"/var/lib/grafana/dashboards/default\"\n        \"orgId\": 1\n        \"type\": \"file\"\n  \"dashboards\":\n    \"default\":\n      \"istio-mesh-dashboard\":\n        \"datasource\": \"Prometheus\"\n        \"gnetId\": 7636\n      \"kubernetes-cluster-monitoring\":\n        \"datasource\": \"Prometheus\"\n        \"gnetId\": 7249\n      \"kubernetes-pod-monitoring\":\n        \"datasource\": \"Prometheus\"\n        \"gnetId\": 6336\n  \"datasources\":\n    \"datasources.yaml\":\n      \"apiVersion\": 1\n      \"datasources\":\n      - \"access\": \"proxy\"\n        \"isDefault\": true\n        \"jsonData\":\n          \"httpMethod\": \"POST\"\n          \"timeInterval\": \"30s\"\n        \"name\": \"Prometheus\"\n        \"type\": \"prometheus\"\n        \"uid\": \"prometheus\"\n        \"url\": \"http://prometheus-stack-monitorin-prometheus.monitoring.svc.cluster.local:9090\"\n      - \"access\": \"proxy\"\n        \"isDefault\": false\n        \"jsonData\":\n          \"handleGrafanaManagedAlerts\": false\n          \"implementation\": \"prometheus\"\n        \"name\": \"Alertmanager\"\n        \"type\": \"alertmanager\"\n        \"uid\": \"alertmanager\"\n        \"url\": \"http://prometheus-stack-monitorin-alertmanager.monitoring.svc.cluster.local:9093\"\n      - \"access\": \"proxy\"\n        \"isDefault\": false\n        \"name\": \"Loki\"\n        \"type\": \"loki\"\n        \"uid\": \"loki\"\n        \"url\": \"http://loki-loki-distributed-gateway.monitoring.svc.cluster.local:80\"\n      - \"access\": \"proxy\"\n        \"isDefault\": false\n        \"name\": \"Tempo\"\n        \"type\": \"tempo\"\n        \"uid\": \"tempo\"\n        \"url\": \"http://tempo.monitoring.svc.cluster.local:3100\"\n  \"forceDeployDatasources\": true\n  \"grafana.ini\":\n    \"auth.anonymous\":\n      \"enabled\": false\n    \"security\":\n      \"admin_password\": \"admin123\"\n      \"admin_user\": \"admin\"\n    \"server\":\n      \"domain\": \"localhost\"\n      \"enforce_domain\": false\n      \"http_port\": 3000\n      \"protocol\": \"http\"\n      \"root_url\": \"%(protocol)s://%(domain)s:%(http_port)s/\"\n      \"serve_from_sub_path\": false\n  \"nodeSelector\":\n    \"workload-type\": \"system\"\n  \"persistence\":\n    \"enabled\": true\n    \"size\": \"20Gi\"\n    \"storageClassName\": \"gp2-csi\"\n  \"resources\":\n    \"limits\":\n      \"cpu\": \"1000m\"\n      \"memory\": \"2Gi\"\n    \"requests\":\n      \"cpu\": \"200m\"\n      \"memory\": \"512Mi\"\n  \"service\":\n    \"annotations\": {}\n    \"port\": 80\n    \"type\": \"ClusterIP\"\n  \"sidecar\":\n    \"datasources\":\n      \"enabled\": false\n  \"tolerations\":\n  - \"effect\": \"NoSchedule\"\n    \"key\": \"workload-type\"\n    \"operator\": \"Equal\"\n    \"value\": \"system\"\n  - \"effect\": \"NoSchedule\"\n    \"key\": \"dedicated\"\n    \"operator\": \"Equal\"\n    \"value\": \"shared-services\"\n\"kubeControllerManager\":\n  \"enabled\": false\n\"kubeEtcd\":\n  \"enabled\": false\n\"kubeScheduler\":\n  \"enabled\": false\n\"kubeStateMetrics\":\n  \"nodeSelector\":\n    \"workload-type\": \"system\"\n  \"resources\":\n    \"limits\":\n      \"cpu\": \"500m\"\n      \"memory\": \"512Mi\"\n    \"requests\":\n      \"cpu\": \"100m\"\n      \"memory\": \"128Mi\"\n  \"tolerations\":\n  - \"effect\": \"NoSchedule\"\n    \"key\": \"workload-type\"\n    \"operator\": \"Equal\"\n    \"value\": \"system\"\n  - \"effect\": \"NoSchedule\"\n    \"key\": \"dedicated\"\n    \"operator\": \"Equal\"\n    \"value\": \"shared-services\"\n\"nodeExporter\":\n  \"hostNetwork\": true\n  \"hostPID\": true\n  \"resources\":\n    \"limits\":\n      \"cpu\": \"200m\"\n      \"memory\": \"200Mi\"\n    \"requests\":\n      \"cpu\": \"50m\"\n      \"memory\": \"64Mi\"\n  \"service\":\n    \"port\": 9100\n  \"tolerations\":\n  - \"effect\": \"\"\n    \"operator\": \"Exists\"\n\"prometheus\":\n  \"prometheusSpec\":\n    \"additionalScrapeConfigs\":\n    - \"job_name\": \"kubernetes-pods-tenant-scraping\"\n      \"kubernetes_sd_configs\":\n      - \"namespaces\":\n          \"names\":\n          - \"monitoring\"\n          - \"kube-system\"\n          - \"istio-system\"\n          - \"est-test-a-prod\"\n          - \"est-test-b-prod\"\n          - \"analytics\"\n        \"role\": \"pod\"\n      \"relabel_configs\":\n      - \"action\": \"keep\"\n        \"regex\": \"true\"\n        \"source_labels\":\n        - \"__meta_kubernetes_pod_annotation_prometheus_io_scrape\"\n    \"affinity\":\n      \"podAntiAffinity\":\n        \"preferredDuringSchedulingIgnoredDuringExecution\":\n        - \"podAffinityTerm\":\n            \"labelSelector\":\n              \"matchExpressions\":\n              - \"key\": \"app.kubernetes.io/name\"\n                \"operator\": \"In\"\n                \"values\":\n                - \"prometheus\"\n            \"topologyKey\": \"kubernetes.io/hostname\"\n          \"weight\": 100\n    \"nodeSelector\":\n      \"workload-type\": \"system\"\n    \"remoteWrite\": []\n    \"replicas\": 2\n    \"resources\":\n      \"limits\":\n        \"cpu\": \"4000m\"\n        \"memory\": \"8Gi\"\n      \"requests\":\n        \"cpu\": \"1000m\"\n        \"memory\": \"4Gi\"\n    \"retention\": \"30d\"\n    \"retentionSize\": \"25GB\"\n    \"storageSpec\":\n      \"volumeClaimTemplate\":\n        \"spec\":\n          \"accessModes\":\n          - \"ReadWriteOnce\"\n          \"resources\":\n            \"requests\":\n              \"storage\": \"50Gi\"\n          \"storageClassName\": \"gp2-csi\"\n    \"tolerations\":\n    - \"effect\": \"NoSchedule\"\n      \"key\": \"workload-type\"\n      \"operator\": \"Equal\"\n      \"value\": \"system\"\n    - \"effect\": \"NoSchedule\"\n      \"key\": \"dedicated\"\n      \"operator\": \"Equal\"\n      \"value\": \"shared-services\"\n\"prometheus-node-exporter\":\n  \"hostRootfs\": false\n"
            ],
            "verify": false,
            "version": "55.5.0",
            "wait": true,
            "wait_for_jobs": false
          },
          "sensitive_attributes": [
            [
              {
                "type": "get_attr",
                "value": "values"
              },
              {
                "type": "index",
                "value": {
                  "value": 0,
                  "type": "number"
                }
              }
            ],
            [
              {
                "type": "get_attr",
                "value": "repository_password"
              }
            ]
          ],
          "private": "eyJzY2hlbWFfdmVyc2lvbiI6IjEifQ==",
          "dependencies": [
            "data.aws_eks_cluster.main",
            "data.aws_eks_cluster_auth.main",
            "data.terraform_remote_state.platform",
            "kubernetes_namespace.monitoring",
            "kubernetes_storage_class_v1.gp2_csi"
          ]
        }
      ]
    },
    {
      "mode": "managed",
      "type": "kubernetes_namespace",
      "name": "monitoring",
      "provider": "provider[\"registry.terraform.io/hashicorp/kubernetes\"]",
      "instances": [
        {
          "schema_version": 0,
          "attributes": {
            "id": "monitoring",
            "metadata": [
              {
                "annotations": {
                  "managed-by": "terraform",
                  "workload-type": "system"
                },
                "generate_name": "",
                "generation": 0,
                "labels": {
                  "app.kubernetes.io/component": "monitoring",
                  "app.kubernetes.io/managed-by": "terraform",
                  "app.kubernetes.io/part-of": "observability-stack",
                  "app.kubernetes.io/version": "v1.0.0",
                  "deployment-phase": "phase-5",
                  "environment": "production",
                  "layer": "observability",
                  "managed-by": "terraform",
                  "observability-stack": "prometheus-grafana-loki-tempo",
                  "project": "ohio-01",
                  "region": "us-east-2",
                  "workload-isolation": "system-nodes"
                },
                "name": "monitoring",
                "resource_version": "70099",
                "uid": "75684fb7-991d-499a-b94d-3cc16eff3731"
              }
            ],
            "timeouts": null,
            "wait_for_default_service_account": false
          },
          "sensitive_attributes": [],
          "private": "eyJlMmJmYjczMC1lY2FhLTExZTYtOGY4OC0zNDM2M2JjN2M0YzAiOnsiZGVsZXRlIjozMDAwMDAwMDAwMDB9fQ==",
          "dependencies": [
            "data.aws_eks_cluster.main",
            "data.aws_eks_cluster_auth.main",
            "data.terraform_remote_state.platform"
          ]
        }
      ]
    },
    {
      "mode": "managed",
      "type": "kubernetes_storage_class_v1",
      "name": "gp2_csi",
      "provider": "provider[\"registry.terraform.io/hashicorp/kubernetes\"]",
      "instances": [
        {
          "schema_version": 0,
          "attributes": {
            "allow_volume_expansion": true,
            "allowed_topologies": [],
            "id": "gp2-csi",
            "metadata": [
              {
                "annotations": {
                  "storageclass.kubernetes.io/is-default-class": "true"
                },
                "generate_name": "",
                "generation": 0,
                "labels": {
                  "app.kubernetes.io/component": "monitoring",
                  "app.kubernetes.io/managed-by": "terraform",
                  "app.kubernetes.io/part-of": "observability-stack",
                  "app.kubernetes.io/version": "v1.0.0",
                  "deployment-phase": "phase-5",
                  "environment": "production",
                  "layer": "observability",
                  "managed-by": "terraform",
                  "observability-stack": "prometheus-grafana-loki-tempo",
                  "project": "ohio-01",
                  "region": "us-east-2",
                  "workload-isolation": "system-nodes"
                },
                "name": "gp2-csi",
                "resource_version": "70100",
                "uid": "aa439256-8e0f-4d20-bbc9-f91e3ba89636"
              }
            ],
            "mount_options": [],
            "parameters": {
              "fsType": "ext4",
              "type": "gp2"
            },
            "reclaim_policy": "Delete",
            "storage_provisioner": "ebs.csi.aws.com",
            "volume_binding_mode": "WaitForFirstConsumer"
          },
          "sensitive_attributes": [],
          "private": "bnVsbA==",
          "dependencies": [
            "data.aws_eks_cluster.main",
            "data.aws_eks_cluster_auth.main",
            "data.terraform_remote_state.platform"
          ]
        }
      ]
    }
  ],
  "check_results": [
    {
      "object_kind": "var",
      "config_addr": "module.tags.var.environment",
      "status": "unknown",
      "objects": [
        {
          "object_addr": "module.tags.var.environment",
          "status": "unknown"
        }
      ]
    },
    {
      "object_kind": "var",
      "config_addr": "module.tags.var.backup_required",
      "status": "unknown",
      "objects": [
        {
          "object_addr": "module.tags.var.backup_required",
          "status": "unknown"
        }
      ]
    },
    {
      "object_kind": "var",
      "config_addr": "module.tags.var.security_level",
      "status": "unknown",
      "objects": [
        {
          "object_addr": "module.tags.var.security_level",
          "status": "unknown"
        }
      ]
    },
    {
      "object_kind": "var",
      "config_addr": "module.tags.var.data_classification",
      "status": "unknown",
      "objects": [
        {
          "object_addr": "module.tags.var.data_classification",
          "status": "unknown"
        }
      ]
    },
    {
      "object_kind": "var",
      "config_addr": "module.tags.var.project_name",
      "status": "unknown",
      "objects": [
        {
          "object_addr": "module.tags.var.project_name",
          "status": "unknown"
        }
      ]
    },
    {
      "object_kind": "var",
      "config_addr": "module.tags.var.environment_type",
      "status": "unknown",
      "objects": [
        {
          "object_addr": "module.tags.var.environment_type",
          "status": "unknown"
        }
      ]
    },
    {
      "object_kind": "var",
      "config_addr": "var.jaeger_storage_type",
      "status": "unknown",
      "objects": null
    },
    {
      "object_kind": "var",
      "config_addr": "var.otel_collector_mode",
      "status": "unknown",
      "objects": null
    },
    {
      "object_kind": "var",
      "config_addr": "module.tags.var.monitoring_level",
      "status": "unknown",
      "objects": [
        {
          "object_addr": "module.tags.var.monitoring_level",
          "status": "unknown"
        }
      ]
    },
    {
      "object_kind": "var",
      "config_addr": "module.tags.var.sla_tier",
      "status": "unknown",
      "objects": [
        {
          "object_addr": "module.tags.var.sla_tier",
          "status": "unknown"
        }
      ]
    },
    {
      "object_kind": "var",
      "config_addr": "var.alertmanager_storage_class",
      "status": "unknown",
      "objects": null
    },
    {
      "object_kind": "var",
      "config_addr": "module.tags.var.layer_name",
      "status": "unknown",
      "objects": [
        {
          "object_addr": "module.tags.var.layer_name",
          "status": "unknown"
        }
      ]
    },
    {
      "object_kind": "var",
      "config_addr": "module.tags.var.critical_infrastructure",
      "status": "unknown",
      "objects": [
        {
          "object_addr": "module.tags.var.critical_infrastructure",
          "status": "unknown"
        }
      ]
    },
    {
      "object_kind": "var",
      "config_addr": "module.tags.var.contact_email",
      "status": "unknown",
      "objects": [
        {
          "object_addr": "module.tags.var.contact_email",
          "status": "unknown"
        }
      ]
    },
    {
      "object_kind": "var",
      "config_addr": "module.tags.var.auto_scaling_enabled",
      "status": "unknown",
      "objects": [
        {
          "object_addr": "module.tags.var.auto_scaling_enabled",
          "status": "unknown"
        }
      ]
    },
    {
      "object_kind": "var",
      "config_addr": "module.tags.var.region",
      "status": "unknown",
      "objects": [
        {
          "object_addr": "module.tags.var.region",
          "status": "unknown"
        }
      ]
    },
    {
      "object_kind": "var",
      "config_addr": "module.tags.var.cost_optimization_enabled",
      "status": "unknown",
      "objects": [
        {
          "object_addr": "module.tags.var.cost_optimization_enabled",
          "status": "unknown"
        }
      ]
    }
  ]
}
